// !$*UTF8*$!
{
	archiveVersion = 1;
	classes = {
	};
	objectVersion = 46;
	objects = {

/* Begin PBXBuildFile section */
		3EBB461A1A80C268001E534B /* main.m in Sources */ = {isa = PBXBuildFile; fileRef = 3EBB46191A80C268001E534B /* main.m */; };
		3EBB461D1A80C268001E534B /* AppDelegate.m in Sources */ = {isa = PBXBuildFile; fileRef = 3EBB461C1A80C268001E534B /* AppDelegate.m */; };
		3EBB46251A80C268001E534B /* Images.xcassets in Resources */ = {isa = PBXBuildFile; fileRef = 3EBB46241A80C268001E534B /* Images.xcassets */; };
		3EBB46341A80C269001E534B /* AmoyMasterCoachTests.m in Sources */ = {isa = PBXBuildFile; fileRef = 3EBB46331A80C269001E534B /* AmoyMasterCoachTests.m */; };
		3EBB46471A80C389001E534B /* CFNetwork.framework in Frameworks */ = {isa = PBXBuildFile; fileRef = 3EBB46461A80C389001E534B /* CFNetwork.framework */; };
		3EBB46491A80C38F001E534B /* QuartzCore.framework in Frameworks */ = {isa = PBXBuildFile; fileRef = 3EBB46481A80C38F001E534B /* QuartzCore.framework */; };
		3EBB464B1A80C395001E534B /* Foundation.framework in Frameworks */ = {isa = PBXBuildFile; fileRef = 3EBB464A1A80C395001E534B /* Foundation.framework */; };
		3EBB464D1A80C39D001E534B /* UIKit.framework in Frameworks */ = {isa = PBXBuildFile; fileRef = 3EBB464C1A80C39D001E534B /* UIKit.framework */; };
		3EBB46501A80C3F1001E534B /* RootTabViewController.m in Sources */ = {isa = PBXBuildFile; fileRef = 3EBB464F1A80C3F1001E534B /* RootTabViewController.m */; };
		3EBB46571A80C44B001E534B /* SizeToLabelCell.m in Sources */ = {isa = PBXBuildFile; fileRef = 3EBB46521A80C44B001E534B /* SizeToLabelCell.m */; };
		3EBB46581A80C44B001E534B /* SizeToLeftLabelCell.m in Sources */ = {isa = PBXBuildFile; fileRef = 3EBB46541A80C44B001E534B /* SizeToLeftLabelCell.m */; };
		3EBB46591A80C44B001E534B /* SizeToRightLabelCell.m in Sources */ = {isa = PBXBuildFile; fileRef = 3EBB46561A80C44B001E534B /* SizeToRightLabelCell.m */; };
		3EBB465C1A80C455001E534B /* MessageSave.m in Sources */ = {isa = PBXBuildFile; fileRef = 3EBB465B1A80C455001E534B /* MessageSave.m */; };
		3EBB465F1A80C461001E534B /* PublicConfig.m in Sources */ = {isa = PBXBuildFile; fileRef = 3EBB465E1A80C461001E534B /* PublicConfig.m */; };
		3EBB46621A80C46C001E534B /* ValidateTool.m in Sources */ = {isa = PBXBuildFile; fileRef = 3EBB46611A80C46C001E534B /* ValidateTool.m */; };
		3EBB46B61A80C4B9001E534B /* AFHTTPRequestOperation.m in Sources */ = {isa = PBXBuildFile; fileRef = 3EBB46661A80C4B9001E534B /* AFHTTPRequestOperation.m */; };
		3EBB46B71A80C4B9001E534B /* AFHTTPRequestOperationManager.m in Sources */ = {isa = PBXBuildFile; fileRef = 3EBB46681A80C4B9001E534B /* AFHTTPRequestOperationManager.m */; };
		3EBB46B81A80C4B9001E534B /* AFHTTPSessionManager.m in Sources */ = {isa = PBXBuildFile; fileRef = 3EBB466A1A80C4B9001E534B /* AFHTTPSessionManager.m */; };
		3EBB46B91A80C4B9001E534B /* AFNetworkReachabilityManager.m in Sources */ = {isa = PBXBuildFile; fileRef = 3EBB466D1A80C4B9001E534B /* AFNetworkReachabilityManager.m */; };
		3EBB46BA1A80C4B9001E534B /* AFSecurityPolicy.m in Sources */ = {isa = PBXBuildFile; fileRef = 3EBB466F1A80C4B9001E534B /* AFSecurityPolicy.m */; };
		3EBB46BB1A80C4B9001E534B /* AFURLConnectionOperation.m in Sources */ = {isa = PBXBuildFile; fileRef = 3EBB46711A80C4B9001E534B /* AFURLConnectionOperation.m */; };
		3EBB46BC1A80C4B9001E534B /* AFURLRequestSerialization.m in Sources */ = {isa = PBXBuildFile; fileRef = 3EBB46731A80C4B9001E534B /* AFURLRequestSerialization.m */; };
		3EBB46BD1A80C4B9001E534B /* AFURLResponseSerialization.m in Sources */ = {isa = PBXBuildFile; fileRef = 3EBB46751A80C4B9001E534B /* AFURLResponseSerialization.m */; };
		3EBB46BE1A80C4B9001E534B /* AFURLSessionManager.m in Sources */ = {isa = PBXBuildFile; fileRef = 3EBB46771A80C4B9001E534B /* AFURLSessionManager.m */; };
		3EBB46BF1A80C4B9001E534B /* AFNetworkActivityIndicatorManager.m in Sources */ = {isa = PBXBuildFile; fileRef = 3EBB467A1A80C4B9001E534B /* AFNetworkActivityIndicatorManager.m */; };
		3EBB46C01A80C4B9001E534B /* UIActivityIndicatorView+AFNetworking.m in Sources */ = {isa = PBXBuildFile; fileRef = 3EBB467C1A80C4B9001E534B /* UIActivityIndicatorView+AFNetworking.m */; };
		3EBB46C11A80C4B9001E534B /* UIAlertView+AFNetworking.m in Sources */ = {isa = PBXBuildFile; fileRef = 3EBB467E1A80C4B9001E534B /* UIAlertView+AFNetworking.m */; };
		3EBB46C21A80C4B9001E534B /* UIButton+AFNetworking.m in Sources */ = {isa = PBXBuildFile; fileRef = 3EBB46801A80C4B9001E534B /* UIButton+AFNetworking.m */; };
		3EBB46C31A80C4B9001E534B /* UIImageView+AFNetworking.m in Sources */ = {isa = PBXBuildFile; fileRef = 3EBB46821A80C4B9001E534B /* UIImageView+AFNetworking.m */; };
		3EBB46C41A80C4B9001E534B /* UIProgressView+AFNetworking.m in Sources */ = {isa = PBXBuildFile; fileRef = 3EBB46851A80C4B9001E534B /* UIProgressView+AFNetworking.m */; };
		3EBB46C51A80C4B9001E534B /* UIRefreshControl+AFNetworking.m in Sources */ = {isa = PBXBuildFile; fileRef = 3EBB46871A80C4B9001E534B /* UIRefreshControl+AFNetworking.m */; };
		3EBB46C61A80C4B9001E534B /* UIWebView+AFNetworking.m in Sources */ = {isa = PBXBuildFile; fileRef = 3EBB46891A80C4B9001E534B /* UIWebView+AFNetworking.m */; };
		3EBB46C71A80C4B9001E534B /* CWStarRateView.m in Sources */ = {isa = PBXBuildFile; fileRef = 3EBB468C1A80C4B9001E534B /* CWStarRateView.m */; };
		3EBB46C81A80C4B9001E534B /* MBProgressHUD.m in Sources */ = {isa = PBXBuildFile; fileRef = 3EBB468F1A80C4B9001E534B /* MBProgressHUD.m */; };
		3EBB46C91A80C4B9001E534B /* MKAnnotationView+WebCache.m in Sources */ = {isa = PBXBuildFile; fileRef = 3EBB46921A80C4B9001E534B /* MKAnnotationView+WebCache.m */; };
		3EBB46CA1A80C4B9001E534B /* NSData+ImageContentType.m in Sources */ = {isa = PBXBuildFile; fileRef = 3EBB46941A80C4B9001E534B /* NSData+ImageContentType.m */; };
		3EBB46CB1A80C4B9001E534B /* SDImageCache.m in Sources */ = {isa = PBXBuildFile; fileRef = 3EBB46961A80C4B9001E534B /* SDImageCache.m */; };
		3EBB46CC1A80C4B9001E534B /* SDWebImageCompat.m in Sources */ = {isa = PBXBuildFile; fileRef = 3EBB46981A80C4B9001E534B /* SDWebImageCompat.m */; };
		3EBB46CD1A80C4B9001E534B /* SDWebImageDecoder.m in Sources */ = {isa = PBXBuildFile; fileRef = 3EBB469A1A80C4B9001E534B /* SDWebImageDecoder.m */; };
		3EBB46CE1A80C4B9001E534B /* SDWebImageDownloader.m in Sources */ = {isa = PBXBuildFile; fileRef = 3EBB469C1A80C4B9001E534B /* SDWebImageDownloader.m */; };
		3EBB46CF1A80C4B9001E534B /* SDWebImageDownloaderOperation.m in Sources */ = {isa = PBXBuildFile; fileRef = 3EBB469E1A80C4B9001E534B /* SDWebImageDownloaderOperation.m */; };
		3EBB46D01A80C4B9001E534B /* SDWebImageManager.m in Sources */ = {isa = PBXBuildFile; fileRef = 3EBB46A01A80C4B9001E534B /* SDWebImageManager.m */; };
		3EBB46D11A80C4B9001E534B /* SDWebImagePrefetcher.m in Sources */ = {isa = PBXBuildFile; fileRef = 3EBB46A31A80C4B9001E534B /* SDWebImagePrefetcher.m */; };
		3EBB46D21A80C4B9001E534B /* UIButton+WebCache.m in Sources */ = {isa = PBXBuildFile; fileRef = 3EBB46A51A80C4B9001E534B /* UIButton+WebCache.m */; };
		3EBB46D31A80C4B9001E534B /* UIImage+GIF.m in Sources */ = {isa = PBXBuildFile; fileRef = 3EBB46A71A80C4B9001E534B /* UIImage+GIF.m */; };
		3EBB46D41A80C4B9001E534B /* UIImage+MultiFormat.m in Sources */ = {isa = PBXBuildFile; fileRef = 3EBB46A91A80C4B9001E534B /* UIImage+MultiFormat.m */; };
		3EBB46D51A80C4B9001E534B /* UIImage+WebP.m in Sources */ = {isa = PBXBuildFile; fileRef = 3EBB46AB1A80C4B9001E534B /* UIImage+WebP.m */; };
		3EBB46D61A80C4B9001E534B /* UIImageView+HighlightedWebCache.m in Sources */ = {isa = PBXBuildFile; fileRef = 3EBB46AD1A80C4B9001E534B /* UIImageView+HighlightedWebCache.m */; };
		3EBB46D71A80C4B9001E534B /* UIImageView+WebCache.m in Sources */ = {isa = PBXBuildFile; fileRef = 3EBB46AF1A80C4B9001E534B /* UIImageView+WebCache.m */; };
		3EBB46D81A80C4B9001E534B /* UIView+WebCacheOperation.m in Sources */ = {isa = PBXBuildFile; fileRef = 3EBB46B11A80C4B9001E534B /* UIView+WebCacheOperation.m */; };
		3EBB46D91A80C4B9001E534B /* SVProgressHUD.bundle in Resources */ = {isa = PBXBuildFile; fileRef = 3EBB46B31A80C4B9001E534B /* SVProgressHUD.bundle */; };
		3EBB46DA1A80C4B9001E534B /* SVProgressHUD.m in Sources */ = {isa = PBXBuildFile; fileRef = 3EBB46B51A80C4B9001E534B /* SVProgressHUD.m */; };
		3EBB46DC1A80C50D001E534B /* icon_previous.png in Resources */ = {isa = PBXBuildFile; fileRef = 3EBB46DB1A80C50D001E534B /* icon_previous.png */; };
		3EBB46DF1A80C584001E534B /* BaseViewController.m in Sources */ = {isa = PBXBuildFile; fileRef = 3EBB46DE1A80C584001E534B /* BaseViewController.m */; };
/* End PBXBuildFile section */

/* Begin PBXContainerItemProxy section */
		3EBB462E1A80C269001E534B /* PBXContainerItemProxy */ = {
			isa = PBXContainerItemProxy;
			containerPortal = 3EBB460C1A80C268001E534B /* Project object */;
			proxyType = 1;
			remoteGlobalIDString = 3EBB46131A80C268001E534B;
			remoteInfo = AmoyMasterCoach;
		};
/* End PBXContainerItemProxy section */

/* Begin PBXFileReference section */
		3EBB46141A80C268001E534B /* AmoyMasterCoach.app */ = {isa = PBXFileReference; explicitFileType = wrapper.application; includeInIndex = 0; path = AmoyMasterCoach.app; sourceTree = BUILT_PRODUCTS_DIR; };
		3EBB46181A80C268001E534B /* Info.plist */ = {isa = PBXFileReference; lastKnownFileType = text.plist.xml; path = Info.plist; sourceTree = "<group>"; };
		3EBB46191A80C268001E534B /* main.m */ = {isa = PBXFileReference; lastKnownFileType = sourcecode.c.objc; path = main.m; sourceTree = "<group>"; };
		3EBB461B1A80C268001E534B /* AppDelegate.h */ = {isa = PBXFileReference; lastKnownFileType = sourcecode.c.h; path = AppDelegate.h; sourceTree = "<group>"; };
		3EBB461C1A80C268001E534B /* AppDelegate.m */ = {isa = PBXFileReference; lastKnownFileType = sourcecode.c.objc; path = AppDelegate.m; sourceTree = "<group>"; };
		3EBB46241A80C268001E534B /* Images.xcassets */ = {isa = PBXFileReference; lastKnownFileType = folder.assetcatalog; path = Images.xcassets; sourceTree = "<group>"; };
		3EBB462D1A80C269001E534B /* AmoyMasterCoachTests.xctest */ = {isa = PBXFileReference; explicitFileType = wrapper.cfbundle; includeInIndex = 0; path = AmoyMasterCoachTests.xctest; sourceTree = BUILT_PRODUCTS_DIR; };
		3EBB46321A80C269001E534B /* Info.plist */ = {isa = PBXFileReference; lastKnownFileType = text.plist.xml; path = Info.plist; sourceTree = "<group>"; };
		3EBB46331A80C269001E534B /* AmoyMasterCoachTests.m */ = {isa = PBXFileReference; lastKnownFileType = sourcecode.c.objc; path = AmoyMasterCoachTests.m; sourceTree = "<group>"; };
		3EBB463D1A80C2C6001E534B /* AmoyMasterCoach-Prefix .pch */ = {isa = PBXFileReference; fileEncoding = 4; lastKnownFileType = sourcecode.c.h; path = "AmoyMasterCoach-Prefix .pch"; sourceTree = "<group>"; };
		3EBB46461A80C389001E534B /* CFNetwork.framework */ = {isa = PBXFileReference; lastKnownFileType = wrapper.framework; name = CFNetwork.framework; path = System/Library/Frameworks/CFNetwork.framework; sourceTree = SDKROOT; };
		3EBB46481A80C38F001E534B /* QuartzCore.framework */ = {isa = PBXFileReference; lastKnownFileType = wrapper.framework; name = QuartzCore.framework; path = System/Library/Frameworks/QuartzCore.framework; sourceTree = SDKROOT; };
		3EBB464A1A80C395001E534B /* Foundation.framework */ = {isa = PBXFileReference; lastKnownFileType = wrapper.framework; name = Foundation.framework; path = System/Library/Frameworks/Foundation.framework; sourceTree = SDKROOT; };
		3EBB464C1A80C39D001E534B /* UIKit.framework */ = {isa = PBXFileReference; lastKnownFileType = wrapper.framework; name = UIKit.framework; path = System/Library/Frameworks/UIKit.framework; sourceTree = SDKROOT; };
		3EBB464E1A80C3F0001E534B /* RootTabViewController.h */ = {isa = PBXFileReference; fileEncoding = 4; lastKnownFileType = sourcecode.c.h; path = RootTabViewController.h; sourceTree = "<group>"; };
		3EBB464F1A80C3F1001E534B /* RootTabViewController.m */ = {isa = PBXFileReference; fileEncoding = 4; lastKnownFileType = sourcecode.c.objc; path = RootTabViewController.m; sourceTree = "<group>"; };
		3EBB46511A80C44B001E534B /* SizeToLabelCell.h */ = {isa = PBXFileReference; fileEncoding = 4; lastKnownFileType = sourcecode.c.h; path = SizeToLabelCell.h; sourceTree = "<group>"; };
		3EBB46521A80C44B001E534B /* SizeToLabelCell.m */ = {isa = PBXFileReference; fileEncoding = 4; lastKnownFileType = sourcecode.c.objc; path = SizeToLabelCell.m; sourceTree = "<group>"; };
		3EBB46531A80C44B001E534B /* SizeToLeftLabelCell.h */ = {isa = PBXFileReference; fileEncoding = 4; lastKnownFileType = sourcecode.c.h; path = SizeToLeftLabelCell.h; sourceTree = "<group>"; };
		3EBB46541A80C44B001E534B /* SizeToLeftLabelCell.m */ = {isa = PBXFileReference; fileEncoding = 4; lastKnownFileType = sourcecode.c.objc; path = SizeToLeftLabelCell.m; sourceTree = "<group>"; };
		3EBB46551A80C44B001E534B /* SizeToRightLabelCell.h */ = {isa = PBXFileReference; fileEncoding = 4; lastKnownFileType = sourcecode.c.h; path = SizeToRightLabelCell.h; sourceTree = "<group>"; };
		3EBB46561A80C44B001E534B /* SizeToRightLabelCell.m */ = {isa = PBXFileReference; fileEncoding = 4; lastKnownFileType = sourcecode.c.objc; path = SizeToRightLabelCell.m; sourceTree = "<group>"; };
		3EBB465A1A80C455001E534B /* MessageSave.h */ = {isa = PBXFileReference; fileEncoding = 4; lastKnownFileType = sourcecode.c.h; path = MessageSave.h; sourceTree = "<group>"; };
		3EBB465B1A80C455001E534B /* MessageSave.m */ = {isa = PBXFileReference; fileEncoding = 4; lastKnownFileType = sourcecode.c.objc; path = MessageSave.m; sourceTree = "<group>"; };
		3EBB465D1A80C461001E534B /* PublicConfig.h */ = {isa = PBXFileReference; fileEncoding = 4; lastKnownFileType = sourcecode.c.h; path = PublicConfig.h; sourceTree = "<group>"; };
		3EBB465E1A80C461001E534B /* PublicConfig.m */ = {isa = PBXFileReference; fileEncoding = 4; lastKnownFileType = sourcecode.c.objc; path = PublicConfig.m; sourceTree = "<group>"; };
		3EBB46601A80C46C001E534B /* ValidateTool.h */ = {isa = PBXFileReference; fileEncoding = 4; lastKnownFileType = sourcecode.c.h; path = ValidateTool.h; sourceTree = "<group>"; };
		3EBB46611A80C46C001E534B /* ValidateTool.m */ = {isa = PBXFileReference; fileEncoding = 4; lastKnownFileType = sourcecode.c.objc; path = ValidateTool.m; sourceTree = "<group>"; };
		3EBB46631A80C476001E534B /* Define.h */ = {isa = PBXFileReference; fileEncoding = 4; lastKnownFileType = sourcecode.c.h; path = Define.h; sourceTree = "<group>"; };
		3EBB46651A80C4B9001E534B /* AFHTTPRequestOperation.h */ = {isa = PBXFileReference; fileEncoding = 4; lastKnownFileType = sourcecode.c.h; path = AFHTTPRequestOperation.h; sourceTree = "<group>"; };
		3EBB46661A80C4B9001E534B /* AFHTTPRequestOperation.m */ = {isa = PBXFileReference; fileEncoding = 4; lastKnownFileType = sourcecode.c.objc; path = AFHTTPRequestOperation.m; sourceTree = "<group>"; };
		3EBB46671A80C4B9001E534B /* AFHTTPRequestOperationManager.h */ = {isa = PBXFileReference; fileEncoding = 4; lastKnownFileType = sourcecode.c.h; path = AFHTTPRequestOperationManager.h; sourceTree = "<group>"; };
		3EBB46681A80C4B9001E534B /* AFHTTPRequestOperationManager.m */ = {isa = PBXFileReference; fileEncoding = 4; lastKnownFileType = sourcecode.c.objc; path = AFHTTPRequestOperationManager.m; sourceTree = "<group>"; };
		3EBB46691A80C4B9001E534B /* AFHTTPSessionManager.h */ = {isa = PBXFileReference; fileEncoding = 4; lastKnownFileType = sourcecode.c.h; path = AFHTTPSessionManager.h; sourceTree = "<group>"; };
		3EBB466A1A80C4B9001E534B /* AFHTTPSessionManager.m */ = {isa = PBXFileReference; fileEncoding = 4; lastKnownFileType = sourcecode.c.objc; path = AFHTTPSessionManager.m; sourceTree = "<group>"; };
		3EBB466B1A80C4B9001E534B /* AFNetworking.h */ = {isa = PBXFileReference; fileEncoding = 4; lastKnownFileType = sourcecode.c.h; path = AFNetworking.h; sourceTree = "<group>"; };
		3EBB466C1A80C4B9001E534B /* AFNetworkReachabilityManager.h */ = {isa = PBXFileReference; fileEncoding = 4; lastKnownFileType = sourcecode.c.h; path = AFNetworkReachabilityManager.h; sourceTree = "<group>"; };
		3EBB466D1A80C4B9001E534B /* AFNetworkReachabilityManager.m */ = {isa = PBXFileReference; fileEncoding = 4; lastKnownFileType = sourcecode.c.objc; path = AFNetworkReachabilityManager.m; sourceTree = "<group>"; };
		3EBB466E1A80C4B9001E534B /* AFSecurityPolicy.h */ = {isa = PBXFileReference; fileEncoding = 4; lastKnownFileType = sourcecode.c.h; path = AFSecurityPolicy.h; sourceTree = "<group>"; };
		3EBB466F1A80C4B9001E534B /* AFSecurityPolicy.m */ = {isa = PBXFileReference; fileEncoding = 4; lastKnownFileType = sourcecode.c.objc; path = AFSecurityPolicy.m; sourceTree = "<group>"; };
		3EBB46701A80C4B9001E534B /* AFURLConnectionOperation.h */ = {isa = PBXFileReference; fileEncoding = 4; lastKnownFileType = sourcecode.c.h; path = AFURLConnectionOperation.h; sourceTree = "<group>"; };
		3EBB46711A80C4B9001E534B /* AFURLConnectionOperation.m */ = {isa = PBXFileReference; fileEncoding = 4; lastKnownFileType = sourcecode.c.objc; path = AFURLConnectionOperation.m; sourceTree = "<group>"; };
		3EBB46721A80C4B9001E534B /* AFURLRequestSerialization.h */ = {isa = PBXFileReference; fileEncoding = 4; lastKnownFileType = sourcecode.c.h; path = AFURLRequestSerialization.h; sourceTree = "<group>"; };
		3EBB46731A80C4B9001E534B /* AFURLRequestSerialization.m */ = {isa = PBXFileReference; fileEncoding = 4; lastKnownFileType = sourcecode.c.objc; path = AFURLRequestSerialization.m; sourceTree = "<group>"; };
		3EBB46741A80C4B9001E534B /* AFURLResponseSerialization.h */ = {isa = PBXFileReference; fileEncoding = 4; lastKnownFileType = sourcecode.c.h; path = AFURLResponseSerialization.h; sourceTree = "<group>"; };
		3EBB46751A80C4B9001E534B /* AFURLResponseSerialization.m */ = {isa = PBXFileReference; fileEncoding = 4; lastKnownFileType = sourcecode.c.objc; path = AFURLResponseSerialization.m; sourceTree = "<group>"; };
		3EBB46761A80C4B9001E534B /* AFURLSessionManager.h */ = {isa = PBXFileReference; fileEncoding = 4; lastKnownFileType = sourcecode.c.h; path = AFURLSessionManager.h; sourceTree = "<group>"; };
		3EBB46771A80C4B9001E534B /* AFURLSessionManager.m */ = {isa = PBXFileReference; fileEncoding = 4; lastKnownFileType = sourcecode.c.objc; path = AFURLSessionManager.m; sourceTree = "<group>"; };
		3EBB46791A80C4B9001E534B /* AFNetworkActivityIndicatorManager.h */ = {isa = PBXFileReference; fileEncoding = 4; lastKnownFileType = sourcecode.c.h; path = AFNetworkActivityIndicatorManager.h; sourceTree = "<group>"; };
		3EBB467A1A80C4B9001E534B /* AFNetworkActivityIndicatorManager.m */ = {isa = PBXFileReference; fileEncoding = 4; lastKnownFileType = sourcecode.c.objc; path = AFNetworkActivityIndicatorManager.m; sourceTree = "<group>"; };
		3EBB467B1A80C4B9001E534B /* UIActivityIndicatorView+AFNetworking.h */ = {isa = PBXFileReference; fileEncoding = 4; lastKnownFileType = sourcecode.c.h; path = "UIActivityIndicatorView+AFNetworking.h"; sourceTree = "<group>"; };
		3EBB467C1A80C4B9001E534B /* UIActivityIndicatorView+AFNetworking.m */ = {isa = PBXFileReference; fileEncoding = 4; lastKnownFileType = sourcecode.c.objc; path = "UIActivityIndicatorView+AFNetworking.m"; sourceTree = "<group>"; };
		3EBB467D1A80C4B9001E534B /* UIAlertView+AFNetworking.h */ = {isa = PBXFileReference; fileEncoding = 4; lastKnownFileType = sourcecode.c.h; path = "UIAlertView+AFNetworking.h"; sourceTree = "<group>"; };
		3EBB467E1A80C4B9001E534B /* UIAlertView+AFNetworking.m */ = {isa = PBXFileReference; fileEncoding = 4; lastKnownFileType = sourcecode.c.objc; path = "UIAlertView+AFNetworking.m"; sourceTree = "<group>"; };
		3EBB467F1A80C4B9001E534B /* UIButton+AFNetworking.h */ = {isa = PBXFileReference; fileEncoding = 4; lastKnownFileType = sourcecode.c.h; path = "UIButton+AFNetworking.h"; sourceTree = "<group>"; };
		3EBB46801A80C4B9001E534B /* UIButton+AFNetworking.m */ = {isa = PBXFileReference; fileEncoding = 4; lastKnownFileType = sourcecode.c.objc; path = "UIButton+AFNetworking.m"; sourceTree = "<group>"; };
		3EBB46811A80C4B9001E534B /* UIImageView+AFNetworking.h */ = {isa = PBXFileReference; fileEncoding = 4; lastKnownFileType = sourcecode.c.h; path = "UIImageView+AFNetworking.h"; sourceTree = "<group>"; };
		3EBB46821A80C4B9001E534B /* UIImageView+AFNetworking.m */ = {isa = PBXFileReference; fileEncoding = 4; lastKnownFileType = sourcecode.c.objc; path = "UIImageView+AFNetworking.m"; sourceTree = "<group>"; };
		3EBB46831A80C4B9001E534B /* UIKit+AFNetworking.h */ = {isa = PBXFileReference; fileEncoding = 4; lastKnownFileType = sourcecode.c.h; path = "UIKit+AFNetworking.h"; sourceTree = "<group>"; };
		3EBB46841A80C4B9001E534B /* UIProgressView+AFNetworking.h */ = {isa = PBXFileReference; fileEncoding = 4; lastKnownFileType = sourcecode.c.h; path = "UIProgressView+AFNetworking.h"; sourceTree = "<group>"; };
		3EBB46851A80C4B9001E534B /* UIProgressView+AFNetworking.m */ = {isa = PBXFileReference; fileEncoding = 4; lastKnownFileType = sourcecode.c.objc; path = "UIProgressView+AFNetworking.m"; sourceTree = "<group>"; };
		3EBB46861A80C4B9001E534B /* UIRefreshControl+AFNetworking.h */ = {isa = PBXFileReference; fileEncoding = 4; lastKnownFileType = sourcecode.c.h; path = "UIRefreshControl+AFNetworking.h"; sourceTree = "<group>"; };
		3EBB46871A80C4B9001E534B /* UIRefreshControl+AFNetworking.m */ = {isa = PBXFileReference; fileEncoding = 4; lastKnownFileType = sourcecode.c.objc; path = "UIRefreshControl+AFNetworking.m"; sourceTree = "<group>"; };
		3EBB46881A80C4B9001E534B /* UIWebView+AFNetworking.h */ = {isa = PBXFileReference; fileEncoding = 4; lastKnownFileType = sourcecode.c.h; path = "UIWebView+AFNetworking.h"; sourceTree = "<group>"; };
		3EBB46891A80C4B9001E534B /* UIWebView+AFNetworking.m */ = {isa = PBXFileReference; fileEncoding = 4; lastKnownFileType = sourcecode.c.objc; path = "UIWebView+AFNetworking.m"; sourceTree = "<group>"; };
		3EBB468B1A80C4B9001E534B /* CWStarRateView.h */ = {isa = PBXFileReference; fileEncoding = 4; lastKnownFileType = sourcecode.c.h; path = CWStarRateView.h; sourceTree = "<group>"; };
		3EBB468C1A80C4B9001E534B /* CWStarRateView.m */ = {isa = PBXFileReference; fileEncoding = 4; lastKnownFileType = sourcecode.c.objc; path = CWStarRateView.m; sourceTree = "<group>"; };
		3EBB468E1A80C4B9001E534B /* MBProgressHUD.h */ = {isa = PBXFileReference; fileEncoding = 4; lastKnownFileType = sourcecode.c.h; path = MBProgressHUD.h; sourceTree = "<group>"; };
		3EBB468F1A80C4B9001E534B /* MBProgressHUD.m */ = {isa = PBXFileReference; fileEncoding = 4; lastKnownFileType = sourcecode.c.objc; path = MBProgressHUD.m; sourceTree = "<group>"; };
		3EBB46911A80C4B9001E534B /* MKAnnotationView+WebCache.h */ = {isa = PBXFileReference; fileEncoding = 4; lastKnownFileType = sourcecode.c.h; path = "MKAnnotationView+WebCache.h"; sourceTree = "<group>"; };
		3EBB46921A80C4B9001E534B /* MKAnnotationView+WebCache.m */ = {isa = PBXFileReference; fileEncoding = 4; lastKnownFileType = sourcecode.c.objc; path = "MKAnnotationView+WebCache.m"; sourceTree = "<group>"; };
		3EBB46931A80C4B9001E534B /* NSData+ImageContentType.h */ = {isa = PBXFileReference; fileEncoding = 4; lastKnownFileType = sourcecode.c.h; path = "NSData+ImageContentType.h"; sourceTree = "<group>"; };
		3EBB46941A80C4B9001E534B /* NSData+ImageContentType.m */ = {isa = PBXFileReference; fileEncoding = 4; lastKnownFileType = sourcecode.c.objc; path = "NSData+ImageContentType.m"; sourceTree = "<group>"; };
		3EBB46951A80C4B9001E534B /* SDImageCache.h */ = {isa = PBXFileReference; fileEncoding = 4; lastKnownFileType = sourcecode.c.h; path = SDImageCache.h; sourceTree = "<group>"; };
		3EBB46961A80C4B9001E534B /* SDImageCache.m */ = {isa = PBXFileReference; fileEncoding = 4; lastKnownFileType = sourcecode.c.objc; path = SDImageCache.m; sourceTree = "<group>"; };
		3EBB46971A80C4B9001E534B /* SDWebImageCompat.h */ = {isa = PBXFileReference; fileEncoding = 4; lastKnownFileType = sourcecode.c.h; path = SDWebImageCompat.h; sourceTree = "<group>"; };
		3EBB46981A80C4B9001E534B /* SDWebImageCompat.m */ = {isa = PBXFileReference; fileEncoding = 4; lastKnownFileType = sourcecode.c.objc; path = SDWebImageCompat.m; sourceTree = "<group>"; };
		3EBB46991A80C4B9001E534B /* SDWebImageDecoder.h */ = {isa = PBXFileReference; fileEncoding = 4; lastKnownFileType = sourcecode.c.h; path = SDWebImageDecoder.h; sourceTree = "<group>"; };
		3EBB469A1A80C4B9001E534B /* SDWebImageDecoder.m */ = {isa = PBXFileReference; fileEncoding = 4; lastKnownFileType = sourcecode.c.objc; path = SDWebImageDecoder.m; sourceTree = "<group>"; };
		3EBB469B1A80C4B9001E534B /* SDWebImageDownloader.h */ = {isa = PBXFileReference; fileEncoding = 4; lastKnownFileType = sourcecode.c.h; path = SDWebImageDownloader.h; sourceTree = "<group>"; };
		3EBB469C1A80C4B9001E534B /* SDWebImageDownloader.m */ = {isa = PBXFileReference; fileEncoding = 4; lastKnownFileType = sourcecode.c.objc; path = SDWebImageDownloader.m; sourceTree = "<group>"; };
		3EBB469D1A80C4B9001E534B /* SDWebImageDownloaderOperation.h */ = {isa = PBXFileReference; fileEncoding = 4; lastKnownFileType = sourcecode.c.h; path = SDWebImageDownloaderOperation.h; sourceTree = "<group>"; };
		3EBB469E1A80C4B9001E534B /* SDWebImageDownloaderOperation.m */ = {isa = PBXFileReference; fileEncoding = 4; lastKnownFileType = sourcecode.c.objc; path = SDWebImageDownloaderOperation.m; sourceTree = "<group>"; };
		3EBB469F1A80C4B9001E534B /* SDWebImageManager.h */ = {isa = PBXFileReference; fileEncoding = 4; lastKnownFileType = sourcecode.c.h; path = SDWebImageManager.h; sourceTree = "<group>"; };
		3EBB46A01A80C4B9001E534B /* SDWebImageManager.m */ = {isa = PBXFileReference; fileEncoding = 4; lastKnownFileType = sourcecode.c.objc; path = SDWebImageManager.m; sourceTree = "<group>"; };
		3EBB46A11A80C4B9001E534B /* SDWebImageOperation.h */ = {isa = PBXFileReference; fileEncoding = 4; lastKnownFileType = sourcecode.c.h; path = SDWebImageOperation.h; sourceTree = "<group>"; };
		3EBB46A21A80C4B9001E534B /* SDWebImagePrefetcher.h */ = {isa = PBXFileReference; fileEncoding = 4; lastKnownFileType = sourcecode.c.h; path = SDWebImagePrefetcher.h; sourceTree = "<group>"; };
		3EBB46A31A80C4B9001E534B /* SDWebImagePrefetcher.m */ = {isa = PBXFileReference; fileEncoding = 4; lastKnownFileType = sourcecode.c.objc; path = SDWebImagePrefetcher.m; sourceTree = "<group>"; };
		3EBB46A41A80C4B9001E534B /* UIButton+WebCache.h */ = {isa = PBXFileReference; fileEncoding = 4; lastKnownFileType = sourcecode.c.h; path = "UIButton+WebCache.h"; sourceTree = "<group>"; };
		3EBB46A51A80C4B9001E534B /* UIButton+WebCache.m */ = {isa = PBXFileReference; fileEncoding = 4; lastKnownFileType = sourcecode.c.objc; path = "UIButton+WebCache.m"; sourceTree = "<group>"; };
		3EBB46A61A80C4B9001E534B /* UIImage+GIF.h */ = {isa = PBXFileReference; fileEncoding = 4; lastKnownFileType = sourcecode.c.h; path = "UIImage+GIF.h"; sourceTree = "<group>"; };
		3EBB46A71A80C4B9001E534B /* UIImage+GIF.m */ = {isa = PBXFileReference; fileEncoding = 4; lastKnownFileType = sourcecode.c.objc; path = "UIImage+GIF.m"; sourceTree = "<group>"; };
		3EBB46A81A80C4B9001E534B /* UIImage+MultiFormat.h */ = {isa = PBXFileReference; fileEncoding = 4; lastKnownFileType = sourcecode.c.h; path = "UIImage+MultiFormat.h"; sourceTree = "<group>"; };
		3EBB46A91A80C4B9001E534B /* UIImage+MultiFormat.m */ = {isa = PBXFileReference; fileEncoding = 4; lastKnownFileType = sourcecode.c.objc; path = "UIImage+MultiFormat.m"; sourceTree = "<group>"; };
		3EBB46AA1A80C4B9001E534B /* UIImage+WebP.h */ = {isa = PBXFileReference; fileEncoding = 4; lastKnownFileType = sourcecode.c.h; path = "UIImage+WebP.h"; sourceTree = "<group>"; };
		3EBB46AB1A80C4B9001E534B /* UIImage+WebP.m */ = {isa = PBXFileReference; fileEncoding = 4; lastKnownFileType = sourcecode.c.objc; path = "UIImage+WebP.m"; sourceTree = "<group>"; };
		3EBB46AC1A80C4B9001E534B /* UIImageView+HighlightedWebCache.h */ = {isa = PBXFileReference; fileEncoding = 4; lastKnownFileType = sourcecode.c.h; path = "UIImageView+HighlightedWebCache.h"; sourceTree = "<group>"; };
		3EBB46AD1A80C4B9001E534B /* UIImageView+HighlightedWebCache.m */ = {isa = PBXFileReference; fileEncoding = 4; lastKnownFileType = sourcecode.c.objc; path = "UIImageView+HighlightedWebCache.m"; sourceTree = "<group>"; };
		3EBB46AE1A80C4B9001E534B /* UIImageView+WebCache.h */ = {isa = PBXFileReference; fileEncoding = 4; lastKnownFileType = sourcecode.c.h; path = "UIImageView+WebCache.h"; sourceTree = "<group>"; };
		3EBB46AF1A80C4B9001E534B /* UIImageView+WebCache.m */ = {isa = PBXFileReference; fileEncoding = 4; lastKnownFileType = sourcecode.c.objc; path = "UIImageView+WebCache.m"; sourceTree = "<group>"; };
		3EBB46B01A80C4B9001E534B /* UIView+WebCacheOperation.h */ = {isa = PBXFileReference; fileEncoding = 4; lastKnownFileType = sourcecode.c.h; path = "UIView+WebCacheOperation.h"; sourceTree = "<group>"; };
		3EBB46B11A80C4B9001E534B /* UIView+WebCacheOperation.m */ = {isa = PBXFileReference; fileEncoding = 4; lastKnownFileType = sourcecode.c.objc; path = "UIView+WebCacheOperation.m"; sourceTree = "<group>"; };
		3EBB46B31A80C4B9001E534B /* SVProgressHUD.bundle */ = {isa = PBXFileReference; lastKnownFileType = "wrapper.plug-in"; path = SVProgressHUD.bundle; sourceTree = "<group>"; };
		3EBB46B41A80C4B9001E534B /* SVProgressHUD.h */ = {isa = PBXFileReference; fileEncoding = 4; lastKnownFileType = sourcecode.c.h; path = SVProgressHUD.h; sourceTree = "<group>"; };
		3EBB46B51A80C4B9001E534B /* SVProgressHUD.m */ = {isa = PBXFileReference; fileEncoding = 4; lastKnownFileType = sourcecode.c.objc; path = SVProgressHUD.m; sourceTree = "<group>"; };
		3EBB46DB1A80C50D001E534B /* icon_previous.png */ = {isa = PBXFileReference; lastKnownFileType = image.png; path = icon_previous.png; sourceTree = "<group>"; };
		3EBB46DD1A80C584001E534B /* BaseViewController.h */ = {isa = PBXFileReference; fileEncoding = 4; lastKnownFileType = sourcecode.c.h; path = BaseViewController.h; sourceTree = "<group>"; };
		3EBB46DE1A80C584001E534B /* BaseViewController.m */ = {isa = PBXFileReference; fileEncoding = 4; lastKnownFileType = sourcecode.c.objc; path = BaseViewController.m; sourceTree = "<group>"; };
/* End PBXFileReference section */

/* Begin PBXFrameworksBuildPhase section */
		3EBB46111A80C268001E534B /* Frameworks */ = {
			isa = PBXFrameworksBuildPhase;
			buildActionMask = 2147483647;
			files = (
				3EBB464D1A80C39D001E534B /* UIKit.framework in Frameworks */,
				3EBB464B1A80C395001E534B /* Foundation.framework in Frameworks */,
				3EBB46491A80C38F001E534B /* QuartzCore.framework in Frameworks */,
				3EBB46471A80C389001E534B /* CFNetwork.framework in Frameworks */,
			);
			runOnlyForDeploymentPostprocessing = 0;
		};
		3EBB462A1A80C269001E534B /* Frameworks */ = {
			isa = PBXFrameworksBuildPhase;
			buildActionMask = 2147483647;
			files = (
			);
			runOnlyForDeploymentPostprocessing = 0;
		};
/* End PBXFrameworksBuildPhase section */

/* Begin PBXGroup section */
		3EBB460B1A80C268001E534B = {
			isa = PBXGroup;
			children = (
				3EBB464C1A80C39D001E534B /* UIKit.framework */,
				3EBB464A1A80C395001E534B /* Foundation.framework */,
				3EBB46481A80C38F001E534B /* QuartzCore.framework */,
				3EBB46461A80C389001E534B /* CFNetwork.framework */,
				3EBB46161A80C268001E534B /* AmoyMasterCoach */,
				3EBB46301A80C269001E534B /* AmoyMasterCoachTests */,
				3EBB46151A80C268001E534B /* Products */,
			);
			sourceTree = "<group>";
		};
		3EBB46151A80C268001E534B /* Products */ = {
			isa = PBXGroup;
			children = (
				3EBB46141A80C268001E534B /* AmoyMasterCoach.app */,
				3EBB462D1A80C269001E534B /* AmoyMasterCoachTests.xctest */,
			);
			name = Products;
			sourceTree = "<group>";
		};
		3EBB46161A80C268001E534B /* AmoyMasterCoach */ = {
			isa = PBXGroup;
			children = (
				3EBB461B1A80C268001E534B /* AppDelegate.h */,
				3EBB461C1A80C268001E534B /* AppDelegate.m */,
				3EBB464E1A80C3F0001E534B /* RootTabViewController.h */,
				3EBB464F1A80C3F1001E534B /* RootTabViewController.m */,
				3EBB46451A80C364001E534B /* BaseCell */,
				3EBB46441A80C354001E534B /* PublicHelper */,
				3EBB46431A80C344001E534B /* ToolKit */,
				3EBB46421A80C333001E534B /* Request */,
				3EBB46411A80C327001E534B /* DataModel */,
				3EBB46401A80C318001E534B /* Libs */,
				3EBB463F1A80C30D001E534B /* Images */,
				3EBB463E1A80C2EF001E534B /* ViewControllers */,
				3EBB46241A80C268001E534B /* Images.xcassets */,
				3EBB46171A80C268001E534B /* Supporting Files */,
			);
			path = AmoyMasterCoach;
			sourceTree = "<group>";
		};
		3EBB46171A80C268001E534B /* Supporting Files */ = {
			isa = PBXGroup;
			children = (
				3EBB46181A80C268001E534B /* Info.plist */,
				3EBB46191A80C268001E534B /* main.m */,
				3EBB463D1A80C2C6001E534B /* AmoyMasterCoach-Prefix .pch */,
			);
			name = "Supporting Files";
			sourceTree = "<group>";
		};
		3EBB46301A80C269001E534B /* AmoyMasterCoachTests */ = {
			isa = PBXGroup;
			children = (
				3EBB46331A80C269001E534B /* AmoyMasterCoachTests.m */,
				3EBB46311A80C269001E534B /* Supporting Files */,
			);
			path = AmoyMasterCoachTests;
			sourceTree = "<group>";
		};
		3EBB46311A80C269001E534B /* Supporting Files */ = {
			isa = PBXGroup;
			children = (
				3EBB46321A80C269001E534B /* Info.plist */,
			);
			name = "Supporting Files";
			sourceTree = "<group>";
		};
		3EBB463E1A80C2EF001E534B /* ViewControllers */ = {
			isa = PBXGroup;
			children = (
				3EBB46DD1A80C584001E534B /* BaseViewController.h */,
				3EBB46DE1A80C584001E534B /* BaseViewController.m */,
			);
			path = ViewControllers;
			sourceTree = "<group>";
		};
		3EBB463F1A80C30D001E534B /* Images */ = {
			isa = PBXGroup;
			children = (
				3EBB46DB1A80C50D001E534B /* icon_previous.png */,
			);
			path = Images;
			sourceTree = "<group>";
		};
		3EBB46401A80C318001E534B /* Libs */ = {
			isa = PBXGroup;
			children = (
				3EBB46641A80C4B9001E534B /* AFNetWorking */,
				3EBB468A1A80C4B9001E534B /* CWStartRateView */,
				3EBB468D1A80C4B9001E534B /* MBProgressHUD */,
				3EBB46901A80C4B9001E534B /* SDWebImage */,
				3EBB46B21A80C4B9001E534B /* SVPHUD */,
			);
			path = Libs;
			sourceTree = "<group>";
		};
		3EBB46411A80C327001E534B /* DataModel */ = {
			isa = PBXGroup;
			children = (
				3EBB465A1A80C455001E534B /* MessageSave.h */,
				3EBB465B1A80C455001E534B /* MessageSave.m */,
			);
			path = DataModel;
			sourceTree = "<group>";
		};
		3EBB46421A80C333001E534B /* Request */ = {
			isa = PBXGroup;
			children = (
				3EBB46631A80C476001E534B /* Define.h */,
			);
			path = Request;
			sourceTree = "<group>";
		};
		3EBB46431A80C344001E534B /* ToolKit */ = {
			isa = PBXGroup;
			children = (
				3EBB46601A80C46C001E534B /* ValidateTool.h */,
				3EBB46611A80C46C001E534B /* ValidateTool.m */,
			);
			path = ToolKit;
			sourceTree = "<group>";
		};
		3EBB46441A80C354001E534B /* PublicHelper */ = {
			isa = PBXGroup;
			children = (
				3EBB465D1A80C461001E534B /* PublicConfig.h */,
				3EBB465E1A80C461001E534B /* PublicConfig.m */,
			);
			path = PublicHelper;
			sourceTree = "<group>";
		};
		3EBB46451A80C364001E534B /* BaseCell */ = {
			isa = PBXGroup;
			children = (
				3EBB46511A80C44B001E534B /* SizeToLabelCell.h */,
				3EBB46521A80C44B001E534B /* SizeToLabelCell.m */,
				3EBB46531A80C44B001E534B /* SizeToLeftLabelCell.h */,
				3EBB46541A80C44B001E534B /* SizeToLeftLabelCell.m */,
				3EBB46551A80C44B001E534B /* SizeToRightLabelCell.h */,
				3EBB46561A80C44B001E534B /* SizeToRightLabelCell.m */,
			);
			path = BaseCell;
			sourceTree = "<group>";
		};
		3EBB46641A80C4B9001E534B /* AFNetWorking */ = {
			isa = PBXGroup;
			children = (
				3EBB46651A80C4B9001E534B /* AFHTTPRequestOperation.h */,
				3EBB46661A80C4B9001E534B /* AFHTTPRequestOperation.m */,
				3EBB46671A80C4B9001E534B /* AFHTTPRequestOperationManager.h */,
				3EBB46681A80C4B9001E534B /* AFHTTPRequestOperationManager.m */,
				3EBB46691A80C4B9001E534B /* AFHTTPSessionManager.h */,
				3EBB466A1A80C4B9001E534B /* AFHTTPSessionManager.m */,
				3EBB466B1A80C4B9001E534B /* AFNetworking.h */,
				3EBB466C1A80C4B9001E534B /* AFNetworkReachabilityManager.h */,
				3EBB466D1A80C4B9001E534B /* AFNetworkReachabilityManager.m */,
				3EBB466E1A80C4B9001E534B /* AFSecurityPolicy.h */,
				3EBB466F1A80C4B9001E534B /* AFSecurityPolicy.m */,
				3EBB46701A80C4B9001E534B /* AFURLConnectionOperation.h */,
				3EBB46711A80C4B9001E534B /* AFURLConnectionOperation.m */,
				3EBB46721A80C4B9001E534B /* AFURLRequestSerialization.h */,
				3EBB46731A80C4B9001E534B /* AFURLRequestSerialization.m */,
				3EBB46741A80C4B9001E534B /* AFURLResponseSerialization.h */,
				3EBB46751A80C4B9001E534B /* AFURLResponseSerialization.m */,
				3EBB46761A80C4B9001E534B /* AFURLSessionManager.h */,
				3EBB46771A80C4B9001E534B /* AFURLSessionManager.m */,
				3EBB46781A80C4B9001E534B /* UIKit+AFNetworking */,
			);
			path = AFNetWorking;
			sourceTree = "<group>";
		};
		3EBB46781A80C4B9001E534B /* UIKit+AFNetworking */ = {
			isa = PBXGroup;
			children = (
				3EBB46791A80C4B9001E534B /* AFNetworkActivityIndicatorManager.h */,
				3EBB467A1A80C4B9001E534B /* AFNetworkActivityIndicatorManager.m */,
				3EBB467B1A80C4B9001E534B /* UIActivityIndicatorView+AFNetworking.h */,
				3EBB467C1A80C4B9001E534B /* UIActivityIndicatorView+AFNetworking.m */,
				3EBB467D1A80C4B9001E534B /* UIAlertView+AFNetworking.h */,
				3EBB467E1A80C4B9001E534B /* UIAlertView+AFNetworking.m */,
				3EBB467F1A80C4B9001E534B /* UIButton+AFNetworking.h */,
				3EBB46801A80C4B9001E534B /* UIButton+AFNetworking.m */,
				3EBB46811A80C4B9001E534B /* UIImageView+AFNetworking.h */,
				3EBB46821A80C4B9001E534B /* UIImageView+AFNetworking.m */,
				3EBB46831A80C4B9001E534B /* UIKit+AFNetworking.h */,
				3EBB46841A80C4B9001E534B /* UIProgressView+AFNetworking.h */,
				3EBB46851A80C4B9001E534B /* UIProgressView+AFNetworking.m */,
				3EBB46861A80C4B9001E534B /* UIRefreshControl+AFNetworking.h */,
				3EBB46871A80C4B9001E534B /* UIRefreshControl+AFNetworking.m */,
				3EBB46881A80C4B9001E534B /* UIWebView+AFNetworking.h */,
				3EBB46891A80C4B9001E534B /* UIWebView+AFNetworking.m */,
			);
			path = "UIKit+AFNetworking";
			sourceTree = "<group>";
		};
		3EBB468A1A80C4B9001E534B /* CWStartRateView */ = {
			isa = PBXGroup;
			children = (
				3EBB468B1A80C4B9001E534B /* CWStarRateView.h */,
				3EBB468C1A80C4B9001E534B /* CWStarRateView.m */,
			);
			path = CWStartRateView;
			sourceTree = "<group>";
		};
		3EBB468D1A80C4B9001E534B /* MBProgressHUD */ = {
			isa = PBXGroup;
			children = (
				3EBB468E1A80C4B9001E534B /* MBProgressHUD.h */,
				3EBB468F1A80C4B9001E534B /* MBProgressHUD.m */,
			);
			path = MBProgressHUD;
			sourceTree = "<group>";
		};
		3EBB46901A80C4B9001E534B /* SDWebImage */ = {
			isa = PBXGroup;
			children = (
				3EBB46911A80C4B9001E534B /* MKAnnotationView+WebCache.h */,
				3EBB46921A80C4B9001E534B /* MKAnnotationView+WebCache.m */,
				3EBB46931A80C4B9001E534B /* NSData+ImageContentType.h */,
				3EBB46941A80C4B9001E534B /* NSData+ImageContentType.m */,
				3EBB46951A80C4B9001E534B /* SDImageCache.h */,
				3EBB46961A80C4B9001E534B /* SDImageCache.m */,
				3EBB46971A80C4B9001E534B /* SDWebImageCompat.h */,
				3EBB46981A80C4B9001E534B /* SDWebImageCompat.m */,
				3EBB46991A80C4B9001E534B /* SDWebImageDecoder.h */,
				3EBB469A1A80C4B9001E534B /* SDWebImageDecoder.m */,
				3EBB469B1A80C4B9001E534B /* SDWebImageDownloader.h */,
				3EBB469C1A80C4B9001E534B /* SDWebImageDownloader.m */,
				3EBB469D1A80C4B9001E534B /* SDWebImageDownloaderOperation.h */,
				3EBB469E1A80C4B9001E534B /* SDWebImageDownloaderOperation.m */,
				3EBB469F1A80C4B9001E534B /* SDWebImageManager.h */,
				3EBB46A01A80C4B9001E534B /* SDWebImageManager.m */,
				3EBB46A11A80C4B9001E534B /* SDWebImageOperation.h */,
				3EBB46A21A80C4B9001E534B /* SDWebImagePrefetcher.h */,
				3EBB46A31A80C4B9001E534B /* SDWebImagePrefetcher.m */,
				3EBB46A41A80C4B9001E534B /* UIButton+WebCache.h */,
				3EBB46A51A80C4B9001E534B /* UIButton+WebCache.m */,
				3EBB46A61A80C4B9001E534B /* UIImage+GIF.h */,
				3EBB46A71A80C4B9001E534B /* UIImage+GIF.m */,
				3EBB46A81A80C4B9001E534B /* UIImage+MultiFormat.h */,
				3EBB46A91A80C4B9001E534B /* UIImage+MultiFormat.m */,
				3EBB46AA1A80C4B9001E534B /* UIImage+WebP.h */,
				3EBB46AB1A80C4B9001E534B /* UIImage+WebP.m */,
				3EBB46AC1A80C4B9001E534B /* UIImageView+HighlightedWebCache.h */,
				3EBB46AD1A80C4B9001E534B /* UIImageView+HighlightedWebCache.m */,
				3EBB46AE1A80C4B9001E534B /* UIImageView+WebCache.h */,
				3EBB46AF1A80C4B9001E534B /* UIImageView+WebCache.m */,
				3EBB46B01A80C4B9001E534B /* UIView+WebCacheOperation.h */,
				3EBB46B11A80C4B9001E534B /* UIView+WebCacheOperation.m */,
			);
			path = SDWebImage;
			sourceTree = "<group>";
		};
		3EBB46B21A80C4B9001E534B /* SVPHUD */ = {
			isa = PBXGroup;
			children = (
				3EBB46B31A80C4B9001E534B /* SVProgressHUD.bundle */,
				3EBB46B41A80C4B9001E534B /* SVProgressHUD.h */,
				3EBB46B51A80C4B9001E534B /* SVProgressHUD.m */,
			);
			path = SVPHUD;
			sourceTree = "<group>";
		};
/* End PBXGroup section */

/* Begin PBXNativeTarget section */
		3EBB46131A80C268001E534B /* AmoyMasterCoach */ = {
			isa = PBXNativeTarget;
			buildConfigurationList = 3EBB46371A80C269001E534B /* Build configuration list for PBXNativeTarget "AmoyMasterCoach" */;
			buildPhases = (
				3EBB46101A80C268001E534B /* Sources */,
				3EBB46111A80C268001E534B /* Frameworks */,
				3EBB46121A80C268001E534B /* Resources */,
			);
			buildRules = (
			);
			dependencies = (
			);
			name = AmoyMasterCoach;
			productName = AmoyMasterCoach;
			productReference = 3EBB46141A80C268001E534B /* AmoyMasterCoach.app */;
			productType = "com.apple.product-type.application";
		};
		3EBB462C1A80C269001E534B /* AmoyMasterCoachTests */ = {
			isa = PBXNativeTarget;
			buildConfigurationList = 3EBB463A1A80C269001E534B /* Build configuration list for PBXNativeTarget "AmoyMasterCoachTests" */;
			buildPhases = (
				3EBB46291A80C269001E534B /* Sources */,
				3EBB462A1A80C269001E534B /* Frameworks */,
				3EBB462B1A80C269001E534B /* Resources */,
			);
			buildRules = (
			);
			dependencies = (
				3EBB462F1A80C269001E534B /* PBXTargetDependency */,
			);
			name = AmoyMasterCoachTests;
			productName = AmoyMasterCoachTests;
			productReference = 3EBB462D1A80C269001E534B /* AmoyMasterCoachTests.xctest */;
			productType = "com.apple.product-type.bundle.unit-test";
		};
/* End PBXNativeTarget section */

/* Begin PBXProject section */
		3EBB460C1A80C268001E534B /* Project object */ = {
			isa = PBXProject;
			attributes = {
				LastUpgradeCheck = 0610;
				ORGANIZATIONNAME = renbing;
				TargetAttributes = {
					3EBB46131A80C268001E534B = {
						CreatedOnToolsVersion = 6.1.1;
					};
					3EBB462C1A80C269001E534B = {
						CreatedOnToolsVersion = 6.1.1;
						TestTargetID = 3EBB46131A80C268001E534B;
					};
				};
			};
			buildConfigurationList = 3EBB460F1A80C268001E534B /* Build configuration list for PBXProject "AmoyMasterCoach" */;
			compatibilityVersion = "Xcode 3.2";
			developmentRegion = English;
			hasScannedForEncodings = 0;
			knownRegions = (
				en,
				Base,
			);
			mainGroup = 3EBB460B1A80C268001E534B;
			productRefGroup = 3EBB46151A80C268001E534B /* Products */;
			projectDirPath = "";
			projectRoot = "";
			targets = (
				3EBB46131A80C268001E534B /* AmoyMasterCoach */,
				3EBB462C1A80C269001E534B /* AmoyMasterCoachTests */,
			);
		};
/* End PBXProject section */

/* Begin PBXResourcesBuildPhase section */
		3EBB46121A80C268001E534B /* Resources */ = {
			isa = PBXResourcesBuildPhase;
			buildActionMask = 2147483647;
			files = (
				3EBB46251A80C268001E534B /* Images.xcassets in Resources */,
				3EBB46D91A80C4B9001E534B /* SVProgressHUD.bundle in Resources */,
				3EBB46DC1A80C50D001E534B /* icon_previous.png in Resources */,
			);
			runOnlyForDeploymentPostprocessing = 0;
		};
		3EBB462B1A80C269001E534B /* Resources */ = {
			isa = PBXResourcesBuildPhase;
			buildActionMask = 2147483647;
			files = (
			);
			runOnlyForDeploymentPostprocessing = 0;
		};
/* End PBXResourcesBuildPhase section */

/* Begin PBXSourcesBuildPhase section */
		3EBB46101A80C268001E534B /* Sources */ = {
			isa = PBXSourcesBuildPhase;
			buildActionMask = 2147483647;
			files = (
				3EBB46D31A80C4B9001E534B /* UIImage+GIF.m in Sources */,
				3EBB46BA1A80C4B9001E534B /* AFSecurityPolicy.m in Sources */,
				3EBB46C71A80C4B9001E534B /* CWStarRateView.m in Sources */,
				3EBB46501A80C3F1001E534B /* RootTabViewController.m in Sources */,
				3EBB46D81A80C4B9001E534B /* UIView+WebCacheOperation.m in Sources */,
				3EBB46B91A80C4B9001E534B /* AFNetworkReachabilityManager.m in Sources */,
				3EBB461D1A80C268001E534B /* AppDelegate.m in Sources */,
				3EBB46BF1A80C4B9001E534B /* AFNetworkActivityIndicatorManager.m in Sources */,
				3EBB46C31A80C4B9001E534B /* UIImageView+AFNetworking.m in Sources */,
				3EBB46CB1A80C4B9001E534B /* SDImageCache.m in Sources */,
				3EBB46BB1A80C4B9001E534B /* AFURLConnectionOperation.m in Sources */,
				3EBB46CC1A80C4B9001E534B /* SDWebImageCompat.m in Sources */,
				3EBB46C01A80C4B9001E534B /* UIActivityIndicatorView+AFNetworking.m in Sources */,
				3EBB46D61A80C4B9001E534B /* UIImageView+HighlightedWebCache.m in Sources */,
				3EBB46D11A80C4B9001E534B /* SDWebImagePrefetcher.m in Sources */,
				3EBB46CF1A80C4B9001E534B /* SDWebImageDownloaderOperation.m in Sources */,
				3EBB46C61A80C4B9001E534B /* UIWebView+AFNetworking.m in Sources */,
				3EBB46CE1A80C4B9001E534B /* SDWebImageDownloader.m in Sources */,
				3EBB46CA1A80C4B9001E534B /* NSData+ImageContentType.m in Sources */,
				3EBB46B61A80C4B9001E534B /* AFHTTPRequestOperation.m in Sources */,
				3EBB46B81A80C4B9001E534B /* AFHTTPSessionManager.m in Sources */,
				3EBB46C11A80C4B9001E534B /* UIAlertView+AFNetworking.m in Sources */,
				3EBB46CD1A80C4B9001E534B /* SDWebImageDecoder.m in Sources */,
				3EBB46BC1A80C4B9001E534B /* AFURLRequestSerialization.m in Sources */,
				3EBB46581A80C44B001E534B /* SizeToLeftLabelCell.m in Sources */,
				3EBB46D71A80C4B9001E534B /* UIImageView+WebCache.m in Sources */,
				3EBB46D01A80C4B9001E534B /* SDWebImageManager.m in Sources */,
				3EBB46BE1A80C4B9001E534B /* AFURLSessionManager.m in Sources */,
				3EBB465C1A80C455001E534B /* MessageSave.m in Sources */,
				3EBB46B71A80C4B9001E534B /* AFHTTPRequestOperationManager.m in Sources */,
				3EBB46C41A80C4B9001E534B /* UIProgressView+AFNetworking.m in Sources */,
				3EBB46C91A80C4B9001E534B /* MKAnnotationView+WebCache.m in Sources */,
				3EBB46DA1A80C4B9001E534B /* SVProgressHUD.m in Sources */,
				3EBB46571A80C44B001E534B /* SizeToLabelCell.m in Sources */,
				3EBB46C21A80C4B9001E534B /* UIButton+AFNetworking.m in Sources */,
				3EBB46BD1A80C4B9001E534B /* AFURLResponseSerialization.m in Sources */,
				3EBB46D41A80C4B9001E534B /* UIImage+MultiFormat.m in Sources */,
				3EBB46D51A80C4B9001E534B /* UIImage+WebP.m in Sources */,
				3EBB46D21A80C4B9001E534B /* UIButton+WebCache.m in Sources */,
				3EBB461A1A80C268001E534B /* main.m in Sources */,
				3EBB46621A80C46C001E534B /* ValidateTool.m in Sources */,
				3EBB46C51A80C4B9001E534B /* UIRefreshControl+AFNetworking.m in Sources */,
				3EBB465F1A80C461001E534B /* PublicConfig.m in Sources */,
				3EBB46591A80C44B001E534B /* SizeToRightLabelCell.m in Sources */,
				3EBB46C81A80C4B9001E534B /* MBProgressHUD.m in Sources */,
				3EBB46DF1A80C584001E534B /* BaseViewController.m in Sources */,
			);
			runOnlyForDeploymentPostprocessing = 0;
		};
		3EBB46291A80C269001E534B /* Sources */ = {
			isa = PBXSourcesBuildPhase;
			buildActionMask = 2147483647;
			files = (
				3EBB46341A80C269001E534B /* AmoyMasterCoachTests.m in Sources */,
			);
			runOnlyForDeploymentPostprocessing = 0;
		};
/* End PBXSourcesBuildPhase section */

/* Begin PBXTargetDependency section */
		3EBB462F1A80C269001E534B /* PBXTargetDependency */ = {
			isa = PBXTargetDependency;
			target = 3EBB46131A80C268001E534B /* AmoyMasterCoach */;
			targetProxy = 3EBB462E1A80C269001E534B /* PBXContainerItemProxy */;
		};
/* End PBXTargetDependency section */

/* Begin XCBuildConfiguration section */
		3EBB46351A80C269001E534B /* Debug */ = {
			isa = XCBuildConfiguration;
			buildSettings = {
				ALWAYS_SEARCH_USER_PATHS = NO;
				CLANG_CXX_LANGUAGE_STANDARD = "gnu++0x";
				CLANG_CXX_LIBRARY = "libc++";
				CLANG_ENABLE_MODULES = YES;
				CLANG_ENABLE_OBJC_ARC = YES;
				CLANG_WARN_BOOL_CONVERSION = YES;
				CLANG_WARN_CONSTANT_CONVERSION = YES;
				CLANG_WARN_DIRECT_OBJC_ISA_USAGE = YES_ERROR;
				CLANG_WARN_EMPTY_BODY = YES;
				CLANG_WARN_ENUM_CONVERSION = YES;
				CLANG_WARN_INT_CONVERSION = YES;
				CLANG_WARN_OBJC_ROOT_CLASS = YES_ERROR;
				CLANG_WARN_UNREACHABLE_CODE = YES;
				CLANG_WARN__DUPLICATE_METHOD_MATCH = YES;
				"CODE_SIGN_IDENTITY[sdk=iphoneos*]" = "iPhone Developer";
				COPY_PHASE_STRIP = NO;
				ENABLE_STRICT_OBJC_MSGSEND = YES;
				GCC_C_LANGUAGE_STANDARD = gnu99;
				GCC_DYNAMIC_NO_PIC = NO;
				GCC_OPTIMIZATION_LEVEL = 0;
				GCC_PREPROCESSOR_DEFINITIONS = (
					"DEBUG=1",
					"$(inherited)",
				);
				GCC_SYMBOLS_PRIVATE_EXTERN = NO;
				GCC_WARN_64_TO_32_BIT_CONVERSION = YES;
				GCC_WARN_ABOUT_RETURN_TYPE = YES_ERROR;
				GCC_WARN_UNDECLARED_SELECTOR = YES;
				GCC_WARN_UNINITIALIZED_AUTOS = YES_AGGRESSIVE;
				GCC_WARN_UNUSED_FUNCTION = YES;
				GCC_WARN_UNUSED_VARIABLE = YES;
				IPHONEOS_DEPLOYMENT_TARGET = 8.1;
				MTL_ENABLE_DEBUG_INFO = YES;
				ONLY_ACTIVE_ARCH = YES;
				SDKROOT = iphoneos;
			};
			name = Debug;
		};
		3EBB46361A80C269001E534B /* Release */ = {
			isa = XCBuildConfiguration;
			buildSettings = {
				ALWAYS_SEARCH_USER_PATHS = NO;
				CLANG_CXX_LANGUAGE_STANDARD = "gnu++0x";
				CLANG_CXX_LIBRARY = "libc++";
				CLANG_ENABLE_MODULES = YES;
				CLANG_ENABLE_OBJC_ARC = YES;
				CLANG_WARN_BOOL_CONVERSION = YES;
				CLANG_WARN_CONSTANT_CONVERSION = YES;
				CLANG_WARN_DIRECT_OBJC_ISA_USAGE = YES_ERROR;
				CLANG_WARN_EMPTY_BODY = YES;
				CLANG_WARN_ENUM_CONVERSION = YES;
				CLANG_WARN_INT_CONVERSION = YES;
				CLANG_WARN_OBJC_ROOT_CLASS = YES_ERROR;
				CLANG_WARN_UNREACHABLE_CODE = YES;
				CLANG_WARN__DUPLICATE_METHOD_MATCH = YES;
				"CODE_SIGN_IDENTITY[sdk=iphoneos*]" = "iPhone Developer";
				COPY_PHASE_STRIP = YES;
				ENABLE_NS_ASSERTIONS = NO;
				ENABLE_STRICT_OBJC_MSGSEND = YES;
				GCC_C_LANGUAGE_STANDARD = gnu99;
				GCC_WARN_64_TO_32_BIT_CONVERSION = YES;
				GCC_WARN_ABOUT_RETURN_TYPE = YES_ERROR;
				GCC_WARN_UNDECLARED_SELECTOR = YES;
				GCC_WARN_UNINITIALIZED_AUTOS = YES_AGGRESSIVE;
				GCC_WARN_UNUSED_FUNCTION = YES;
				GCC_WARN_UNUSED_VARIABLE = YES;
				IPHONEOS_DEPLOYMENT_TARGET = 8.1;
				MTL_ENABLE_DEBUG_INFO = NO;
				SDKROOT = iphoneos;
				VALIDATE_PRODUCT = YES;
			};
			name = Release;
		};
		3EBB46381A80C269001E534B /* Debug */ = {
			isa = XCBuildConfiguration;
			buildSettings = {
				ASSETCATALOG_COMPILER_APPICON_NAME = AppIcon;
				ASSETCATALOG_COMPILER_LAUNCHIMAGE_NAME = LaunchImage;
				GCC_PRECOMPILE_PREFIX_HEADER = YES;
				GCC_PREFIX_HEADER = "/Users/renbing/Desktop/AmoyMasterCoach/AmoyMasterCoach/AmoyMasterCoach-Prefix .pch";
				INFOPLIST_FILE = AmoyMasterCoach/Info.plist;
				IPHONEOS_DEPLOYMENT_TARGET = 7.0;
				LD_RUNPATH_SEARCH_PATHS = "$(inherited) @executable_path/Frameworks";
				PRODUCT_NAME = "$(TARGET_NAME)";
			};
			name = Debug;
		};
		3EBB46391A80C269001E534B /* Release */ = {
			isa = XCBuildConfiguration;
			buildSettings = {
				ASSETCATALOG_COMPILER_APPICON_NAME = AppIcon;
				ASSETCATALOG_COMPILER_LAUNCHIMAGE_NAME = LaunchImage;
				GCC_PRECOMPILE_PREFIX_HEADER = YES;
				GCC_PREFIX_HEADER = "/Users/renbing/Desktop/AmoyMasterCoach/AmoyMasterCoach/AmoyMasterCoach-Prefix .pch";
				INFOPLIST_FILE = AmoyMasterCoach/Info.plist;
				IPHONEOS_DEPLOYMENT_TARGET = 7.0;
				LD_RUNPATH_SEARCH_PATHS = "$(inherited) @executable_path/Frameworks";
				PRODUCT_NAME = "$(TARGET_NAME)";
			};
			name = Release;
		};
		3EBB463B1A80C269001E534B /* Debug */ = {
			isa = XCBuildConfiguration;
			buildSettings = {
				BUNDLE_LOADER = "$(TEST_HOST)";
				FRAMEWORK_SEARCH_PATHS = (
					"$(SDKROOT)/Developer/Library/Frameworks",
					"$(inherited)",
				);
				GCC_PREPROCESSOR_DEFINITIONS = (
					"DEBUG=1",
					"$(inherited)",
				);
				INFOPLIST_FILE = AmoyMasterCoachTests/Info.plist;
				LD_RUNPATH_SEARCH_PATHS = "$(inherited) @executable_path/Frameworks @loader_path/Frameworks";
				PRODUCT_NAME = "$(TARGET_NAME)";
				TEST_HOST = "$(BUILT_PRODUCTS_DIR)/AmoyMasterCoach.app/AmoyMasterCoach";
			};
			name = Debug;
		};
		3EBB463C1A80C269001E534B /* Release */ = {
			isa = XCBuildConfiguration;
			buildSettings = {
				BUNDLE_LOADER = "$(TEST_HOST)";
				FRAMEWORK_SEARCH_PATHS = (
					"$(SDKROOT)/Developer/Library/Frameworks",
					"$(inherited)",
				);
				INFOPLIST_FILE = AmoyMasterCoachTests/Info.plist;
				LD_RUNPATH_SEARCH_PATHS = "$(inherited) @executable_path/Frameworks @loader_path/Frameworks";
				PRODUCT_NAME = "$(TARGET_NAME)";
				TEST_HOST = "$(BUILT_PRODUCTS_DIR)/AmoyMasterCoach.app/AmoyMasterCoach";
			};
			name = Release;
		};
/* End XCBuildConfiguration section */

/* Begin XCConfigurationList section */
		3EBB460F1A80C268001E534B /* Build configuration list for PBXProject "AmoyMasterCoach" */ = {
			isa = XCConfigurationList;
			buildConfigurations = (
				3EBB46351A80C269001E534B /* Debug */,
				3EBB46361A80C269001E534B /* Release */,
			);
			defaultConfigurationIsVisible = 0;
			defaultConfigurationName = Release;
		};
		3EBB46371A80C269001E534B /* Build configuration list for PBXNativeTarget "AmoyMasterCoach" */ = {
			isa = XCConfigurationList;
			buildConfigurations = (
				3EBB46381A80C269001E534B /* Debug */,
				3EBB46391A80C269001E534B /* Release */,
			);
			defaultConfigurationIsVisible = 0;
		};
		3EBB463A1A80C269001E534B /* Build configuration list for PBXNativeTarget "AmoyMasterCoachTests" */ = {
			isa = XCConfigurationList;
			buildConfigurations = (
				3EBB463B1A80C269001E534B /* Debug */,
				3EBB463C1A80C269001E534B /* Release */,
			);
			defaultConfigurationIsVisible = 0;
		};
/* End XCConfigurationList section */
	};
	rootObject = 3EBB460C1A80C268001E534B /* Project object */;
}
