// !$*UTF8*$!
{
	archiveVersion = 1;
	classes = {
	};
	objectVersion = 46;
	objects = {

/* Begin PBXBuildFile section */
		CF6B6A7A1A7FD1AE00A6CBA2 /* register_account_bg.png in Resources */ = {isa = PBXBuildFile; fileRef = CF6B6A281A7FD1AE00A6CBA2 /* register_account_bg.png */; };
		CF6B6A7B1A7FD1AE00A6CBA2 /* register_btn_confirm.png in Resources */ = {isa = PBXBuildFile; fileRef = CF6B6A291A7FD1AE00A6CBA2 /* register_btn_confirm.png */; };
		CF6B6A7C1A7FD1AE00A6CBA2 /* register_btn_send_code.png in Resources */ = {isa = PBXBuildFile; fileRef = CF6B6A2A1A7FD1AE00A6CBA2 /* register_btn_send_code.png */; };
		CF6B6A7D1A7FD1AE00A6CBA2 /* register_code_bg.png in Resources */ = {isa = PBXBuildFile; fileRef = CF6B6A2B1A7FD1AE00A6CBA2 /* register_code_bg.png */; };
		CF6B6A7E1A7FD1AE00A6CBA2 /* register_input_bg.png in Resources */ = {isa = PBXBuildFile; fileRef = CF6B6A2C1A7FD1AE00A6CBA2 /* register_input_bg.png */; };
		CF6B6A7F1A7FD1AE00A6CBA2 /* account_avatar_cover.png in Resources */ = {isa = PBXBuildFile; fileRef = CF6B6A2E1A7FD1AE00A6CBA2 /* account_avatar_cover.png */; };
		CF6B6A801A7FD1AE00A6CBA2 /* btn_confirm.png in Resources */ = {isa = PBXBuildFile; fileRef = CF6B6A301A7FD1AE00A6CBA2 /* btn_confirm.png */; };
		CF6B6A811A7FD1AE00A6CBA2 /* checkbox_default.png in Resources */ = {isa = PBXBuildFile; fileRef = CF6B6A311A7FD1AE00A6CBA2 /* checkbox_default.png */; };
		CF6B6A821A7FD1AE00A6CBA2 /* checkbox_default_checked.png in Resources */ = {isa = PBXBuildFile; fileRef = CF6B6A321A7FD1AE00A6CBA2 /* checkbox_default_checked.png */; };
		CF6B6A831A7FD1AE00A6CBA2 /* input_bar_search.png in Resources */ = {isa = PBXBuildFile; fileRef = CF6B6A331A7FD1AE00A6CBA2 /* input_bar_search.png */; };
		CF6B6A841A7FD1AE00A6CBA2 /* input_full.png in Resources */ = {isa = PBXBuildFile; fileRef = CF6B6A341A7FD1AE00A6CBA2 /* input_full.png */; };
		CF6B6A851A7FD1AE00A6CBA2 /* radio_default.png in Resources */ = {isa = PBXBuildFile; fileRef = CF6B6A351A7FD1AE00A6CBA2 /* radio_default.png */; };
		CF6B6A861A7FD1AE00A6CBA2 /* radio_default_checked.png in Resources */ = {isa = PBXBuildFile; fileRef = CF6B6A361A7FD1AE00A6CBA2 /* radio_default_checked.png */; };
		CF6B6A871A7FD1AE00A6CBA2 /* square_avatar_cover.png in Resources */ = {isa = PBXBuildFile; fileRef = CF6B6A381A7FD1AE00A6CBA2 /* square_avatar_cover.png */; };
		CF6B6A881A7FD1AE00A6CBA2 /* square_item_bg.png in Resources */ = {isa = PBXBuildFile; fileRef = CF6B6A391A7FD1AE00A6CBA2 /* square_item_bg.png */; };
		CF6B6A891A7FD1AE00A6CBA2 /* sqaure_detail_btn_order_sm.png in Resources */ = {isa = PBXBuildFile; fileRef = CF6B6A3B1A7FD1AE00A6CBA2 /* sqaure_detail_btn_order_sm.png */; };
		CF6B6A8A1A7FD1AE00A6CBA2 /* square_detail_bg.png in Resources */ = {isa = PBXBuildFile; fileRef = CF6B6A3C1A7FD1AE00A6CBA2 /* square_detail_bg.png */; };
		CF6B6A8B1A7FD1AE00A6CBA2 /* square_detail_btn_order.png in Resources */ = {isa = PBXBuildFile; fileRef = CF6B6A3D1A7FD1AE00A6CBA2 /* square_detail_btn_order.png */; };
		CF6B6A8C1A7FD1AE00A6CBA2 /* square_detail_location.png in Resources */ = {isa = PBXBuildFile; fileRef = CF6B6A3E1A7FD1AE00A6CBA2 /* square_detail_location.png */; };
		CF6B6A8D1A7FD1AE00A6CBA2 /* square_detail_timetable_bg.png in Resources */ = {isa = PBXBuildFile; fileRef = CF6B6A3F1A7FD1AE00A6CBA2 /* square_detail_timetable_bg.png */; };
		CF6B6A8E1A7FD1AE00A6CBA2 /* modelTest_countdown_bg.png in Resources */ = {isa = PBXBuildFile; fileRef = CF6B6A411A7FD1AE00A6CBA2 /* modelTest_countdown_bg.png */; };
		CF6B6A8F1A7FD1AE00A6CBA2 /* modelTest_next.png in Resources */ = {isa = PBXBuildFile; fileRef = CF6B6A421A7FD1AE00A6CBA2 /* modelTest_next.png */; };
		CF6B6A901A7FD1AE00A6CBA2 /* course_btn_confirm_active.png in Resources */ = {isa = PBXBuildFile; fileRef = CF6B6A441A7FD1AE00A6CBA2 /* course_btn_confirm_active.png */; };
		CF6B6A911A7FD1AE00A6CBA2 /* notification_course_bg.png in Resources */ = {isa = PBXBuildFile; fileRef = CF6B6A451A7FD1AE00A6CBA2 /* notification_course_bg.png */; };
		CF6B6A921A7FD1AE00A6CBA2 /* notification_course_btn_confirm.png in Resources */ = {isa = PBXBuildFile; fileRef = CF6B6A461A7FD1AE00A6CBA2 /* notification_course_btn_confirm.png */; };
		CF6B6A931A7FD1AE00A6CBA2 /* notification_course_btn_reject.png in Resources */ = {isa = PBXBuildFile; fileRef = CF6B6A471A7FD1AE00A6CBA2 /* notification_course_btn_reject.png */; };
		CF6B6A941A7FD1AE00A6CBA2 /* notification_course_btn_reject_active.png in Resources */ = {isa = PBXBuildFile; fileRef = CF6B6A481A7FD1AE00A6CBA2 /* notification_course_btn_reject_active.png */; };
		CF6B6A951A7FD1AE00A6CBA2 /* notification_order_btn_cancel.png in Resources */ = {isa = PBXBuildFile; fileRef = CF6B6A4B1A7FD1AE00A6CBA2 /* notification_order_btn_cancel.png */; };
		CF6B6A961A7FD1AE00A6CBA2 /* notification_order_btn_cancel_active.png in Resources */ = {isa = PBXBuildFile; fileRef = CF6B6A4C1A7FD1AE00A6CBA2 /* notification_order_btn_cancel_active.png */; };
		CF6B6A971A7FD1AE00A6CBA2 /* icon_bar_person.png in Resources */ = {isa = PBXBuildFile; fileRef = CF6B6A4E1A7FD1AE00A6CBA2 /* icon_bar_person.png */; };
		CF6B6A981A7FD1AE00A6CBA2 /* icon_book.png in Resources */ = {isa = PBXBuildFile; fileRef = CF6B6A4F1A7FD1AE00A6CBA2 /* icon_book.png */; };
		CF6B6A991A7FD1AE00A6CBA2 /* icon_book_active.png in Resources */ = {isa = PBXBuildFile; fileRef = CF6B6A501A7FD1AE00A6CBA2 /* icon_book_active.png */; };
		CF6B6A9A1A7FD1AE00A6CBA2 /* icon_cheap.png in Resources */ = {isa = PBXBuildFile; fileRef = CF6B6A511A7FD1AE00A6CBA2 /* icon_cheap.png */; };
		CF6B6A9B1A7FD1AE00A6CBA2 /* icon_cheap_active.png in Resources */ = {isa = PBXBuildFile; fileRef = CF6B6A521A7FD1AE00A6CBA2 /* icon_cheap_active.png */; };
		CF6B6A9C1A7FD1AE00A6CBA2 /* icon_clock.png in Resources */ = {isa = PBXBuildFile; fileRef = CF6B6A531A7FD1AE00A6CBA2 /* icon_clock.png */; };
		CF6B6A9D1A7FD1AE00A6CBA2 /* icon_drive.png in Resources */ = {isa = PBXBuildFile; fileRef = CF6B6A541A7FD1AE00A6CBA2 /* icon_drive.png */; };
		CF6B6A9E1A7FD1AE00A6CBA2 /* icon_drive_active.png in Resources */ = {isa = PBXBuildFile; fileRef = CF6B6A551A7FD1AE00A6CBA2 /* icon_drive_active.png */; };
		CF6B6A9F1A7FD1AE00A6CBA2 /* icon_evaluation.png in Resources */ = {isa = PBXBuildFile; fileRef = CF6B6A561A7FD1AE00A6CBA2 /* icon_evaluation.png */; };
		CF6B6AA01A7FD1AE00A6CBA2 /* icon_evaluation_active.png in Resources */ = {isa = PBXBuildFile; fileRef = CF6B6A571A7FD1AE00A6CBA2 /* icon_evaluation_active.png */; };
		CF6B6AA11A7FD1AE00A6CBA2 /* icon_flag.png in Resources */ = {isa = PBXBuildFile; fileRef = CF6B6A581A7FD1AE00A6CBA2 /* icon_flag.png */; };
		CF6B6AA21A7FD1AE00A6CBA2 /* icon_knowledge.png in Resources */ = {isa = PBXBuildFile; fileRef = CF6B6A591A7FD1AE00A6CBA2 /* icon_knowledge.png */; };
		CF6B6AA31A7FD1AE00A6CBA2 /* icon_knowledge_active.png in Resources */ = {isa = PBXBuildFile; fileRef = CF6B6A5A1A7FD1AE00A6CBA2 /* icon_knowledge_active.png */; };
		CF6B6AA41A7FD1AE00A6CBA2 /* icon_license.png in Resources */ = {isa = PBXBuildFile; fileRef = CF6B6A5B1A7FD1AE00A6CBA2 /* icon_license.png */; };
		CF6B6AA51A7FD1AE00A6CBA2 /* icon_license_active.png in Resources */ = {isa = PBXBuildFile; fileRef = CF6B6A5C1A7FD1AE00A6CBA2 /* icon_license_active.png */; };
		CF6B6AA61A7FD1AE00A6CBA2 /* icon_load_more.png in Resources */ = {isa = PBXBuildFile; fileRef = CF6B6A5D1A7FD1AE00A6CBA2 /* icon_load_more.png */; };
		CF6B6AA71A7FD1AE00A6CBA2 /* icon_location.png in Resources */ = {isa = PBXBuildFile; fileRef = CF6B6A5E1A7FD1AE00A6CBA2 /* icon_location.png */; };
		CF6B6AA81A7FD1AE00A6CBA2 /* icon_location_active.png in Resources */ = {isa = PBXBuildFile; fileRef = CF6B6A5F1A7FD1AE00A6CBA2 /* icon_location_active.png */; };
		CF6B6AA91A7FD1AE00A6CBA2 /* icon_main_knowledge.png in Resources */ = {isa = PBXBuildFile; fileRef = CF6B6A601A7FD1AE00A6CBA2 /* icon_main_knowledge.png */; };
		CF6B6AAA1A7FD1AE00A6CBA2 /* icon_main_person.png in Resources */ = {isa = PBXBuildFile; fileRef = CF6B6A611A7FD1AE00A6CBA2 /* icon_main_person.png */; };
		CF6B6AAB1A7FD1AE00A6CBA2 /* icon_main_process.png in Resources */ = {isa = PBXBuildFile; fileRef = CF6B6A621A7FD1AE00A6CBA2 /* icon_main_process.png */; };
		CF6B6AAC1A7FD1AE00A6CBA2 /* icon_main_square.png in Resources */ = {isa = PBXBuildFile; fileRef = CF6B6A631A7FD1AE00A6CBA2 /* icon_main_square.png */; };
		CF6B6AAD1A7FD1AE00A6CBA2 /* icon_money.png in Resources */ = {isa = PBXBuildFile; fileRef = CF6B6A641A7FD1AE00A6CBA2 /* icon_money.png */; };
		CF6B6AAE1A7FD1AE00A6CBA2 /* icon_more.png in Resources */ = {isa = PBXBuildFile; fileRef = CF6B6A651A7FD1AE00A6CBA2 /* icon_more.png */; };
		CF6B6AAF1A7FD1AE00A6CBA2 /* icon_next.png in Resources */ = {isa = PBXBuildFile; fileRef = CF6B6A661A7FD1AE00A6CBA2 /* icon_next.png */; };
		CF6B6AB01A7FD1AE00A6CBA2 /* icon_page.png in Resources */ = {isa = PBXBuildFile; fileRef = CF6B6A671A7FD1AE00A6CBA2 /* icon_page.png */; };
		CF6B6AB11A7FD1AE00A6CBA2 /* icon_paper.png in Resources */ = {isa = PBXBuildFile; fileRef = CF6B6A681A7FD1AE00A6CBA2 /* icon_paper.png */; };
		CF6B6AB21A7FD1AE00A6CBA2 /* icon_person.png in Resources */ = {isa = PBXBuildFile; fileRef = CF6B6A691A7FD1AE00A6CBA2 /* icon_person.png */; };
		CF6B6AB31A7FD1AE00A6CBA2 /* icon_point.png in Resources */ = {isa = PBXBuildFile; fileRef = CF6B6A6A1A7FD1AE00A6CBA2 /* icon_point.png */; };
		CF6B6AB41A7FD1AE00A6CBA2 /* icon_police.png in Resources */ = {isa = PBXBuildFile; fileRef = CF6B6A6B1A7FD1AE00A6CBA2 /* icon_police.png */; };
		CF6B6AB51A7FD1AE00A6CBA2 /* icon_previous.png in Resources */ = {isa = PBXBuildFile; fileRef = CF6B6A6C1A7FD1AE00A6CBA2 /* icon_previous.png */; };
		CF6B6AB61A7FD1AE00A6CBA2 /* icon_return.png in Resources */ = {isa = PBXBuildFile; fileRef = CF6B6A6D1A7FD1AE00A6CBA2 /* icon_return.png */; };
		CF6B6AB71A7FD1AE00A6CBA2 /* icon_road.png in Resources */ = {isa = PBXBuildFile; fileRef = CF6B6A6E1A7FD1AE00A6CBA2 /* icon_road.png */; };
		CF6B6AB81A7FD1AE00A6CBA2 /* icon_roadblock.png in Resources */ = {isa = PBXBuildFile; fileRef = CF6B6A6F1A7FD1AE00A6CBA2 /* icon_roadblock.png */; };
		CF6B6AB91A7FD1AE00A6CBA2 /* icon_search.png in Resources */ = {isa = PBXBuildFile; fileRef = CF6B6A701A7FD1AE00A6CBA2 /* icon_search.png */; };
		CF6B6ABA1A7FD1AE00A6CBA2 /* icon_star.png in Resources */ = {isa = PBXBuildFile; fileRef = CF6B6A711A7FD1AE00A6CBA2 /* icon_star.png */; };
		CF6B6ABB1A7FD1AE00A6CBA2 /* icon_success.png in Resources */ = {isa = PBXBuildFile; fileRef = CF6B6A721A7FD1AE00A6CBA2 /* icon_success.png */; };
		CF6B6ABC1A7FD1AE00A6CBA2 /* icon_table.png in Resources */ = {isa = PBXBuildFile; fileRef = CF6B6A731A7FD1AE00A6CBA2 /* icon_table.png */; };
		CF6B6ABD1A7FD1AE00A6CBA2 /* icon_traffic.png in Resources */ = {isa = PBXBuildFile; fileRef = CF6B6A741A7FD1AE00A6CBA2 /* icon_traffic.png */; };
		CF6B6ABE1A7FD1AE00A6CBA2 /* icon_trainee.png in Resources */ = {isa = PBXBuildFile; fileRef = CF6B6A751A7FD1AE00A6CBA2 /* icon_trainee.png */; };
		CF6B6ABF1A7FD1AE00A6CBA2 /* icon_trainee_active.png in Resources */ = {isa = PBXBuildFile; fileRef = CF6B6A761A7FD1AE00A6CBA2 /* icon_trainee_active.png */; };
		CF6B6AC01A7FD1AE00A6CBA2 /* icon_trip.png in Resources */ = {isa = PBXBuildFile; fileRef = CF6B6A771A7FD1AE00A6CBA2 /* icon_trip.png */; };
		CF6B6AC11A7FD1AE00A6CBA2 /* account_default_avatar.png in Resources */ = {isa = PBXBuildFile; fileRef = CF6B6A791A7FD1AE00A6CBA2 /* account_default_avatar.png */; };
		CF6B6AC41A7FD2A800A6CBA2 /* KnowledgeViewController.m in Sources */ = {isa = PBXBuildFile; fileRef = CF6B6AC31A7FD2A800A6CBA2 /* KnowledgeViewController.m */; };
		CF6B6AC71A7FD2C200A6CBA2 /* CoachViewController.m in Sources */ = {isa = PBXBuildFile; fileRef = CF6B6AC61A7FD2C200A6CBA2 /* CoachViewController.m */; };
		CF6B6ACA1A7FD2D700A6CBA2 /* ProcessViewController.m in Sources */ = {isa = PBXBuildFile; fileRef = CF6B6AC91A7FD2D700A6CBA2 /* ProcessViewController.m */; };
		CF6B6ACD1A7FD2E400A6CBA2 /* MemberCenterViewController.m in Sources */ = {isa = PBXBuildFile; fileRef = CF6B6ACC1A7FD2E400A6CBA2 /* MemberCenterViewController.m */; };
		CF6B6AD01A7FD36600A6CBA2 /* RootBarViewController.m in Sources */ = {isa = PBXBuildFile; fileRef = CF6B6ACF1A7FD36600A6CBA2 /* RootBarViewController.m */; };
		CF6B6AD81A7FD68C00A6CBA2 /* BaseViewController.m in Sources */ = {isa = PBXBuildFile; fileRef = CF6B6AD71A7FD68C00A6CBA2 /* BaseViewController.m */; };
		CF6B6ADD1A7FD82300A6CBA2 /* icon_main_knowledge@2x.png in Resources */ = {isa = PBXBuildFile; fileRef = CF6B6ADC1A7FD82300A6CBA2 /* icon_main_knowledge@2x.png */; };
		CF6B6AE11A7FD89400A6CBA2 /* icon_main_person@2x.png in Resources */ = {isa = PBXBuildFile; fileRef = CF6B6ADE1A7FD89400A6CBA2 /* icon_main_person@2x.png */; };
		CF6B6AE21A7FD89400A6CBA2 /* icon_main_process@2x.png in Resources */ = {isa = PBXBuildFile; fileRef = CF6B6ADF1A7FD89400A6CBA2 /* icon_main_process@2x.png */; };
		CF6B6AE31A7FD89400A6CBA2 /* icon_main_square@2x.png in Resources */ = {isa = PBXBuildFile; fileRef = CF6B6AE01A7FD89400A6CBA2 /* icon_main_square@2x.png */; };
		CF6B6B2F1A7FDAB800A6CBA2 /* AFHTTPRequestOperation.m in Sources */ = {isa = PBXBuildFile; fileRef = CF6B6AE61A7FDAB800A6CBA2 /* AFHTTPRequestOperation.m */; };
		CF6B6B301A7FDAB800A6CBA2 /* AFHTTPRequestOperationManager.m in Sources */ = {isa = PBXBuildFile; fileRef = CF6B6AE81A7FDAB800A6CBA2 /* AFHTTPRequestOperationManager.m */; };
		CF6B6B311A7FDAB800A6CBA2 /* AFHTTPSessionManager.m in Sources */ = {isa = PBXBuildFile; fileRef = CF6B6AEA1A7FDAB800A6CBA2 /* AFHTTPSessionManager.m */; };
		CF6B6B321A7FDAB800A6CBA2 /* AFNetworkReachabilityManager.m in Sources */ = {isa = PBXBuildFile; fileRef = CF6B6AED1A7FDAB800A6CBA2 /* AFNetworkReachabilityManager.m */; };
		CF6B6B331A7FDAB800A6CBA2 /* AFSecurityPolicy.m in Sources */ = {isa = PBXBuildFile; fileRef = CF6B6AEF1A7FDAB800A6CBA2 /* AFSecurityPolicy.m */; };
		CF6B6B341A7FDAB800A6CBA2 /* AFURLConnectionOperation.m in Sources */ = {isa = PBXBuildFile; fileRef = CF6B6AF11A7FDAB800A6CBA2 /* AFURLConnectionOperation.m */; };
		CF6B6B351A7FDAB800A6CBA2 /* AFURLRequestSerialization.m in Sources */ = {isa = PBXBuildFile; fileRef = CF6B6AF31A7FDAB800A6CBA2 /* AFURLRequestSerialization.m */; };
		CF6B6B361A7FDAB800A6CBA2 /* AFURLResponseSerialization.m in Sources */ = {isa = PBXBuildFile; fileRef = CF6B6AF51A7FDAB800A6CBA2 /* AFURLResponseSerialization.m */; };
		CF6B6B371A7FDAB800A6CBA2 /* AFURLSessionManager.m in Sources */ = {isa = PBXBuildFile; fileRef = CF6B6AF71A7FDAB800A6CBA2 /* AFURLSessionManager.m */; };
		CF6B6B381A7FDAB800A6CBA2 /* AFNetworkActivityIndicatorManager.m in Sources */ = {isa = PBXBuildFile; fileRef = CF6B6AFA1A7FDAB800A6CBA2 /* AFNetworkActivityIndicatorManager.m */; };
		CF6B6B391A7FDAB800A6CBA2 /* UIActivityIndicatorView+AFNetworking.m in Sources */ = {isa = PBXBuildFile; fileRef = CF6B6AFC1A7FDAB800A6CBA2 /* UIActivityIndicatorView+AFNetworking.m */; };
		CF6B6B3A1A7FDAB800A6CBA2 /* UIAlertView+AFNetworking.m in Sources */ = {isa = PBXBuildFile; fileRef = CF6B6AFE1A7FDAB800A6CBA2 /* UIAlertView+AFNetworking.m */; };
		CF6B6B3B1A7FDAB800A6CBA2 /* UIButton+AFNetworking.m in Sources */ = {isa = PBXBuildFile; fileRef = CF6B6B001A7FDAB800A6CBA2 /* UIButton+AFNetworking.m */; };
		CF6B6B3C1A7FDAB800A6CBA2 /* UIImageView+AFNetworking.m in Sources */ = {isa = PBXBuildFile; fileRef = CF6B6B021A7FDAB800A6CBA2 /* UIImageView+AFNetworking.m */; };
		CF6B6B3D1A7FDAB800A6CBA2 /* UIProgressView+AFNetworking.m in Sources */ = {isa = PBXBuildFile; fileRef = CF6B6B051A7FDAB800A6CBA2 /* UIProgressView+AFNetworking.m */; };
		CF6B6B3E1A7FDAB800A6CBA2 /* UIRefreshControl+AFNetworking.m in Sources */ = {isa = PBXBuildFile; fileRef = CF6B6B071A7FDAB800A6CBA2 /* UIRefreshControl+AFNetworking.m */; };
		CF6B6B3F1A7FDAB800A6CBA2 /* UIWebView+AFNetworking.m in Sources */ = {isa = PBXBuildFile; fileRef = CF6B6B091A7FDAB800A6CBA2 /* UIWebView+AFNetworking.m */; };
		CF6B6B401A7FDAB800A6CBA2 /* MBProgressHUD.m in Sources */ = {isa = PBXBuildFile; fileRef = CF6B6B0C1A7FDAB800A6CBA2 /* MBProgressHUD.m */; };
		CF6B6B411A7FDAB800A6CBA2 /* MKAnnotationView+WebCache.m in Sources */ = {isa = PBXBuildFile; fileRef = CF6B6B0F1A7FDAB800A6CBA2 /* MKAnnotationView+WebCache.m */; };
		CF6B6B421A7FDAB800A6CBA2 /* NSData+ImageContentType.m in Sources */ = {isa = PBXBuildFile; fileRef = CF6B6B111A7FDAB800A6CBA2 /* NSData+ImageContentType.m */; };
		CF6B6B431A7FDAB800A6CBA2 /* SDImageCache.m in Sources */ = {isa = PBXBuildFile; fileRef = CF6B6B131A7FDAB800A6CBA2 /* SDImageCache.m */; };
		CF6B6B441A7FDAB800A6CBA2 /* SDWebImageCompat.m in Sources */ = {isa = PBXBuildFile; fileRef = CF6B6B151A7FDAB800A6CBA2 /* SDWebImageCompat.m */; };
		CF6B6B451A7FDAB800A6CBA2 /* SDWebImageDecoder.m in Sources */ = {isa = PBXBuildFile; fileRef = CF6B6B171A7FDAB800A6CBA2 /* SDWebImageDecoder.m */; };
		CF6B6B461A7FDAB800A6CBA2 /* SDWebImageDownloader.m in Sources */ = {isa = PBXBuildFile; fileRef = CF6B6B191A7FDAB800A6CBA2 /* SDWebImageDownloader.m */; };
		CF6B6B471A7FDAB800A6CBA2 /* SDWebImageDownloaderOperation.m in Sources */ = {isa = PBXBuildFile; fileRef = CF6B6B1B1A7FDAB800A6CBA2 /* SDWebImageDownloaderOperation.m */; };
		CF6B6B481A7FDAB800A6CBA2 /* SDWebImageManager.m in Sources */ = {isa = PBXBuildFile; fileRef = CF6B6B1D1A7FDAB800A6CBA2 /* SDWebImageManager.m */; };
		CF6B6B491A7FDAB800A6CBA2 /* SDWebImagePrefetcher.m in Sources */ = {isa = PBXBuildFile; fileRef = CF6B6B201A7FDAB800A6CBA2 /* SDWebImagePrefetcher.m */; };
		CF6B6B4A1A7FDAB800A6CBA2 /* UIButton+WebCache.m in Sources */ = {isa = PBXBuildFile; fileRef = CF6B6B221A7FDAB800A6CBA2 /* UIButton+WebCache.m */; };
		CF6B6B4B1A7FDAB800A6CBA2 /* UIImage+GIF.m in Sources */ = {isa = PBXBuildFile; fileRef = CF6B6B241A7FDAB800A6CBA2 /* UIImage+GIF.m */; };
		CF6B6B4C1A7FDAB800A6CBA2 /* UIImage+MultiFormat.m in Sources */ = {isa = PBXBuildFile; fileRef = CF6B6B261A7FDAB800A6CBA2 /* UIImage+MultiFormat.m */; };
		CF6B6B4D1A7FDAB800A6CBA2 /* UIImage+WebP.m in Sources */ = {isa = PBXBuildFile; fileRef = CF6B6B281A7FDAB800A6CBA2 /* UIImage+WebP.m */; };
		CF6B6B4E1A7FDAB800A6CBA2 /* UIImageView+HighlightedWebCache.m in Sources */ = {isa = PBXBuildFile; fileRef = CF6B6B2A1A7FDAB800A6CBA2 /* UIImageView+HighlightedWebCache.m */; };
		CF6B6B4F1A7FDAB800A6CBA2 /* UIImageView+WebCache.m in Sources */ = {isa = PBXBuildFile; fileRef = CF6B6B2C1A7FDAB800A6CBA2 /* UIImageView+WebCache.m */; };
		CF6B6B501A7FDAB800A6CBA2 /* UIView+WebCacheOperation.m in Sources */ = {isa = PBXBuildFile; fileRef = CF6B6B2E1A7FDAB800A6CBA2 /* UIView+WebCacheOperation.m */; };
		CF6B6B531A7FDADF00A6CBA2 /* PublicConfig.m in Sources */ = {isa = PBXBuildFile; fileRef = CF6B6B521A7FDADF00A6CBA2 /* PublicConfig.m */; };
		CFB7BB9D1A713BC000535476 /* main.m in Sources */ = {isa = PBXBuildFile; fileRef = CFB7BB9C1A713BC000535476 /* main.m */; };
		CFB7BBA01A713BC000535476 /* AppDelegate.m in Sources */ = {isa = PBXBuildFile; fileRef = CFB7BB9F1A713BC000535476 /* AppDelegate.m */; };
		CFB7BBA81A713BC100535476 /* Images.xcassets in Resources */ = {isa = PBXBuildFile; fileRef = CFB7BBA71A713BC100535476 /* Images.xcassets */; };
		CFB7BBB71A713BC100535476 /* StudentTests.m in Sources */ = {isa = PBXBuildFile; fileRef = CFB7BBB61A713BC100535476 /* StudentTests.m */; };
/* End PBXBuildFile section */

/* Begin PBXContainerItemProxy section */
		CFB7BBB11A713BC100535476 /* PBXContainerItemProxy */ = {
			isa = PBXContainerItemProxy;
			containerPortal = CFB7BB8F1A713BC000535476 /* Project object */;
			proxyType = 1;
			remoteGlobalIDString = CFB7BB961A713BC000535476;
			remoteInfo = Student;
		};
/* End PBXContainerItemProxy section */

/* Begin PBXFileReference section */
		CF6B6A281A7FD1AE00A6CBA2 /* register_account_bg.png */ = {isa = PBXFileReference; lastKnownFileType = image.png; path = register_account_bg.png; sourceTree = "<group>"; };
		CF6B6A291A7FD1AE00A6CBA2 /* register_btn_confirm.png */ = {isa = PBXFileReference; lastKnownFileType = image.png; path = register_btn_confirm.png; sourceTree = "<group>"; };
		CF6B6A2A1A7FD1AE00A6CBA2 /* register_btn_send_code.png */ = {isa = PBXFileReference; lastKnownFileType = image.png; path = register_btn_send_code.png; sourceTree = "<group>"; };
		CF6B6A2B1A7FD1AE00A6CBA2 /* register_code_bg.png */ = {isa = PBXFileReference; lastKnownFileType = image.png; path = register_code_bg.png; sourceTree = "<group>"; };
		CF6B6A2C1A7FD1AE00A6CBA2 /* register_input_bg.png */ = {isa = PBXFileReference; lastKnownFileType = image.png; path = register_input_bg.png; sourceTree = "<group>"; };
		CF6B6A2E1A7FD1AE00A6CBA2 /* account_avatar_cover.png */ = {isa = PBXFileReference; lastKnownFileType = image.png; path = account_avatar_cover.png; sourceTree = "<group>"; };
		CF6B6A301A7FD1AE00A6CBA2 /* btn_confirm.png */ = {isa = PBXFileReference; lastKnownFileType = image.png; path = btn_confirm.png; sourceTree = "<group>"; };
		CF6B6A311A7FD1AE00A6CBA2 /* checkbox_default.png */ = {isa = PBXFileReference; lastKnownFileType = image.png; path = checkbox_default.png; sourceTree = "<group>"; };
		CF6B6A321A7FD1AE00A6CBA2 /* checkbox_default_checked.png */ = {isa = PBXFileReference; lastKnownFileType = image.png; path = checkbox_default_checked.png; sourceTree = "<group>"; };
		CF6B6A331A7FD1AE00A6CBA2 /* input_bar_search.png */ = {isa = PBXFileReference; lastKnownFileType = image.png; path = input_bar_search.png; sourceTree = "<group>"; };
		CF6B6A341A7FD1AE00A6CBA2 /* input_full.png */ = {isa = PBXFileReference; lastKnownFileType = image.png; path = input_full.png; sourceTree = "<group>"; };
		CF6B6A351A7FD1AE00A6CBA2 /* radio_default.png */ = {isa = PBXFileReference; lastKnownFileType = image.png; path = radio_default.png; sourceTree = "<group>"; };
		CF6B6A361A7FD1AE00A6CBA2 /* radio_default_checked.png */ = {isa = PBXFileReference; lastKnownFileType = image.png; path = radio_default_checked.png; sourceTree = "<group>"; };
		CF6B6A381A7FD1AE00A6CBA2 /* square_avatar_cover.png */ = {isa = PBXFileReference; lastKnownFileType = image.png; path = square_avatar_cover.png; sourceTree = "<group>"; };
		CF6B6A391A7FD1AE00A6CBA2 /* square_item_bg.png */ = {isa = PBXFileReference; lastKnownFileType = image.png; path = square_item_bg.png; sourceTree = "<group>"; };
		CF6B6A3B1A7FD1AE00A6CBA2 /* sqaure_detail_btn_order_sm.png */ = {isa = PBXFileReference; lastKnownFileType = image.png; path = sqaure_detail_btn_order_sm.png; sourceTree = "<group>"; };
		CF6B6A3C1A7FD1AE00A6CBA2 /* square_detail_bg.png */ = {isa = PBXFileReference; lastKnownFileType = image.png; path = square_detail_bg.png; sourceTree = "<group>"; };
		CF6B6A3D1A7FD1AE00A6CBA2 /* square_detail_btn_order.png */ = {isa = PBXFileReference; lastKnownFileType = image.png; path = square_detail_btn_order.png; sourceTree = "<group>"; };
		CF6B6A3E1A7FD1AE00A6CBA2 /* square_detail_location.png */ = {isa = PBXFileReference; lastKnownFileType = image.png; path = square_detail_location.png; sourceTree = "<group>"; };
		CF6B6A3F1A7FD1AE00A6CBA2 /* square_detail_timetable_bg.png */ = {isa = PBXFileReference; lastKnownFileType = image.png; path = square_detail_timetable_bg.png; sourceTree = "<group>"; };
		CF6B6A411A7FD1AE00A6CBA2 /* modelTest_countdown_bg.png */ = {isa = PBXFileReference; lastKnownFileType = image.png; path = modelTest_countdown_bg.png; sourceTree = "<group>"; };
		CF6B6A421A7FD1AE00A6CBA2 /* modelTest_next.png */ = {isa = PBXFileReference; lastKnownFileType = image.png; path = modelTest_next.png; sourceTree = "<group>"; };
		CF6B6A441A7FD1AE00A6CBA2 /* course_btn_confirm_active.png */ = {isa = PBXFileReference; lastKnownFileType = image.png; path = course_btn_confirm_active.png; sourceTree = "<group>"; };
		CF6B6A451A7FD1AE00A6CBA2 /* notification_course_bg.png */ = {isa = PBXFileReference; lastKnownFileType = image.png; path = notification_course_bg.png; sourceTree = "<group>"; };
		CF6B6A461A7FD1AE00A6CBA2 /* notification_course_btn_confirm.png */ = {isa = PBXFileReference; lastKnownFileType = image.png; path = notification_course_btn_confirm.png; sourceTree = "<group>"; };
		CF6B6A471A7FD1AE00A6CBA2 /* notification_course_btn_reject.png */ = {isa = PBXFileReference; lastKnownFileType = image.png; path = notification_course_btn_reject.png; sourceTree = "<group>"; };
		CF6B6A481A7FD1AE00A6CBA2 /* notification_course_btn_reject_active.png */ = {isa = PBXFileReference; lastKnownFileType = image.png; path = notification_course_btn_reject_active.png; sourceTree = "<group>"; };
		CF6B6A4B1A7FD1AE00A6CBA2 /* notification_order_btn_cancel.png */ = {isa = PBXFileReference; lastKnownFileType = image.png; path = notification_order_btn_cancel.png; sourceTree = "<group>"; };
		CF6B6A4C1A7FD1AE00A6CBA2 /* notification_order_btn_cancel_active.png */ = {isa = PBXFileReference; lastKnownFileType = image.png; path = notification_order_btn_cancel_active.png; sourceTree = "<group>"; };
		CF6B6A4E1A7FD1AE00A6CBA2 /* icon_bar_person.png */ = {isa = PBXFileReference; lastKnownFileType = image.png; path = icon_bar_person.png; sourceTree = "<group>"; };
		CF6B6A4F1A7FD1AE00A6CBA2 /* icon_book.png */ = {isa = PBXFileReference; lastKnownFileType = image.png; path = icon_book.png; sourceTree = "<group>"; };
		CF6B6A501A7FD1AE00A6CBA2 /* icon_book_active.png */ = {isa = PBXFileReference; lastKnownFileType = image.png; path = icon_book_active.png; sourceTree = "<group>"; };
		CF6B6A511A7FD1AE00A6CBA2 /* icon_cheap.png */ = {isa = PBXFileReference; lastKnownFileType = image.png; path = icon_cheap.png; sourceTree = "<group>"; };
		CF6B6A521A7FD1AE00A6CBA2 /* icon_cheap_active.png */ = {isa = PBXFileReference; lastKnownFileType = image.png; path = icon_cheap_active.png; sourceTree = "<group>"; };
		CF6B6A531A7FD1AE00A6CBA2 /* icon_clock.png */ = {isa = PBXFileReference; lastKnownFileType = image.png; path = icon_clock.png; sourceTree = "<group>"; };
		CF6B6A541A7FD1AE00A6CBA2 /* icon_drive.png */ = {isa = PBXFileReference; lastKnownFileType = image.png; path = icon_drive.png; sourceTree = "<group>"; };
		CF6B6A551A7FD1AE00A6CBA2 /* icon_drive_active.png */ = {isa = PBXFileReference; lastKnownFileType = image.png; path = icon_drive_active.png; sourceTree = "<group>"; };
		CF6B6A561A7FD1AE00A6CBA2 /* icon_evaluation.png */ = {isa = PBXFileReference; lastKnownFileType = image.png; path = icon_evaluation.png; sourceTree = "<group>"; };
		CF6B6A571A7FD1AE00A6CBA2 /* icon_evaluation_active.png */ = {isa = PBXFileReference; lastKnownFileType = image.png; path = icon_evaluation_active.png; sourceTree = "<group>"; };
		CF6B6A581A7FD1AE00A6CBA2 /* icon_flag.png */ = {isa = PBXFileReference; lastKnownFileType = image.png; path = icon_flag.png; sourceTree = "<group>"; };
		CF6B6A591A7FD1AE00A6CBA2 /* icon_knowledge.png */ = {isa = PBXFileReference; lastKnownFileType = image.png; path = icon_knowledge.png; sourceTree = "<group>"; };
		CF6B6A5A1A7FD1AE00A6CBA2 /* icon_knowledge_active.png */ = {isa = PBXFileReference; lastKnownFileType = image.png; path = icon_knowledge_active.png; sourceTree = "<group>"; };
		CF6B6A5B1A7FD1AE00A6CBA2 /* icon_license.png */ = {isa = PBXFileReference; lastKnownFileType = image.png; path = icon_license.png; sourceTree = "<group>"; };
		CF6B6A5C1A7FD1AE00A6CBA2 /* icon_license_active.png */ = {isa = PBXFileReference; lastKnownFileType = image.png; path = icon_license_active.png; sourceTree = "<group>"; };
		CF6B6A5D1A7FD1AE00A6CBA2 /* icon_load_more.png */ = {isa = PBXFileReference; lastKnownFileType = image.png; path = icon_load_more.png; sourceTree = "<group>"; };
		CF6B6A5E1A7FD1AE00A6CBA2 /* icon_location.png */ = {isa = PBXFileReference; lastKnownFileType = image.png; path = icon_location.png; sourceTree = "<group>"; };
		CF6B6A5F1A7FD1AE00A6CBA2 /* icon_location_active.png */ = {isa = PBXFileReference; lastKnownFileType = image.png; path = icon_location_active.png; sourceTree = "<group>"; };
		CF6B6A601A7FD1AE00A6CBA2 /* icon_main_knowledge.png */ = {isa = PBXFileReference; lastKnownFileType = image.png; path = icon_main_knowledge.png; sourceTree = "<group>"; };
		CF6B6A611A7FD1AE00A6CBA2 /* icon_main_person.png */ = {isa = PBXFileReference; lastKnownFileType = image.png; path = icon_main_person.png; sourceTree = "<group>"; };
		CF6B6A621A7FD1AE00A6CBA2 /* icon_main_process.png */ = {isa = PBXFileReference; lastKnownFileType = image.png; path = icon_main_process.png; sourceTree = "<group>"; };
		CF6B6A631A7FD1AE00A6CBA2 /* icon_main_square.png */ = {isa = PBXFileReference; lastKnownFileType = image.png; path = icon_main_square.png; sourceTree = "<group>"; };
		CF6B6A641A7FD1AE00A6CBA2 /* icon_money.png */ = {isa = PBXFileReference; lastKnownFileType = image.png; path = icon_money.png; sourceTree = "<group>"; };
		CF6B6A651A7FD1AE00A6CBA2 /* icon_more.png */ = {isa = PBXFileReference; lastKnownFileType = image.png; path = icon_more.png; sourceTree = "<group>"; };
		CF6B6A661A7FD1AE00A6CBA2 /* icon_next.png */ = {isa = PBXFileReference; lastKnownFileType = image.png; path = icon_next.png; sourceTree = "<group>"; };
		CF6B6A671A7FD1AE00A6CBA2 /* icon_page.png */ = {isa = PBXFileReference; lastKnownFileType = image.png; path = icon_page.png; sourceTree = "<group>"; };
		CF6B6A681A7FD1AE00A6CBA2 /* icon_paper.png */ = {isa = PBXFileReference; lastKnownFileType = image.png; path = icon_paper.png; sourceTree = "<group>"; };
		CF6B6A691A7FD1AE00A6CBA2 /* icon_person.png */ = {isa = PBXFileReference; lastKnownFileType = image.png; path = icon_person.png; sourceTree = "<group>"; };
		CF6B6A6A1A7FD1AE00A6CBA2 /* icon_point.png */ = {isa = PBXFileReference; lastKnownFileType = image.png; path = icon_point.png; sourceTree = "<group>"; };
		CF6B6A6B1A7FD1AE00A6CBA2 /* icon_police.png */ = {isa = PBXFileReference; lastKnownFileType = image.png; path = icon_police.png; sourceTree = "<group>"; };
		CF6B6A6C1A7FD1AE00A6CBA2 /* icon_previous.png */ = {isa = PBXFileReference; lastKnownFileType = image.png; path = icon_previous.png; sourceTree = "<group>"; };
		CF6B6A6D1A7FD1AE00A6CBA2 /* icon_return.png */ = {isa = PBXFileReference; lastKnownFileType = image.png; path = icon_return.png; sourceTree = "<group>"; };
		CF6B6A6E1A7FD1AE00A6CBA2 /* icon_road.png */ = {isa = PBXFileReference; lastKnownFileType = image.png; path = icon_road.png; sourceTree = "<group>"; };
		CF6B6A6F1A7FD1AE00A6CBA2 /* icon_roadblock.png */ = {isa = PBXFileReference; lastKnownFileType = image.png; path = icon_roadblock.png; sourceTree = "<group>"; };
		CF6B6A701A7FD1AE00A6CBA2 /* icon_search.png */ = {isa = PBXFileReference; lastKnownFileType = image.png; path = icon_search.png; sourceTree = "<group>"; };
		CF6B6A711A7FD1AE00A6CBA2 /* icon_star.png */ = {isa = PBXFileReference; lastKnownFileType = image.png; path = icon_star.png; sourceTree = "<group>"; };
		CF6B6A721A7FD1AE00A6CBA2 /* icon_success.png */ = {isa = PBXFileReference; lastKnownFileType = image.png; path = icon_success.png; sourceTree = "<group>"; };
		CF6B6A731A7FD1AE00A6CBA2 /* icon_table.png */ = {isa = PBXFileReference; lastKnownFileType = image.png; path = icon_table.png; sourceTree = "<group>"; };
		CF6B6A741A7FD1AE00A6CBA2 /* icon_traffic.png */ = {isa = PBXFileReference; lastKnownFileType = image.png; path = icon_traffic.png; sourceTree = "<group>"; };
		CF6B6A751A7FD1AE00A6CBA2 /* icon_trainee.png */ = {isa = PBXFileReference; lastKnownFileType = image.png; path = icon_trainee.png; sourceTree = "<group>"; };
		CF6B6A761A7FD1AE00A6CBA2 /* icon_trainee_active.png */ = {isa = PBXFileReference; lastKnownFileType = image.png; path = icon_trainee_active.png; sourceTree = "<group>"; };
		CF6B6A771A7FD1AE00A6CBA2 /* icon_trip.png */ = {isa = PBXFileReference; lastKnownFileType = image.png; path = icon_trip.png; sourceTree = "<group>"; };
		CF6B6A791A7FD1AE00A6CBA2 /* account_default_avatar.png */ = {isa = PBXFileReference; lastKnownFileType = image.png; path = account_default_avatar.png; sourceTree = "<group>"; };
		CF6B6AC21A7FD2A800A6CBA2 /* KnowledgeViewController.h */ = {isa = PBXFileReference; fileEncoding = 4; lastKnownFileType = sourcecode.c.h; path = KnowledgeViewController.h; sourceTree = "<group>"; };
		CF6B6AC31A7FD2A800A6CBA2 /* KnowledgeViewController.m */ = {isa = PBXFileReference; fileEncoding = 4; lastKnownFileType = sourcecode.c.objc; path = KnowledgeViewController.m; sourceTree = "<group>"; };
		CF6B6AC51A7FD2C200A6CBA2 /* CoachViewController.h */ = {isa = PBXFileReference; fileEncoding = 4; lastKnownFileType = sourcecode.c.h; path = CoachViewController.h; sourceTree = "<group>"; };
		CF6B6AC61A7FD2C200A6CBA2 /* CoachViewController.m */ = {isa = PBXFileReference; fileEncoding = 4; lastKnownFileType = sourcecode.c.objc; path = CoachViewController.m; sourceTree = "<group>"; };
		CF6B6AC81A7FD2D700A6CBA2 /* ProcessViewController.h */ = {isa = PBXFileReference; fileEncoding = 4; lastKnownFileType = sourcecode.c.h; path = ProcessViewController.h; sourceTree = "<group>"; };
		CF6B6AC91A7FD2D700A6CBA2 /* ProcessViewController.m */ = {isa = PBXFileReference; fileEncoding = 4; lastKnownFileType = sourcecode.c.objc; path = ProcessViewController.m; sourceTree = "<group>"; };
		CF6B6ACB1A7FD2E400A6CBA2 /* MemberCenterViewController.h */ = {isa = PBXFileReference; fileEncoding = 4; lastKnownFileType = sourcecode.c.h; path = MemberCenterViewController.h; sourceTree = "<group>"; };
		CF6B6ACC1A7FD2E400A6CBA2 /* MemberCenterViewController.m */ = {isa = PBXFileReference; fileEncoding = 4; lastKnownFileType = sourcecode.c.objc; path = MemberCenterViewController.m; sourceTree = "<group>"; };
		CF6B6ACE1A7FD36600A6CBA2 /* RootBarViewController.h */ = {isa = PBXFileReference; fileEncoding = 4; lastKnownFileType = sourcecode.c.h; path = RootBarViewController.h; sourceTree = "<group>"; };
		CF6B6ACF1A7FD36600A6CBA2 /* RootBarViewController.m */ = {isa = PBXFileReference; fileEncoding = 4; lastKnownFileType = sourcecode.c.objc; path = RootBarViewController.m; sourceTree = "<group>"; };
		CF6B6AD61A7FD68C00A6CBA2 /* BaseViewController.h */ = {isa = PBXFileReference; fileEncoding = 4; lastKnownFileType = sourcecode.c.h; path = BaseViewController.h; sourceTree = "<group>"; };
		CF6B6AD71A7FD68C00A6CBA2 /* BaseViewController.m */ = {isa = PBXFileReference; fileEncoding = 4; lastKnownFileType = sourcecode.c.objc; path = BaseViewController.m; sourceTree = "<group>"; };
		CF6B6ADC1A7FD82300A6CBA2 /* icon_main_knowledge@2x.png */ = {isa = PBXFileReference; lastKnownFileType = image.png; path = "icon_main_knowledge@2x.png"; sourceTree = "<group>"; };
		CF6B6ADE1A7FD89400A6CBA2 /* icon_main_person@2x.png */ = {isa = PBXFileReference; lastKnownFileType = image.png; path = "icon_main_person@2x.png"; sourceTree = "<group>"; };
		CF6B6ADF1A7FD89400A6CBA2 /* icon_main_process@2x.png */ = {isa = PBXFileReference; lastKnownFileType = image.png; path = "icon_main_process@2x.png"; sourceTree = "<group>"; };
		CF6B6AE01A7FD89400A6CBA2 /* icon_main_square@2x.png */ = {isa = PBXFileReference; lastKnownFileType = image.png; path = "icon_main_square@2x.png"; sourceTree = "<group>"; };
		CF6B6AE51A7FDAB800A6CBA2 /* AFHTTPRequestOperation.h */ = {isa = PBXFileReference; fileEncoding = 4; lastKnownFileType = sourcecode.c.h; path = AFHTTPRequestOperation.h; sourceTree = "<group>"; };
		CF6B6AE61A7FDAB800A6CBA2 /* AFHTTPRequestOperation.m */ = {isa = PBXFileReference; fileEncoding = 4; lastKnownFileType = sourcecode.c.objc; path = AFHTTPRequestOperation.m; sourceTree = "<group>"; };
		CF6B6AE71A7FDAB800A6CBA2 /* AFHTTPRequestOperationManager.h */ = {isa = PBXFileReference; fileEncoding = 4; lastKnownFileType = sourcecode.c.h; path = AFHTTPRequestOperationManager.h; sourceTree = "<group>"; };
		CF6B6AE81A7FDAB800A6CBA2 /* AFHTTPRequestOperationManager.m */ = {isa = PBXFileReference; fileEncoding = 4; lastKnownFileType = sourcecode.c.objc; path = AFHTTPRequestOperationManager.m; sourceTree = "<group>"; };
		CF6B6AE91A7FDAB800A6CBA2 /* AFHTTPSessionManager.h */ = {isa = PBXFileReference; fileEncoding = 4; lastKnownFileType = sourcecode.c.h; path = AFHTTPSessionManager.h; sourceTree = "<group>"; };
		CF6B6AEA1A7FDAB800A6CBA2 /* AFHTTPSessionManager.m */ = {isa = PBXFileReference; fileEncoding = 4; lastKnownFileType = sourcecode.c.objc; path = AFHTTPSessionManager.m; sourceTree = "<group>"; };
		CF6B6AEB1A7FDAB800A6CBA2 /* AFNetworking.h */ = {isa = PBXFileReference; fileEncoding = 4; lastKnownFileType = sourcecode.c.h; path = AFNetworking.h; sourceTree = "<group>"; };
		CF6B6AEC1A7FDAB800A6CBA2 /* AFNetworkReachabilityManager.h */ = {isa = PBXFileReference; fileEncoding = 4; lastKnownFileType = sourcecode.c.h; path = AFNetworkReachabilityManager.h; sourceTree = "<group>"; };
		CF6B6AED1A7FDAB800A6CBA2 /* AFNetworkReachabilityManager.m */ = {isa = PBXFileReference; fileEncoding = 4; lastKnownFileType = sourcecode.c.objc; path = AFNetworkReachabilityManager.m; sourceTree = "<group>"; };
		CF6B6AEE1A7FDAB800A6CBA2 /* AFSecurityPolicy.h */ = {isa = PBXFileReference; fileEncoding = 4; lastKnownFileType = sourcecode.c.h; path = AFSecurityPolicy.h; sourceTree = "<group>"; };
		CF6B6AEF1A7FDAB800A6CBA2 /* AFSecurityPolicy.m */ = {isa = PBXFileReference; fileEncoding = 4; lastKnownFileType = sourcecode.c.objc; path = AFSecurityPolicy.m; sourceTree = "<group>"; };
		CF6B6AF01A7FDAB800A6CBA2 /* AFURLConnectionOperation.h */ = {isa = PBXFileReference; fileEncoding = 4; lastKnownFileType = sourcecode.c.h; path = AFURLConnectionOperation.h; sourceTree = "<group>"; };
		CF6B6AF11A7FDAB800A6CBA2 /* AFURLConnectionOperation.m */ = {isa = PBXFileReference; fileEncoding = 4; lastKnownFileType = sourcecode.c.objc; path = AFURLConnectionOperation.m; sourceTree = "<group>"; };
		CF6B6AF21A7FDAB800A6CBA2 /* AFURLRequestSerialization.h */ = {isa = PBXFileReference; fileEncoding = 4; lastKnownFileType = sourcecode.c.h; path = AFURLRequestSerialization.h; sourceTree = "<group>"; };
		CF6B6AF31A7FDAB800A6CBA2 /* AFURLRequestSerialization.m */ = {isa = PBXFileReference; fileEncoding = 4; lastKnownFileType = sourcecode.c.objc; path = AFURLRequestSerialization.m; sourceTree = "<group>"; };
		CF6B6AF41A7FDAB800A6CBA2 /* AFURLResponseSerialization.h */ = {isa = PBXFileReference; fileEncoding = 4; lastKnownFileType = sourcecode.c.h; path = AFURLResponseSerialization.h; sourceTree = "<group>"; };
		CF6B6AF51A7FDAB800A6CBA2 /* AFURLResponseSerialization.m */ = {isa = PBXFileReference; fileEncoding = 4; lastKnownFileType = sourcecode.c.objc; path = AFURLResponseSerialization.m; sourceTree = "<group>"; };
		CF6B6AF61A7FDAB800A6CBA2 /* AFURLSessionManager.h */ = {isa = PBXFileReference; fileEncoding = 4; lastKnownFileType = sourcecode.c.h; path = AFURLSessionManager.h; sourceTree = "<group>"; };
		CF6B6AF71A7FDAB800A6CBA2 /* AFURLSessionManager.m */ = {isa = PBXFileReference; fileEncoding = 4; lastKnownFileType = sourcecode.c.objc; path = AFURLSessionManager.m; sourceTree = "<group>"; };
		CF6B6AF91A7FDAB800A6CBA2 /* AFNetworkActivityIndicatorManager.h */ = {isa = PBXFileReference; fileEncoding = 4; lastKnownFileType = sourcecode.c.h; path = AFNetworkActivityIndicatorManager.h; sourceTree = "<group>"; };
		CF6B6AFA1A7FDAB800A6CBA2 /* AFNetworkActivityIndicatorManager.m */ = {isa = PBXFileReference; fileEncoding = 4; lastKnownFileType = sourcecode.c.objc; path = AFNetworkActivityIndicatorManager.m; sourceTree = "<group>"; };
		CF6B6AFB1A7FDAB800A6CBA2 /* UIActivityIndicatorView+AFNetworking.h */ = {isa = PBXFileReference; fileEncoding = 4; lastKnownFileType = sourcecode.c.h; path = "UIActivityIndicatorView+AFNetworking.h"; sourceTree = "<group>"; };
		CF6B6AFC1A7FDAB800A6CBA2 /* UIActivityIndicatorView+AFNetworking.m */ = {isa = PBXFileReference; fileEncoding = 4; lastKnownFileType = sourcecode.c.objc; path = "UIActivityIndicatorView+AFNetworking.m"; sourceTree = "<group>"; };
		CF6B6AFD1A7FDAB800A6CBA2 /* UIAlertView+AFNetworking.h */ = {isa = PBXFileReference; fileEncoding = 4; lastKnownFileType = sourcecode.c.h; path = "UIAlertView+AFNetworking.h"; sourceTree = "<group>"; };
		CF6B6AFE1A7FDAB800A6CBA2 /* UIAlertView+AFNetworking.m */ = {isa = PBXFileReference; fileEncoding = 4; lastKnownFileType = sourcecode.c.objc; path = "UIAlertView+AFNetworking.m"; sourceTree = "<group>"; };
		CF6B6AFF1A7FDAB800A6CBA2 /* UIButton+AFNetworking.h */ = {isa = PBXFileReference; fileEncoding = 4; lastKnownFileType = sourcecode.c.h; path = "UIButton+AFNetworking.h"; sourceTree = "<group>"; };
		CF6B6B001A7FDAB800A6CBA2 /* UIButton+AFNetworking.m */ = {isa = PBXFileReference; fileEncoding = 4; lastKnownFileType = sourcecode.c.objc; path = "UIButton+AFNetworking.m"; sourceTree = "<group>"; };
		CF6B6B011A7FDAB800A6CBA2 /* UIImageView+AFNetworking.h */ = {isa = PBXFileReference; fileEncoding = 4; lastKnownFileType = sourcecode.c.h; path = "UIImageView+AFNetworking.h"; sourceTree = "<group>"; };
		CF6B6B021A7FDAB800A6CBA2 /* UIImageView+AFNetworking.m */ = {isa = PBXFileReference; fileEncoding = 4; lastKnownFileType = sourcecode.c.objc; path = "UIImageView+AFNetworking.m"; sourceTree = "<group>"; };
		CF6B6B031A7FDAB800A6CBA2 /* UIKit+AFNetworking.h */ = {isa = PBXFileReference; fileEncoding = 4; lastKnownFileType = sourcecode.c.h; path = "UIKit+AFNetworking.h"; sourceTree = "<group>"; };
		CF6B6B041A7FDAB800A6CBA2 /* UIProgressView+AFNetworking.h */ = {isa = PBXFileReference; fileEncoding = 4; lastKnownFileType = sourcecode.c.h; path = "UIProgressView+AFNetworking.h"; sourceTree = "<group>"; };
		CF6B6B051A7FDAB800A6CBA2 /* UIProgressView+AFNetworking.m */ = {isa = PBXFileReference; fileEncoding = 4; lastKnownFileType = sourcecode.c.objc; path = "UIProgressView+AFNetworking.m"; sourceTree = "<group>"; };
		CF6B6B061A7FDAB800A6CBA2 /* UIRefreshControl+AFNetworking.h */ = {isa = PBXFileReference; fileEncoding = 4; lastKnownFileType = sourcecode.c.h; path = "UIRefreshControl+AFNetworking.h"; sourceTree = "<group>"; };
		CF6B6B071A7FDAB800A6CBA2 /* UIRefreshControl+AFNetworking.m */ = {isa = PBXFileReference; fileEncoding = 4; lastKnownFileType = sourcecode.c.objc; path = "UIRefreshControl+AFNetworking.m"; sourceTree = "<group>"; };
		CF6B6B081A7FDAB800A6CBA2 /* UIWebView+AFNetworking.h */ = {isa = PBXFileReference; fileEncoding = 4; lastKnownFileType = sourcecode.c.h; path = "UIWebView+AFNetworking.h"; sourceTree = "<group>"; };
		CF6B6B091A7FDAB800A6CBA2 /* UIWebView+AFNetworking.m */ = {isa = PBXFileReference; fileEncoding = 4; lastKnownFileType = sourcecode.c.objc; path = "UIWebView+AFNetworking.m"; sourceTree = "<group>"; };
		CF6B6B0B1A7FDAB800A6CBA2 /* MBProgressHUD.h */ = {isa = PBXFileReference; fileEncoding = 4; lastKnownFileType = sourcecode.c.h; path = MBProgressHUD.h; sourceTree = "<group>"; };
		CF6B6B0C1A7FDAB800A6CBA2 /* MBProgressHUD.m */ = {isa = PBXFileReference; fileEncoding = 4; lastKnownFileType = sourcecode.c.objc; path = MBProgressHUD.m; sourceTree = "<group>"; };
		CF6B6B0E1A7FDAB800A6CBA2 /* MKAnnotationView+WebCache.h */ = {isa = PBXFileReference; fileEncoding = 4; lastKnownFileType = sourcecode.c.h; path = "MKAnnotationView+WebCache.h"; sourceTree = "<group>"; };
		CF6B6B0F1A7FDAB800A6CBA2 /* MKAnnotationView+WebCache.m */ = {isa = PBXFileReference; fileEncoding = 4; lastKnownFileType = sourcecode.c.objc; path = "MKAnnotationView+WebCache.m"; sourceTree = "<group>"; };
		CF6B6B101A7FDAB800A6CBA2 /* NSData+ImageContentType.h */ = {isa = PBXFileReference; fileEncoding = 4; lastKnownFileType = sourcecode.c.h; path = "NSData+ImageContentType.h"; sourceTree = "<group>"; };
		CF6B6B111A7FDAB800A6CBA2 /* NSData+ImageContentType.m */ = {isa = PBXFileReference; fileEncoding = 4; lastKnownFileType = sourcecode.c.objc; path = "NSData+ImageContentType.m"; sourceTree = "<group>"; };
		CF6B6B121A7FDAB800A6CBA2 /* SDImageCache.h */ = {isa = PBXFileReference; fileEncoding = 4; lastKnownFileType = sourcecode.c.h; path = SDImageCache.h; sourceTree = "<group>"; };
		CF6B6B131A7FDAB800A6CBA2 /* SDImageCache.m */ = {isa = PBXFileReference; fileEncoding = 4; lastKnownFileType = sourcecode.c.objc; path = SDImageCache.m; sourceTree = "<group>"; };
		CF6B6B141A7FDAB800A6CBA2 /* SDWebImageCompat.h */ = {isa = PBXFileReference; fileEncoding = 4; lastKnownFileType = sourcecode.c.h; path = SDWebImageCompat.h; sourceTree = "<group>"; };
		CF6B6B151A7FDAB800A6CBA2 /* SDWebImageCompat.m */ = {isa = PBXFileReference; fileEncoding = 4; lastKnownFileType = sourcecode.c.objc; path = SDWebImageCompat.m; sourceTree = "<group>"; };
		CF6B6B161A7FDAB800A6CBA2 /* SDWebImageDecoder.h */ = {isa = PBXFileReference; fileEncoding = 4; lastKnownFileType = sourcecode.c.h; path = SDWebImageDecoder.h; sourceTree = "<group>"; };
		CF6B6B171A7FDAB800A6CBA2 /* SDWebImageDecoder.m */ = {isa = PBXFileReference; fileEncoding = 4; lastKnownFileType = sourcecode.c.objc; path = SDWebImageDecoder.m; sourceTree = "<group>"; };
		CF6B6B181A7FDAB800A6CBA2 /* SDWebImageDownloader.h */ = {isa = PBXFileReference; fileEncoding = 4; lastKnownFileType = sourcecode.c.h; path = SDWebImageDownloader.h; sourceTree = "<group>"; };
		CF6B6B191A7FDAB800A6CBA2 /* SDWebImageDownloader.m */ = {isa = PBXFileReference; fileEncoding = 4; lastKnownFileType = sourcecode.c.objc; path = SDWebImageDownloader.m; sourceTree = "<group>"; };
		CF6B6B1A1A7FDAB800A6CBA2 /* SDWebImageDownloaderOperation.h */ = {isa = PBXFileReference; fileEncoding = 4; lastKnownFileType = sourcecode.c.h; path = SDWebImageDownloaderOperation.h; sourceTree = "<group>"; };
		CF6B6B1B1A7FDAB800A6CBA2 /* SDWebImageDownloaderOperation.m */ = {isa = PBXFileReference; fileEncoding = 4; lastKnownFileType = sourcecode.c.objc; path = SDWebImageDownloaderOperation.m; sourceTree = "<group>"; };
		CF6B6B1C1A7FDAB800A6CBA2 /* SDWebImageManager.h */ = {isa = PBXFileReference; fileEncoding = 4; lastKnownFileType = sourcecode.c.h; path = SDWebImageManager.h; sourceTree = "<group>"; };
		CF6B6B1D1A7FDAB800A6CBA2 /* SDWebImageManager.m */ = {isa = PBXFileReference; fileEncoding = 4; lastKnownFileType = sourcecode.c.objc; path = SDWebImageManager.m; sourceTree = "<group>"; };
		CF6B6B1E1A7FDAB800A6CBA2 /* SDWebImageOperation.h */ = {isa = PBXFileReference; fileEncoding = 4; lastKnownFileType = sourcecode.c.h; path = SDWebImageOperation.h; sourceTree = "<group>"; };
		CF6B6B1F1A7FDAB800A6CBA2 /* SDWebImagePrefetcher.h */ = {isa = PBXFileReference; fileEncoding = 4; lastKnownFileType = sourcecode.c.h; path = SDWebImagePrefetcher.h; sourceTree = "<group>"; };
		CF6B6B201A7FDAB800A6CBA2 /* SDWebImagePrefetcher.m */ = {isa = PBXFileReference; fileEncoding = 4; lastKnownFileType = sourcecode.c.objc; path = SDWebImagePrefetcher.m; sourceTree = "<group>"; };
		CF6B6B211A7FDAB800A6CBA2 /* UIButton+WebCache.h */ = {isa = PBXFileReference; fileEncoding = 4; lastKnownFileType = sourcecode.c.h; path = "UIButton+WebCache.h"; sourceTree = "<group>"; };
		CF6B6B221A7FDAB800A6CBA2 /* UIButton+WebCache.m */ = {isa = PBXFileReference; fileEncoding = 4; lastKnownFileType = sourcecode.c.objc; path = "UIButton+WebCache.m"; sourceTree = "<group>"; };
		CF6B6B231A7FDAB800A6CBA2 /* UIImage+GIF.h */ = {isa = PBXFileReference; fileEncoding = 4; lastKnownFileType = sourcecode.c.h; path = "UIImage+GIF.h"; sourceTree = "<group>"; };
		CF6B6B241A7FDAB800A6CBA2 /* UIImage+GIF.m */ = {isa = PBXFileReference; fileEncoding = 4; lastKnownFileType = sourcecode.c.objc; path = "UIImage+GIF.m"; sourceTree = "<group>"; };
		CF6B6B251A7FDAB800A6CBA2 /* UIImage+MultiFormat.h */ = {isa = PBXFileReference; fileEncoding = 4; lastKnownFileType = sourcecode.c.h; path = "UIImage+MultiFormat.h"; sourceTree = "<group>"; };
		CF6B6B261A7FDAB800A6CBA2 /* UIImage+MultiFormat.m */ = {isa = PBXFileReference; fileEncoding = 4; lastKnownFileType = sourcecode.c.objc; path = "UIImage+MultiFormat.m"; sourceTree = "<group>"; };
		CF6B6B271A7FDAB800A6CBA2 /* UIImage+WebP.h */ = {isa = PBXFileReference; fileEncoding = 4; lastKnownFileType = sourcecode.c.h; path = "UIImage+WebP.h"; sourceTree = "<group>"; };
		CF6B6B281A7FDAB800A6CBA2 /* UIImage+WebP.m */ = {isa = PBXFileReference; fileEncoding = 4; lastKnownFileType = sourcecode.c.objc; path = "UIImage+WebP.m"; sourceTree = "<group>"; };
		CF6B6B291A7FDAB800A6CBA2 /* UIImageView+HighlightedWebCache.h */ = {isa = PBXFileReference; fileEncoding = 4; lastKnownFileType = sourcecode.c.h; path = "UIImageView+HighlightedWebCache.h"; sourceTree = "<group>"; };
		CF6B6B2A1A7FDAB800A6CBA2 /* UIImageView+HighlightedWebCache.m */ = {isa = PBXFileReference; fileEncoding = 4; lastKnownFileType = sourcecode.c.objc; path = "UIImageView+HighlightedWebCache.m"; sourceTree = "<group>"; };
		CF6B6B2B1A7FDAB800A6CBA2 /* UIImageView+WebCache.h */ = {isa = PBXFileReference; fileEncoding = 4; lastKnownFileType = sourcecode.c.h; path = "UIImageView+WebCache.h"; sourceTree = "<group>"; };
		CF6B6B2C1A7FDAB800A6CBA2 /* UIImageView+WebCache.m */ = {isa = PBXFileReference; fileEncoding = 4; lastKnownFileType = sourcecode.c.objc; path = "UIImageView+WebCache.m"; sourceTree = "<group>"; };
		CF6B6B2D1A7FDAB800A6CBA2 /* UIView+WebCacheOperation.h */ = {isa = PBXFileReference; fileEncoding = 4; lastKnownFileType = sourcecode.c.h; path = "UIView+WebCacheOperation.h"; sourceTree = "<group>"; };
		CF6B6B2E1A7FDAB800A6CBA2 /* UIView+WebCacheOperation.m */ = {isa = PBXFileReference; fileEncoding = 4; lastKnownFileType = sourcecode.c.objc; path = "UIView+WebCacheOperation.m"; sourceTree = "<group>"; };
		CF6B6B511A7FDADF00A6CBA2 /* PublicConfig.h */ = {isa = PBXFileReference; fileEncoding = 4; lastKnownFileType = sourcecode.c.h; path = PublicConfig.h; sourceTree = "<group>"; };
		CF6B6B521A7FDADF00A6CBA2 /* PublicConfig.m */ = {isa = PBXFileReference; fileEncoding = 4; lastKnownFileType = sourcecode.c.objc; path = PublicConfig.m; sourceTree = "<group>"; };
		CFB7BB971A713BC000535476 /* Student.app */ = {isa = PBXFileReference; explicitFileType = wrapper.application; includeInIndex = 0; path = Student.app; sourceTree = BUILT_PRODUCTS_DIR; };
		CFB7BB9B1A713BC000535476 /* Info.plist */ = {isa = PBXFileReference; lastKnownFileType = text.plist.xml; path = Info.plist; sourceTree = "<group>"; };
		CFB7BB9C1A713BC000535476 /* main.m */ = {isa = PBXFileReference; lastKnownFileType = sourcecode.c.objc; path = main.m; sourceTree = "<group>"; };
		CFB7BB9E1A713BC000535476 /* AppDelegate.h */ = {isa = PBXFileReference; lastKnownFileType = sourcecode.c.h; path = AppDelegate.h; sourceTree = "<group>"; };
		CFB7BB9F1A713BC000535476 /* AppDelegate.m */ = {isa = PBXFileReference; lastKnownFileType = sourcecode.c.objc; path = AppDelegate.m; sourceTree = "<group>"; };
		CFB7BBA71A713BC100535476 /* Images.xcassets */ = {isa = PBXFileReference; lastKnownFileType = folder.assetcatalog; path = Images.xcassets; sourceTree = "<group>"; };
		CFB7BBB01A713BC100535476 /* StudentTests.xctest */ = {isa = PBXFileReference; explicitFileType = wrapper.cfbundle; includeInIndex = 0; path = StudentTests.xctest; sourceTree = BUILT_PRODUCTS_DIR; };
		CFB7BBB51A713BC100535476 /* Info.plist */ = {isa = PBXFileReference; lastKnownFileType = text.plist.xml; path = Info.plist; sourceTree = "<group>"; };
		CFB7BBB61A713BC100535476 /* StudentTests.m */ = {isa = PBXFileReference; lastKnownFileType = sourcecode.c.objc; path = StudentTests.m; sourceTree = "<group>"; };
/* End PBXFileReference section */

/* Begin PBXFrameworksBuildPhase section */
		CFB7BB941A713BC000535476 /* Frameworks */ = {
			isa = PBXFrameworksBuildPhase;
			buildActionMask = 2147483647;
			files = (
			);
			runOnlyForDeploymentPostprocessing = 0;
		};
		CFB7BBAD1A713BC100535476 /* Frameworks */ = {
			isa = PBXFrameworksBuildPhase;
			buildActionMask = 2147483647;
			files = (
			);
			runOnlyForDeploymentPostprocessing = 0;
		};
/* End PBXFrameworksBuildPhase section */

/* Begin PBXGroup section */
		CF6B6A231A7FD0C500A6CBA2 /* Librarys */ = {
			isa = PBXGroup;
			children = (
				CF6B6AE41A7FDAB800A6CBA2 /* AFNetWorking */,
				CF6B6B0A1A7FDAB800A6CBA2 /* MBProgressHUD */,
				CF6B6B0D1A7FDAB800A6CBA2 /* SDWebImage */,
			);
			path = Librarys;
			sourceTree = "<group>";
		};
		CF6B6A241A7FD0C500A6CBA2 /* Tools */ = {
			isa = PBXGroup;
			children = (
				CF6B6B511A7FDADF00A6CBA2 /* PublicConfig.h */,
				CF6B6B521A7FDADF00A6CBA2 /* PublicConfig.m */,
			);
			path = Tools;
			sourceTree = "<group>";
		};
		CF6B6A251A7FD0C500A6CBA2 /* ViewControllers */ = {
			isa = PBXGroup;
			children = (
				CF6B6AD61A7FD68C00A6CBA2 /* BaseViewController.h */,
				CF6B6AD71A7FD68C00A6CBA2 /* BaseViewController.m */,
				CF6B6AC21A7FD2A800A6CBA2 /* KnowledgeViewController.h */,
				CF6B6AC31A7FD2A800A6CBA2 /* KnowledgeViewController.m */,
				CF6B6AC51A7FD2C200A6CBA2 /* CoachViewController.h */,
				CF6B6AC61A7FD2C200A6CBA2 /* CoachViewController.m */,
				CF6B6AC81A7FD2D700A6CBA2 /* ProcessViewController.h */,
				CF6B6AC91A7FD2D700A6CBA2 /* ProcessViewController.m */,
				CF6B6ACB1A7FD2E400A6CBA2 /* MemberCenterViewController.h */,
				CF6B6ACC1A7FD2E400A6CBA2 /* MemberCenterViewController.m */,
			);
			path = ViewControllers;
			sourceTree = "<group>";
		};
		CF6B6A261A7FD19F00A6CBA2 /* Images */ = {
			isa = PBXGroup;
			children = (
				CF6B6A271A7FD1AE00A6CBA2 /* 登录注册 */,
				CF6B6A2D1A7FD1AE00A6CBA2 /* 个人中心 */,
				CF6B6A2F1A7FD1AE00A6CBA2 /* 公共 */,
				CF6B6A371A7FD1AE00A6CBA2 /* 教练广场 */,
				CF6B6A3A1A7FD1AE00A6CBA2 /* 教练详情 */,
				CF6B6A401A7FD1AE00A6CBA2 /* 模拟考试 */,
				CF6B6A431A7FD1AE00A6CBA2 /* 上课通知 */,
				CF6B6A4A1A7FD1AE00A6CBA2 /* 预约成功 */,
				CF6B6A4D1A7FD1AE00A6CBA2 /* icon */,
				CF6B6A781A7FD1AE00A6CBA2 /* res */,
			);
			path = Images;
			sourceTree = "<group>";
		};
		CF6B6A271A7FD1AE00A6CBA2 /* 登录注册 */ = {
			isa = PBXGroup;
			children = (
				CF6B6A281A7FD1AE00A6CBA2 /* register_account_bg.png */,
				CF6B6A291A7FD1AE00A6CBA2 /* register_btn_confirm.png */,
				CF6B6A2A1A7FD1AE00A6CBA2 /* register_btn_send_code.png */,
				CF6B6A2B1A7FD1AE00A6CBA2 /* register_code_bg.png */,
				CF6B6A2C1A7FD1AE00A6CBA2 /* register_input_bg.png */,
			);
			path = "登录注册";
			sourceTree = "<group>";
		};
		CF6B6A2D1A7FD1AE00A6CBA2 /* 个人中心 */ = {
			isa = PBXGroup;
			children = (
				CF6B6A2E1A7FD1AE00A6CBA2 /* account_avatar_cover.png */,
			);
			path = "个人中心";
			sourceTree = "<group>";
		};
		CF6B6A2F1A7FD1AE00A6CBA2 /* 公共 */ = {
			isa = PBXGroup;
			children = (
				CF6B6A301A7FD1AE00A6CBA2 /* btn_confirm.png */,
				CF6B6A311A7FD1AE00A6CBA2 /* checkbox_default.png */,
				CF6B6A321A7FD1AE00A6CBA2 /* checkbox_default_checked.png */,
				CF6B6A331A7FD1AE00A6CBA2 /* input_bar_search.png */,
				CF6B6A341A7FD1AE00A6CBA2 /* input_full.png */,
				CF6B6A351A7FD1AE00A6CBA2 /* radio_default.png */,
				CF6B6A361A7FD1AE00A6CBA2 /* radio_default_checked.png */,
			);
			path = "公共";
			sourceTree = "<group>";
		};
		CF6B6A371A7FD1AE00A6CBA2 /* 教练广场 */ = {
			isa = PBXGroup;
			children = (
				CF6B6A381A7FD1AE00A6CBA2 /* square_avatar_cover.png */,
				CF6B6A391A7FD1AE00A6CBA2 /* square_item_bg.png */,
			);
			path = "教练广场";
			sourceTree = "<group>";
		};
		CF6B6A3A1A7FD1AE00A6CBA2 /* 教练详情 */ = {
			isa = PBXGroup;
			children = (
				CF6B6A3B1A7FD1AE00A6CBA2 /* sqaure_detail_btn_order_sm.png */,
				CF6B6A3C1A7FD1AE00A6CBA2 /* square_detail_bg.png */,
				CF6B6A3D1A7FD1AE00A6CBA2 /* square_detail_btn_order.png */,
				CF6B6A3E1A7FD1AE00A6CBA2 /* square_detail_location.png */,
				CF6B6A3F1A7FD1AE00A6CBA2 /* square_detail_timetable_bg.png */,
			);
			path = "教练详情";
			sourceTree = "<group>";
		};
		CF6B6A401A7FD1AE00A6CBA2 /* 模拟考试 */ = {
			isa = PBXGroup;
			children = (
				CF6B6A411A7FD1AE00A6CBA2 /* modelTest_countdown_bg.png */,
				CF6B6A421A7FD1AE00A6CBA2 /* modelTest_next.png */,
			);
			path = "模拟考试";
			sourceTree = "<group>";
		};
		CF6B6A431A7FD1AE00A6CBA2 /* 上课通知 */ = {
			isa = PBXGroup;
			children = (
				CF6B6A441A7FD1AE00A6CBA2 /* course_btn_confirm_active.png */,
				CF6B6A451A7FD1AE00A6CBA2 /* notification_course_bg.png */,
				CF6B6A461A7FD1AE00A6CBA2 /* notification_course_btn_confirm.png */,
				CF6B6A471A7FD1AE00A6CBA2 /* notification_course_btn_reject.png */,
				CF6B6A481A7FD1AE00A6CBA2 /* notification_course_btn_reject_active.png */,
			);
			path = "上课通知";
			sourceTree = "<group>";
		};
		CF6B6A4A1A7FD1AE00A6CBA2 /* 预约成功 */ = {
			isa = PBXGroup;
			children = (
				CF6B6A4B1A7FD1AE00A6CBA2 /* notification_order_btn_cancel.png */,
				CF6B6A4C1A7FD1AE00A6CBA2 /* notification_order_btn_cancel_active.png */,
			);
			path = "预约成功";
			sourceTree = "<group>";
		};
		CF6B6A4D1A7FD1AE00A6CBA2 /* icon */ = {
			isa = PBXGroup;
			children = (
				CF6B6A4E1A7FD1AE00A6CBA2 /* icon_bar_person.png */,
				CF6B6A4F1A7FD1AE00A6CBA2 /* icon_book.png */,
				CF6B6A501A7FD1AE00A6CBA2 /* icon_book_active.png */,
				CF6B6A511A7FD1AE00A6CBA2 /* icon_cheap.png */,
				CF6B6A521A7FD1AE00A6CBA2 /* icon_cheap_active.png */,
				CF6B6A531A7FD1AE00A6CBA2 /* icon_clock.png */,
				CF6B6A541A7FD1AE00A6CBA2 /* icon_drive.png */,
				CF6B6A551A7FD1AE00A6CBA2 /* icon_drive_active.png */,
				CF6B6A561A7FD1AE00A6CBA2 /* icon_evaluation.png */,
				CF6B6A571A7FD1AE00A6CBA2 /* icon_evaluation_active.png */,
				CF6B6A581A7FD1AE00A6CBA2 /* icon_flag.png */,
				CF6B6A591A7FD1AE00A6CBA2 /* icon_knowledge.png */,
				CF6B6A5A1A7FD1AE00A6CBA2 /* icon_knowledge_active.png */,
				CF6B6A5B1A7FD1AE00A6CBA2 /* icon_license.png */,
				CF6B6A5C1A7FD1AE00A6CBA2 /* icon_license_active.png */,
				CF6B6A5D1A7FD1AE00A6CBA2 /* icon_load_more.png */,
				CF6B6A5E1A7FD1AE00A6CBA2 /* icon_location.png */,
				CF6B6A5F1A7FD1AE00A6CBA2 /* icon_location_active.png */,
				CF6B6A601A7FD1AE00A6CBA2 /* icon_main_knowledge.png */,
				CF6B6ADC1A7FD82300A6CBA2 /* icon_main_knowledge@2x.png */,
				CF6B6A611A7FD1AE00A6CBA2 /* icon_main_person.png */,
				CF6B6A621A7FD1AE00A6CBA2 /* icon_main_process.png */,
				CF6B6A631A7FD1AE00A6CBA2 /* icon_main_square.png */,
				CF6B6ADE1A7FD89400A6CBA2 /* icon_main_person@2x.png */,
				CF6B6ADF1A7FD89400A6CBA2 /* icon_main_process@2x.png */,
				CF6B6AE01A7FD89400A6CBA2 /* icon_main_square@2x.png */,
				CF6B6A641A7FD1AE00A6CBA2 /* icon_money.png */,
				CF6B6A651A7FD1AE00A6CBA2 /* icon_more.png */,
				CF6B6A661A7FD1AE00A6CBA2 /* icon_next.png */,
				CF6B6A671A7FD1AE00A6CBA2 /* icon_page.png */,
				CF6B6A681A7FD1AE00A6CBA2 /* icon_paper.png */,
				CF6B6A691A7FD1AE00A6CBA2 /* icon_person.png */,
				CF6B6A6A1A7FD1AE00A6CBA2 /* icon_point.png */,
				CF6B6A6B1A7FD1AE00A6CBA2 /* icon_police.png */,
				CF6B6A6C1A7FD1AE00A6CBA2 /* icon_previous.png */,
				CF6B6A6D1A7FD1AE00A6CBA2 /* icon_return.png */,
				CF6B6A6E1A7FD1AE00A6CBA2 /* icon_road.png */,
				CF6B6A6F1A7FD1AE00A6CBA2 /* icon_roadblock.png */,
				CF6B6A701A7FD1AE00A6CBA2 /* icon_search.png */,
				CF6B6A711A7FD1AE00A6CBA2 /* icon_star.png */,
				CF6B6A721A7FD1AE00A6CBA2 /* icon_success.png */,
				CF6B6A731A7FD1AE00A6CBA2 /* icon_table.png */,
				CF6B6A741A7FD1AE00A6CBA2 /* icon_traffic.png */,
				CF6B6A751A7FD1AE00A6CBA2 /* icon_trainee.png */,
				CF6B6A761A7FD1AE00A6CBA2 /* icon_trainee_active.png */,
				CF6B6A771A7FD1AE00A6CBA2 /* icon_trip.png */,
			);
			path = icon;
			sourceTree = "<group>";
		};
		CF6B6A781A7FD1AE00A6CBA2 /* res */ = {
			isa = PBXGroup;
			children = (
				CF6B6A791A7FD1AE00A6CBA2 /* account_default_avatar.png */,
			);
			path = res;
			sourceTree = "<group>";
		};
		CF6B6AE41A7FDAB800A6CBA2 /* AFNetWorking */ = {
			isa = PBXGroup;
			children = (
				CF6B6AE51A7FDAB800A6CBA2 /* AFHTTPRequestOperation.h */,
				CF6B6AE61A7FDAB800A6CBA2 /* AFHTTPRequestOperation.m */,
				CF6B6AE71A7FDAB800A6CBA2 /* AFHTTPRequestOperationManager.h */,
				CF6B6AE81A7FDAB800A6CBA2 /* AFHTTPRequestOperationManager.m */,
				CF6B6AE91A7FDAB800A6CBA2 /* AFHTTPSessionManager.h */,
				CF6B6AEA1A7FDAB800A6CBA2 /* AFHTTPSessionManager.m */,
				CF6B6AEB1A7FDAB800A6CBA2 /* AFNetworking.h */,
				CF6B6AEC1A7FDAB800A6CBA2 /* AFNetworkReachabilityManager.h */,
				CF6B6AED1A7FDAB800A6CBA2 /* AFNetworkReachabilityManager.m */,
				CF6B6AEE1A7FDAB800A6CBA2 /* AFSecurityPolicy.h */,
				CF6B6AEF1A7FDAB800A6CBA2 /* AFSecurityPolicy.m */,
				CF6B6AF01A7FDAB800A6CBA2 /* AFURLConnectionOperation.h */,
				CF6B6AF11A7FDAB800A6CBA2 /* AFURLConnectionOperation.m */,
				CF6B6AF21A7FDAB800A6CBA2 /* AFURLRequestSerialization.h */,
				CF6B6AF31A7FDAB800A6CBA2 /* AFURLRequestSerialization.m */,
				CF6B6AF41A7FDAB800A6CBA2 /* AFURLResponseSerialization.h */,
				CF6B6AF51A7FDAB800A6CBA2 /* AFURLResponseSerialization.m */,
				CF6B6AF61A7FDAB800A6CBA2 /* AFURLSessionManager.h */,
				CF6B6AF71A7FDAB800A6CBA2 /* AFURLSessionManager.m */,
				CF6B6AF81A7FDAB800A6CBA2 /* UIKit+AFNetworking */,
			);
			path = AFNetWorking;
			sourceTree = "<group>";
		};
		CF6B6AF81A7FDAB800A6CBA2 /* UIKit+AFNetworking */ = {
			isa = PBXGroup;
			children = (
				CF6B6AF91A7FDAB800A6CBA2 /* AFNetworkActivityIndicatorManager.h */,
				CF6B6AFA1A7FDAB800A6CBA2 /* AFNetworkActivityIndicatorManager.m */,
				CF6B6AFB1A7FDAB800A6CBA2 /* UIActivityIndicatorView+AFNetworking.h */,
				CF6B6AFC1A7FDAB800A6CBA2 /* UIActivityIndicatorView+AFNetworking.m */,
				CF6B6AFD1A7FDAB800A6CBA2 /* UIAlertView+AFNetworking.h */,
				CF6B6AFE1A7FDAB800A6CBA2 /* UIAlertView+AFNetworking.m */,
				CF6B6AFF1A7FDAB800A6CBA2 /* UIButton+AFNetworking.h */,
				CF6B6B001A7FDAB800A6CBA2 /* UIButton+AFNetworking.m */,
				CF6B6B011A7FDAB800A6CBA2 /* UIImageView+AFNetworking.h */,
				CF6B6B021A7FDAB800A6CBA2 /* UIImageView+AFNetworking.m */,
				CF6B6B031A7FDAB800A6CBA2 /* UIKit+AFNetworking.h */,
				CF6B6B041A7FDAB800A6CBA2 /* UIProgressView+AFNetworking.h */,
				CF6B6B051A7FDAB800A6CBA2 /* UIProgressView+AFNetworking.m */,
				CF6B6B061A7FDAB800A6CBA2 /* UIRefreshControl+AFNetworking.h */,
				CF6B6B071A7FDAB800A6CBA2 /* UIRefreshControl+AFNetworking.m */,
				CF6B6B081A7FDAB800A6CBA2 /* UIWebView+AFNetworking.h */,
				CF6B6B091A7FDAB800A6CBA2 /* UIWebView+AFNetworking.m */,
			);
			path = "UIKit+AFNetworking";
			sourceTree = "<group>";
		};
		CF6B6B0A1A7FDAB800A6CBA2 /* MBProgressHUD */ = {
			isa = PBXGroup;
			children = (
				CF6B6B0B1A7FDAB800A6CBA2 /* MBProgressHUD.h */,
				CF6B6B0C1A7FDAB800A6CBA2 /* MBProgressHUD.m */,
			);
			path = MBProgressHUD;
			sourceTree = "<group>";
		};
		CF6B6B0D1A7FDAB800A6CBA2 /* SDWebImage */ = {
			isa = PBXGroup;
			children = (
				CF6B6B0E1A7FDAB800A6CBA2 /* MKAnnotationView+WebCache.h */,
				CF6B6B0F1A7FDAB800A6CBA2 /* MKAnnotationView+WebCache.m */,
				CF6B6B101A7FDAB800A6CBA2 /* NSData+ImageContentType.h */,
				CF6B6B111A7FDAB800A6CBA2 /* NSData+ImageContentType.m */,
				CF6B6B121A7FDAB800A6CBA2 /* SDImageCache.h */,
				CF6B6B131A7FDAB800A6CBA2 /* SDImageCache.m */,
				CF6B6B141A7FDAB800A6CBA2 /* SDWebImageCompat.h */,
				CF6B6B151A7FDAB800A6CBA2 /* SDWebImageCompat.m */,
				CF6B6B161A7FDAB800A6CBA2 /* SDWebImageDecoder.h */,
				CF6B6B171A7FDAB800A6CBA2 /* SDWebImageDecoder.m */,
				CF6B6B181A7FDAB800A6CBA2 /* SDWebImageDownloader.h */,
				CF6B6B191A7FDAB800A6CBA2 /* SDWebImageDownloader.m */,
				CF6B6B1A1A7FDAB800A6CBA2 /* SDWebImageDownloaderOperation.h */,
				CF6B6B1B1A7FDAB800A6CBA2 /* SDWebImageDownloaderOperation.m */,
				CF6B6B1C1A7FDAB800A6CBA2 /* SDWebImageManager.h */,
				CF6B6B1D1A7FDAB800A6CBA2 /* SDWebImageManager.m */,
				CF6B6B1E1A7FDAB800A6CBA2 /* SDWebImageOperation.h */,
				CF6B6B1F1A7FDAB800A6CBA2 /* SDWebImagePrefetcher.h */,
				CF6B6B201A7FDAB800A6CBA2 /* SDWebImagePrefetcher.m */,
				CF6B6B211A7FDAB800A6CBA2 /* UIButton+WebCache.h */,
				CF6B6B221A7FDAB800A6CBA2 /* UIButton+WebCache.m */,
				CF6B6B231A7FDAB800A6CBA2 /* UIImage+GIF.h */,
				CF6B6B241A7FDAB800A6CBA2 /* UIImage+GIF.m */,
				CF6B6B251A7FDAB800A6CBA2 /* UIImage+MultiFormat.h */,
				CF6B6B261A7FDAB800A6CBA2 /* UIImage+MultiFormat.m */,
				CF6B6B271A7FDAB800A6CBA2 /* UIImage+WebP.h */,
				CF6B6B281A7FDAB800A6CBA2 /* UIImage+WebP.m */,
				CF6B6B291A7FDAB800A6CBA2 /* UIImageView+HighlightedWebCache.h */,
				CF6B6B2A1A7FDAB800A6CBA2 /* UIImageView+HighlightedWebCache.m */,
				CF6B6B2B1A7FDAB800A6CBA2 /* UIImageView+WebCache.h */,
				CF6B6B2C1A7FDAB800A6CBA2 /* UIImageView+WebCache.m */,
				CF6B6B2D1A7FDAB800A6CBA2 /* UIView+WebCacheOperation.h */,
				CF6B6B2E1A7FDAB800A6CBA2 /* UIView+WebCacheOperation.m */,
			);
			path = SDWebImage;
			sourceTree = "<group>";
		};
		CFB7BB8E1A713BC000535476 = {
			isa = PBXGroup;
			children = (
				CFB7BB991A713BC000535476 /* Student */,
				CFB7BBB31A713BC100535476 /* StudentTests */,
				CFB7BB981A713BC000535476 /* Products */,
			);
			sourceTree = "<group>";
		};
		CFB7BB981A713BC000535476 /* Products */ = {
			isa = PBXGroup;
			children = (
				CFB7BB971A713BC000535476 /* Student.app */,
				CFB7BBB01A713BC100535476 /* StudentTests.xctest */,
			);
			name = Products;
			sourceTree = "<group>";
		};
		CFB7BB991A713BC000535476 /* Student */ = {
			isa = PBXGroup;
			children = (
				CF6B6A261A7FD19F00A6CBA2 /* Images */,
				CF6B6A231A7FD0C500A6CBA2 /* Librarys */,
				CF6B6A241A7FD0C500A6CBA2 /* Tools */,
				CF6B6A251A7FD0C500A6CBA2 /* ViewControllers */,
				CFB7BB9E1A713BC000535476 /* AppDelegate.h */,
				CFB7BB9F1A713BC000535476 /* AppDelegate.m */,
				CF6B6ACE1A7FD36600A6CBA2 /* RootBarViewController.h */,
				CF6B6ACF1A7FD36600A6CBA2 /* RootBarViewController.m */,
				CFB7BBA71A713BC100535476 /* Images.xcassets */,
				CFB7BB9A1A713BC000535476 /* Supporting Files */,
			);
			path = Student;
			sourceTree = "<group>";
		};
		CFB7BB9A1A713BC000535476 /* Supporting Files */ = {
			isa = PBXGroup;
			children = (
				CFB7BB9B1A713BC000535476 /* Info.plist */,
				CFB7BB9C1A713BC000535476 /* main.m */,
			);
			name = "Supporting Files";
			sourceTree = "<group>";
		};
		CFB7BBB31A713BC100535476 /* StudentTests */ = {
			isa = PBXGroup;
			children = (
				CFB7BBB61A713BC100535476 /* StudentTests.m */,
				CFB7BBB41A713BC100535476 /* Supporting Files */,
			);
			path = StudentTests;
			sourceTree = "<group>";
		};
		CFB7BBB41A713BC100535476 /* Supporting Files */ = {
			isa = PBXGroup;
			children = (
				CFB7BBB51A713BC100535476 /* Info.plist */,
			);
			name = "Supporting Files";
			sourceTree = "<group>";
		};
/* End PBXGroup section */

/* Begin PBXNativeTarget section */
		CFB7BB961A713BC000535476 /* Student */ = {
			isa = PBXNativeTarget;
			buildConfigurationList = CFB7BBBA1A713BC100535476 /* Build configuration list for PBXNativeTarget "Student" */;
			buildPhases = (
				CFB7BB931A713BC000535476 /* Sources */,
				CFB7BB941A713BC000535476 /* Frameworks */,
				CFB7BB951A713BC000535476 /* Resources */,
			);
			buildRules = (
			);
			dependencies = (
			);
			name = Student;
			productName = Student;
			productReference = CFB7BB971A713BC000535476 /* Student.app */;
			productType = "com.apple.product-type.application";
		};
		CFB7BBAF1A713BC100535476 /* StudentTests */ = {
			isa = PBXNativeTarget;
			buildConfigurationList = CFB7BBBD1A713BC100535476 /* Build configuration list for PBXNativeTarget "StudentTests" */;
			buildPhases = (
				CFB7BBAC1A713BC100535476 /* Sources */,
				CFB7BBAD1A713BC100535476 /* Frameworks */,
				CFB7BBAE1A713BC100535476 /* Resources */,
			);
			buildRules = (
			);
			dependencies = (
				CFB7BBB21A713BC100535476 /* PBXTargetDependency */,
			);
			name = StudentTests;
			productName = StudentTests;
			productReference = CFB7BBB01A713BC100535476 /* StudentTests.xctest */;
			productType = "com.apple.product-type.bundle.unit-test";
		};
/* End PBXNativeTarget section */

/* Begin PBXProject section */
		CFB7BB8F1A713BC000535476 /* Project object */ = {
			isa = PBXProject;
			attributes = {
				LastUpgradeCheck = 0610;
				ORGANIZATIONNAME = "韩亚周";
				TargetAttributes = {
					CFB7BB961A713BC000535476 = {
						CreatedOnToolsVersion = 6.1;
					};
					CFB7BBAF1A713BC100535476 = {
						CreatedOnToolsVersion = 6.1;
						TestTargetID = CFB7BB961A713BC000535476;
					};
				};
			};
			buildConfigurationList = CFB7BB921A713BC000535476 /* Build configuration list for PBXProject "Student" */;
			compatibilityVersion = "Xcode 3.2";
			developmentRegion = English;
			hasScannedForEncodings = 0;
			knownRegions = (
				en,
				Base,
			);
			mainGroup = CFB7BB8E1A713BC000535476;
			productRefGroup = CFB7BB981A713BC000535476 /* Products */;
			projectDirPath = "";
			projectRoot = "";
			targets = (
				CFB7BB961A713BC000535476 /* Student */,
				CFB7BBAF1A713BC100535476 /* StudentTests */,
			);
		};
/* End PBXProject section */

/* Begin PBXResourcesBuildPhase section */
		CFB7BB951A713BC000535476 /* Resources */ = {
			isa = PBXResourcesBuildPhase;
			buildActionMask = 2147483647;
			files = (
				CF6B6AE21A7FD89400A6CBA2 /* icon_main_process@2x.png in Resources */,
				CF6B6A8F1A7FD1AE00A6CBA2 /* modelTest_next.png in Resources */,
				CF6B6A9E1A7FD1AE00A6CBA2 /* icon_drive_active.png in Resources */,
				CF6B6A9B1A7FD1AE00A6CBA2 /* icon_cheap_active.png in Resources */,
				CF6B6AA21A7FD1AE00A6CBA2 /* icon_knowledge.png in Resources */,
				CF6B6ABD1A7FD1AE00A6CBA2 /* icon_traffic.png in Resources */,
				CF6B6A8A1A7FD1AE00A6CBA2 /* square_detail_bg.png in Resources */,
				CF6B6AB01A7FD1AE00A6CBA2 /* icon_page.png in Resources */,
				CF6B6A811A7FD1AE00A6CBA2 /* checkbox_default.png in Resources */,
				CF6B6AB71A7FD1AE00A6CBA2 /* icon_road.png in Resources */,
				CF6B6AE11A7FD89400A6CBA2 /* icon_main_person@2x.png in Resources */,
				CF6B6AAB1A7FD1AE00A6CBA2 /* icon_main_process.png in Resources */,
				CF6B6A861A7FD1AE00A6CBA2 /* radio_default_checked.png in Resources */,
				CF6B6A7C1A7FD1AE00A6CBA2 /* register_btn_send_code.png in Resources */,
				CF6B6A8E1A7FD1AE00A6CBA2 /* modelTest_countdown_bg.png in Resources */,
				CF6B6ABA1A7FD1AE00A6CBA2 /* icon_star.png in Resources */,
				CF6B6A871A7FD1AE00A6CBA2 /* square_avatar_cover.png in Resources */,
				CF6B6A7D1A7FD1AE00A6CBA2 /* register_code_bg.png in Resources */,
				CF6B6AAC1A7FD1AE00A6CBA2 /* icon_main_square.png in Resources */,
				CF6B6ABF1A7FD1AE00A6CBA2 /* icon_trainee_active.png in Resources */,
				CFB7BBA81A713BC100535476 /* Images.xcassets in Resources */,
				CF6B6AAF1A7FD1AE00A6CBA2 /* icon_next.png in Resources */,
				CF6B6AAA1A7FD1AE00A6CBA2 /* icon_main_person.png in Resources */,
				CF6B6AAE1A7FD1AE00A6CBA2 /* icon_more.png in Resources */,
				CF6B6A911A7FD1AE00A6CBA2 /* notification_course_bg.png in Resources */,
				CF6B6A891A7FD1AE00A6CBA2 /* sqaure_detail_btn_order_sm.png in Resources */,
				CF6B6AB11A7FD1AE00A6CBA2 /* icon_paper.png in Resources */,
				CF6B6AA51A7FD1AE00A6CBA2 /* icon_license_active.png in Resources */,
				CF6B6A821A7FD1AE00A6CBA2 /* checkbox_default_checked.png in Resources */,
				CF6B6ABB1A7FD1AE00A6CBA2 /* icon_success.png in Resources */,
				CF6B6AA71A7FD1AE00A6CBA2 /* icon_location.png in Resources */,
				CF6B6A9C1A7FD1AE00A6CBA2 /* icon_clock.png in Resources */,
				CF6B6A831A7FD1AE00A6CBA2 /* input_bar_search.png in Resources */,
				CF6B6AB61A7FD1AE00A6CBA2 /* icon_return.png in Resources */,
				CF6B6A901A7FD1AE00A6CBA2 /* course_btn_confirm_active.png in Resources */,
				CF6B6AA61A7FD1AE00A6CBA2 /* icon_load_more.png in Resources */,
				CF6B6A991A7FD1AE00A6CBA2 /* icon_book_active.png in Resources */,
				CF6B6A931A7FD1AE00A6CBA2 /* notification_course_btn_reject.png in Resources */,
				CF6B6AA81A7FD1AE00A6CBA2 /* icon_location_active.png in Resources */,
				CF6B6AA91A7FD1AE00A6CBA2 /* icon_main_knowledge.png in Resources */,
				CF6B6A851A7FD1AE00A6CBA2 /* radio_default.png in Resources */,
				CF6B6AC11A7FD1AE00A6CBA2 /* account_default_avatar.png in Resources */,
				CF6B6AE31A7FD89400A6CBA2 /* icon_main_square@2x.png in Resources */,
				CF6B6A921A7FD1AE00A6CBA2 /* notification_course_btn_confirm.png in Resources */,
				CF6B6AB41A7FD1AE00A6CBA2 /* icon_police.png in Resources */,
				CF6B6A941A7FD1AE00A6CBA2 /* notification_course_btn_reject_active.png in Resources */,
				CF6B6ADD1A7FD82300A6CBA2 /* icon_main_knowledge@2x.png in Resources */,
				CF6B6A801A7FD1AE00A6CBA2 /* btn_confirm.png in Resources */,
				CF6B6A981A7FD1AE00A6CBA2 /* icon_book.png in Resources */,
				CF6B6AB91A7FD1AE00A6CBA2 /* icon_search.png in Resources */,
				CF6B6AA31A7FD1AE00A6CBA2 /* icon_knowledge_active.png in Resources */,
				CF6B6A9F1A7FD1AE00A6CBA2 /* icon_evaluation.png in Resources */,
				CF6B6AC01A7FD1AE00A6CBA2 /* icon_trip.png in Resources */,
				CF6B6ABC1A7FD1AE00A6CBA2 /* icon_table.png in Resources */,
				CF6B6A8C1A7FD1AE00A6CBA2 /* square_detail_location.png in Resources */,
				CF6B6A9D1A7FD1AE00A6CBA2 /* icon_drive.png in Resources */,
				CF6B6A841A7FD1AE00A6CBA2 /* input_full.png in Resources */,
				CF6B6A7F1A7FD1AE00A6CBA2 /* account_avatar_cover.png in Resources */,
				CF6B6A971A7FD1AE00A6CBA2 /* icon_bar_person.png in Resources */,
				CF6B6AAD1A7FD1AE00A6CBA2 /* icon_money.png in Resources */,
				CF6B6AB21A7FD1AE00A6CBA2 /* icon_person.png in Resources */,
				CF6B6AB31A7FD1AE00A6CBA2 /* icon_point.png in Resources */,
				CF6B6A881A7FD1AE00A6CBA2 /* square_item_bg.png in Resources */,
				CF6B6A7A1A7FD1AE00A6CBA2 /* register_account_bg.png in Resources */,
				CF6B6AA01A7FD1AE00A6CBA2 /* icon_evaluation_active.png in Resources */,
				CF6B6AB51A7FD1AE00A6CBA2 /* icon_previous.png in Resources */,
				CF6B6A961A7FD1AE00A6CBA2 /* notification_order_btn_cancel_active.png in Resources */,
				CF6B6A8D1A7FD1AE00A6CBA2 /* square_detail_timetable_bg.png in Resources */,
				CF6B6A8B1A7FD1AE00A6CBA2 /* square_detail_btn_order.png in Resources */,
				CF6B6A7E1A7FD1AE00A6CBA2 /* register_input_bg.png in Resources */,
				CF6B6A951A7FD1AE00A6CBA2 /* notification_order_btn_cancel.png in Resources */,
				CF6B6A9A1A7FD1AE00A6CBA2 /* icon_cheap.png in Resources */,
				CF6B6AA11A7FD1AE00A6CBA2 /* icon_flag.png in Resources */,
				CF6B6AA41A7FD1AE00A6CBA2 /* icon_license.png in Resources */,
				CF6B6ABE1A7FD1AE00A6CBA2 /* icon_trainee.png in Resources */,
				CF6B6AB81A7FD1AE00A6CBA2 /* icon_roadblock.png in Resources */,
				CF6B6A7B1A7FD1AE00A6CBA2 /* register_btn_confirm.png in Resources */,
			);
			runOnlyForDeploymentPostprocessing = 0;
		};
		CFB7BBAE1A713BC100535476 /* Resources */ = {
			isa = PBXResourcesBuildPhase;
			buildActionMask = 2147483647;
			files = (
			);
			runOnlyForDeploymentPostprocessing = 0;
		};
/* End PBXResourcesBuildPhase section */

/* Begin PBXSourcesBuildPhase section */
		CFB7BB931A713BC000535476 /* Sources */ = {
			isa = PBXSourcesBuildPhase;
			buildActionMask = 2147483647;
			files = (
				CF6B6B471A7FDAB800A6CBA2 /* SDWebImageDownloaderOperation.m in Sources */,
				CF6B6B4D1A7FDAB800A6CBA2 /* UIImage+WebP.m in Sources */,
				CF6B6B491A7FDAB800A6CBA2 /* SDWebImagePrefetcher.m in Sources */,
				CF6B6B371A7FDAB800A6CBA2 /* AFURLSessionManager.m in Sources */,
				CF6B6B431A7FDAB800A6CBA2 /* SDImageCache.m in Sources */,
				CF6B6B481A7FDAB800A6CBA2 /* SDWebImageManager.m in Sources */,
				CF6B6B341A7FDAB800A6CBA2 /* AFURLConnectionOperation.m in Sources */,
				CF6B6B3E1A7FDAB800A6CBA2 /* UIRefreshControl+AFNetworking.m in Sources */,
				CF6B6B3B1A7FDAB800A6CBA2 /* UIButton+AFNetworking.m in Sources */,
				CF6B6B3D1A7FDAB800A6CBA2 /* UIProgressView+AFNetworking.m in Sources */,
				CF6B6B501A7FDAB800A6CBA2 /* UIView+WebCacheOperation.m in Sources */,
				CF6B6B2F1A7FDAB800A6CBA2 /* AFHTTPRequestOperation.m in Sources */,
				CF6B6B441A7FDAB800A6CBA2 /* SDWebImageCompat.m in Sources */,
				CF6B6AC71A7FD2C200A6CBA2 /* CoachViewController.m in Sources */,
				CF6B6B3A1A7FDAB800A6CBA2 /* UIAlertView+AFNetworking.m in Sources */,
				CF6B6B451A7FDAB800A6CBA2 /* SDWebImageDecoder.m in Sources */,
				CF6B6B301A7FDAB800A6CBA2 /* AFHTTPRequestOperationManager.m in Sources */,
				CF6B6B401A7FDAB800A6CBA2 /* MBProgressHUD.m in Sources */,
				CF6B6AD81A7FD68C00A6CBA2 /* BaseViewController.m in Sources */,
				CF6B6B4E1A7FDAB800A6CBA2 /* UIImageView+HighlightedWebCache.m in Sources */,
				CF6B6AD01A7FD36600A6CBA2 /* RootBarViewController.m in Sources */,
				CF6B6B3C1A7FDAB800A6CBA2 /* UIImageView+AFNetworking.m in Sources */,
				CF6B6B311A7FDAB800A6CBA2 /* AFHTTPSessionManager.m in Sources */,
				CF6B6B391A7FDAB800A6CBA2 /* UIActivityIndicatorView+AFNetworking.m in Sources */,
				CF6B6B531A7FDADF00A6CBA2 /* PublicConfig.m in Sources */,
				CF6B6B381A7FDAB800A6CBA2 /* AFNetworkActivityIndicatorManager.m in Sources */,
				CF6B6B4C1A7FDAB800A6CBA2 /* UIImage+MultiFormat.m in Sources */,
				CFB7BBA01A713BC000535476 /* AppDelegate.m in Sources */,
				CF6B6B411A7FDAB800A6CBA2 /* MKAnnotationView+WebCache.m in Sources */,
				CF6B6B421A7FDAB800A6CBA2 /* NSData+ImageContentType.m in Sources */,
				CF6B6B4A1A7FDAB800A6CBA2 /* UIButton+WebCache.m in Sources */,
				CF6B6B4F1A7FDAB800A6CBA2 /* UIImageView+WebCache.m in Sources */,
				CF6B6ACD1A7FD2E400A6CBA2 /* MemberCenterViewController.m in Sources */,
				CFB7BB9D1A713BC000535476 /* main.m in Sources */,
				CF6B6B4B1A7FDAB800A6CBA2 /* UIImage+GIF.m in Sources */,
				CF6B6B461A7FDAB800A6CBA2 /* SDWebImageDownloader.m in Sources */,
				CF6B6B331A7FDAB800A6CBA2 /* AFSecurityPolicy.m in Sources */,
				CF6B6ACA1A7FD2D700A6CBA2 /* ProcessViewController.m in Sources */,
				CF6B6B351A7FDAB800A6CBA2 /* AFURLRequestSerialization.m in Sources */,
				CF6B6B321A7FDAB800A6CBA2 /* AFNetworkReachabilityManager.m in Sources */,
				CF6B6B3F1A7FDAB800A6CBA2 /* UIWebView+AFNetworking.m in Sources */,
				CF6B6B361A7FDAB800A6CBA2 /* AFURLResponseSerialization.m in Sources */,
				CF6B6AC41A7FD2A800A6CBA2 /* KnowledgeViewController.m in Sources */,
			);
			runOnlyForDeploymentPostprocessing = 0;
		};
		CFB7BBAC1A713BC100535476 /* Sources */ = {
			isa = PBXSourcesBuildPhase;
			buildActionMask = 2147483647;
			files = (
				CFB7BBB71A713BC100535476 /* StudentTests.m in Sources */,
			);
			runOnlyForDeploymentPostprocessing = 0;
		};
/* End PBXSourcesBuildPhase section */

/* Begin PBXTargetDependency section */
		CFB7BBB21A713BC100535476 /* PBXTargetDependency */ = {
			isa = PBXTargetDependency;
			target = CFB7BB961A713BC000535476 /* Student */;
			targetProxy = CFB7BBB11A713BC100535476 /* PBXContainerItemProxy */;
		};
/* End PBXTargetDependency section */

/* Begin XCBuildConfiguration section */
		CFB7BBB81A713BC100535476 /* Debug */ = {
			isa = XCBuildConfiguration;
			buildSettings = {
				ALWAYS_SEARCH_USER_PATHS = NO;
				CLANG_CXX_LANGUAGE_STANDARD = "gnu++0x";
				CLANG_CXX_LIBRARY = "libc++";
				CLANG_ENABLE_MODULES = YES;
				CLANG_ENABLE_OBJC_ARC = YES;
				CLANG_WARN_BOOL_CONVERSION = YES;
				CLANG_WARN_CONSTANT_CONVERSION = YES;
				CLANG_WARN_DIRECT_OBJC_ISA_USAGE = YES_ERROR;
				CLANG_WARN_EMPTY_BODY = YES;
				CLANG_WARN_ENUM_CONVERSION = YES;
				CLANG_WARN_INT_CONVERSION = YES;
				CLANG_WARN_OBJC_ROOT_CLASS = YES_ERROR;
				CLANG_WARN_UNREACHABLE_CODE = YES;
				CLANG_WARN__DUPLICATE_METHOD_MATCH = YES;
				"CODE_SIGN_IDENTITY[sdk=iphoneos*]" = "iPhone Developer";
				COPY_PHASE_STRIP = NO;
				ENABLE_STRICT_OBJC_MSGSEND = YES;
				GCC_C_LANGUAGE_STANDARD = gnu99;
				GCC_DYNAMIC_NO_PIC = NO;
				GCC_OPTIMIZATION_LEVEL = 0;
				GCC_PREPROCESSOR_DEFINITIONS = (
					"DEBUG=1",
					"$(inherited)",
				);
				GCC_SYMBOLS_PRIVATE_EXTERN = NO;
				GCC_WARN_64_TO_32_BIT_CONVERSION = YES;
				GCC_WARN_ABOUT_RETURN_TYPE = YES_ERROR;
				GCC_WARN_UNDECLARED_SELECTOR = YES;
				GCC_WARN_UNINITIALIZED_AUTOS = YES_AGGRESSIVE;
				GCC_WARN_UNUSED_FUNCTION = YES;
				GCC_WARN_UNUSED_VARIABLE = YES;
				IPHONEOS_DEPLOYMENT_TARGET = 8.1;
				MTL_ENABLE_DEBUG_INFO = YES;
				ONLY_ACTIVE_ARCH = YES;
				SDKROOT = iphoneos;
			};
			name = Debug;
		};
		CFB7BBB91A713BC100535476 /* Release */ = {
			isa = XCBuildConfiguration;
			buildSettings = {
				ALWAYS_SEARCH_USER_PATHS = NO;
				CLANG_CXX_LANGUAGE_STANDARD = "gnu++0x";
				CLANG_CXX_LIBRARY = "libc++";
				CLANG_ENABLE_MODULES = YES;
				CLANG_ENABLE_OBJC_ARC = YES;
				CLANG_WARN_BOOL_CONVERSION = YES;
				CLANG_WARN_CONSTANT_CONVERSION = YES;
				CLANG_WARN_DIRECT_OBJC_ISA_USAGE = YES_ERROR;
				CLANG_WARN_EMPTY_BODY = YES;
				CLANG_WARN_ENUM_CONVERSION = YES;
				CLANG_WARN_INT_CONVERSION = YES;
				CLANG_WARN_OBJC_ROOT_CLASS = YES_ERROR;
				CLANG_WARN_UNREACHABLE_CODE = YES;
				CLANG_WARN__DUPLICATE_METHOD_MATCH = YES;
				"CODE_SIGN_IDENTITY[sdk=iphoneos*]" = "iPhone Developer";
				COPY_PHASE_STRIP = YES;
				ENABLE_NS_ASSERTIONS = NO;
				ENABLE_STRICT_OBJC_MSGSEND = YES;
				GCC_C_LANGUAGE_STANDARD = gnu99;
				GCC_WARN_64_TO_32_BIT_CONVERSION = YES;
				GCC_WARN_ABOUT_RETURN_TYPE = YES_ERROR;
				GCC_WARN_UNDECLARED_SELECTOR = YES;
				GCC_WARN_UNINITIALIZED_AUTOS = YES_AGGRESSIVE;
				GCC_WARN_UNUSED_FUNCTION = YES;
				GCC_WARN_UNUSED_VARIABLE = YES;
				IPHONEOS_DEPLOYMENT_TARGET = 8.1;
				MTL_ENABLE_DEBUG_INFO = NO;
				SDKROOT = iphoneos;
				VALIDATE_PRODUCT = YES;
			};
			name = Release;
		};
		CFB7BBBB1A713BC100535476 /* Debug */ = {
			isa = XCBuildConfiguration;
			buildSettings = {
				ASSETCATALOG_COMPILER_APPICON_NAME = AppIcon;
				INFOPLIST_FILE = Student/Info.plist;
				IPHONEOS_DEPLOYMENT_TARGET = 7.0;
				LD_RUNPATH_SEARCH_PATHS = "$(inherited) @executable_path/Frameworks";
				PRODUCT_NAME = "$(TARGET_NAME)";
			};
			name = Debug;
		};
		CFB7BBBC1A713BC100535476 /* Release */ = {
			isa = XCBuildConfiguration;
			buildSettings = {
				ASSETCATALOG_COMPILER_APPICON_NAME = AppIcon;
				INFOPLIST_FILE = Student/Info.plist;
				IPHONEOS_DEPLOYMENT_TARGET = 7.0;
				LD_RUNPATH_SEARCH_PATHS = "$(inherited) @executable_path/Frameworks";
				PRODUCT_NAME = "$(TARGET_NAME)";
			};
			name = Release;
		};
		CFB7BBBE1A713BC100535476 /* Debug */ = {
			isa = XCBuildConfiguration;
			buildSettings = {
				BUNDLE_LOADER = "$(TEST_HOST)";
				FRAMEWORK_SEARCH_PATHS = (
					"$(SDKROOT)/Developer/Library/Frameworks",
					"$(inherited)",
				);
				GCC_PREPROCESSOR_DEFINITIONS = (
					"DEBUG=1",
					"$(inherited)",
				);
				INFOPLIST_FILE = StudentTests/Info.plist;
				LD_RUNPATH_SEARCH_PATHS = "$(inherited) @executable_path/Frameworks @loader_path/Frameworks";
				PRODUCT_NAME = "$(TARGET_NAME)";
				TEST_HOST = "$(BUILT_PRODUCTS_DIR)/Student.app/Student";
			};
			name = Debug;
		};
		CFB7BBBF1A713BC100535476 /* Release */ = {
			isa = XCBuildConfiguration;
			buildSettings = {
				BUNDLE_LOADER = "$(TEST_HOST)";
				FRAMEWORK_SEARCH_PATHS = (
					"$(SDKROOT)/Developer/Library/Frameworks",
					"$(inherited)",
				);
				INFOPLIST_FILE = StudentTests/Info.plist;
				LD_RUNPATH_SEARCH_PATHS = "$(inherited) @executable_path/Frameworks @loader_path/Frameworks";
				PRODUCT_NAME = "$(TARGET_NAME)";
				TEST_HOST = "$(BUILT_PRODUCTS_DIR)/Student.app/Student";
			};
			name = Release;
		};
/* End XCBuildConfiguration section */

/* Begin XCConfigurationList section */
		CFB7BB921A713BC000535476 /* Build configuration list for PBXProject "Student" */ = {
			isa = XCConfigurationList;
			buildConfigurations = (
				CFB7BBB81A713BC100535476 /* Debug */,
				CFB7BBB91A713BC100535476 /* Release */,
			);
			defaultConfigurationIsVisible = 0;
			defaultConfigurationName = Release;
		};
		CFB7BBBA1A713BC100535476 /* Build configuration list for PBXNativeTarget "Student" */ = {
			isa = XCConfigurationList;
			buildConfigurations = (
				CFB7BBBB1A713BC100535476 /* Debug */,
				CFB7BBBC1A713BC100535476 /* Release */,
			);
			defaultConfigurationIsVisible = 0;
			defaultConfigurationName = Release;
		};
		CFB7BBBD1A713BC100535476 /* Build configuration list for PBXNativeTarget "StudentTests" */ = {
			isa = XCConfigurationList;
			buildConfigurations = (
				CFB7BBBE1A713BC100535476 /* Debug */,
				CFB7BBBF1A713BC100535476 /* Release */,
			);
			defaultConfigurationIsVisible = 0;
			defaultConfigurationName = Release;
		};
/* End XCConfigurationList section */
	};
	rootObject = CFB7BB8F1A713BC000535476 /* Project object */;
}
