// !$*UTF8*$!
{
	archiveVersion = 1;
	classes = {
	};
	objectVersion = 46;
	objects = {

/* Begin PBXBuildFile section */
		CFB7BB9D1A713BC000535476 /* main.m in Sources */ = {isa = PBXBuildFile; fileRef = CFB7BB9C1A713BC000535476 /* main.m */; };
		CFB7BBA01A713BC000535476 /* AppDelegate.m in Sources */ = {isa = PBXBuildFile; fileRef = CFB7BB9F1A713BC000535476 /* AppDelegate.m */; };
		CFB7BBA31A713BC100535476 /* ViewController.m in Sources */ = {isa = PBXBuildFile; fileRef = CFB7BBA21A713BC100535476 /* ViewController.m */; };
		CFB7BBA81A713BC100535476 /* Images.xcassets in Resources */ = {isa = PBXBuildFile; fileRef = CFB7BBA71A713BC100535476 /* Images.xcassets */; };
		CFB7BBAB1A713BC100535476 /* LaunchScreen.xib in Resources */ = {isa = PBXBuildFile; fileRef = CFB7BBA91A713BC100535476 /* LaunchScreen.xib */; };
		CFB7BBB71A713BC100535476 /* StudentTests.m in Sources */ = {isa = PBXBuildFile; fileRef = CFB7BBB61A713BC100535476 /* StudentTests.m */; };
/* End PBXBuildFile section */

/* Begin PBXContainerItemProxy section */
		CFB7BBB11A713BC100535476 /* PBXContainerItemProxy */ = {
			isa = PBXContainerItemProxy;
			containerPortal = CFB7BB8F1A713BC000535476 /* Project object */;
			proxyType = 1;
			remoteGlobalIDString = CFB7BB961A713BC000535476;
			remoteInfo = Student;
		};
/* End PBXContainerItemProxy section */

/* Begin PBXFileReference section */
		CFB7BB971A713BC000535476 /* Student.app */ = {isa = PBXFileReference; explicitFileType = wrapper.application; includeInIndex = 0; path = Student.app; sourceTree = BUILT_PRODUCTS_DIR; };
		CFB7BB9B1A713BC000535476 /* Info.plist */ = {isa = PBXFileReference; lastKnownFileType = text.plist.xml; path = Info.plist; sourceTree = "<group>"; };
		CFB7BB9C1A713BC000535476 /* main.m */ = {isa = PBXFileReference; lastKnownFileType = sourcecode.c.objc; path = main.m; sourceTree = "<group>"; };
		CFB7BB9E1A713BC000535476 /* AppDelegate.h */ = {isa = PBXFileReference; lastKnownFileType = sourcecode.c.h; path = AppDelegate.h; sourceTree = "<group>"; };
		CFB7BB9F1A713BC000535476 /* AppDelegate.m */ = {isa = PBXFileReference; lastKnownFileType = sourcecode.c.objc; path = AppDelegate.m; sourceTree = "<group>"; };
		CFB7BBA11A713BC000535476 /* ViewController.h */ = {isa = PBXFileReference; lastKnownFileType = sourcecode.c.h; path = ViewController.h; sourceTree = "<group>"; };
		CFB7BBA21A713BC100535476 /* ViewController.m */ = {isa = PBXFileReference; lastKnownFileType = sourcecode.c.objc; path = ViewController.m; sourceTree = "<group>"; };
		CFB7BBA71A713BC100535476 /* Images.xcassets */ = {isa = PBXFileReference; lastKnownFileType = folder.assetcatalog; path = Images.xcassets; sourceTree = "<group>"; };
		CFB7BBAA1A713BC100535476 /* Base */ = {isa = PBXFileReference; lastKnownFileType = file.xib; name = Base; path = Base.lproj/LaunchScreen.xib; sourceTree = "<group>"; };
		CFB7BBB01A713BC100535476 /* StudentTests.xctest */ = {isa = PBXFileReference; explicitFileType = wrapper.cfbundle; includeInIndex = 0; path = StudentTests.xctest; sourceTree = BUILT_PRODUCTS_DIR; };
		CFB7BBB51A713BC100535476 /* Info.plist */ = {isa = PBXFileReference; lastKnownFileType = text.plist.xml; path = Info.plist; sourceTree = "<group>"; };
		CFB7BBB61A713BC100535476 /* StudentTests.m */ = {isa = PBXFileReference; lastKnownFileType = sourcecode.c.objc; path = StudentTests.m; sourceTree = "<group>"; };
/* End PBXFileReference section */

/* Begin PBXFrameworksBuildPhase section */
		CFB7BB941A713BC000535476 /* Frameworks */ = {
			isa = PBXFrameworksBuildPhase;
			buildActionMask = 2147483647;
			files = (
			);
			runOnlyForDeploymentPostprocessing = 0;
		};
		CFB7BBAD1A713BC100535476 /* Frameworks */ = {
			isa = PBXFrameworksBuildPhase;
			buildActionMask = 2147483647;
			files = (
			);
			runOnlyForDeploymentPostprocessing = 0;
		};
/* End PBXFrameworksBuildPhase section */

/* Begin PBXGroup section */
		CFB7BB8E1A713BC000535476 = {
			isa = PBXGroup;
			children = (
				CFB7BB991A713BC000535476 /* Student */,
				CFB7BBB31A713BC100535476 /* StudentTests */,
				CFB7BB981A713BC000535476 /* Products */,
			);
			sourceTree = "<group>";
		};
		CFB7BB981A713BC000535476 /* Products */ = {
			isa = PBXGroup;
			children = (
				CFB7BB971A713BC000535476 /* Student.app */,
				CFB7BBB01A713BC100535476 /* StudentTests.xctest */,
			);
			name = Products;
			sourceTree = "<group>";
		};
		CFB7BB991A713BC000535476 /* Student */ = {
			isa = PBXGroup;
			children = (
				CFB7BB9E1A713BC000535476 /* AppDelegate.h */,
				CFB7BB9F1A713BC000535476 /* AppDelegate.m */,
				CFB7BBA11A713BC000535476 /* ViewController.h */,
				CFB7BBA21A713BC100535476 /* ViewController.m */,
				CFB7BBA71A713BC100535476 /* Images.xcassets */,
				CFB7BBA91A713BC100535476 /* LaunchScreen.xib */,
				CFB7BB9A1A713BC000535476 /* Supporting Files */,
			);
			path = Student;
			sourceTree = "<group>";
		};
		CFB7BB9A1A713BC000535476 /* Supporting Files */ = {
			isa = PBXGroup;
			children = (
				CFB7BB9B1A713BC000535476 /* Info.plist */,
				CFB7BB9C1A713BC000535476 /* main.m */,
			);
			name = "Supporting Files";
			sourceTree = "<group>";
		};
		CFB7BBB31A713BC100535476 /* StudentTests */ = {
			isa = PBXGroup;
			children = (
				CFB7BBB61A713BC100535476 /* StudentTests.m */,
				CFB7BBB41A713BC100535476 /* Supporting Files */,
			);
			path = StudentTests;
			sourceTree = "<group>";
		};
		CFB7BBB41A713BC100535476 /* Supporting Files */ = {
			isa = PBXGroup;
			children = (
				CFB7BBB51A713BC100535476 /* Info.plist */,
			);
			name = "Supporting Files";
			sourceTree = "<group>";
		};
/* End PBXGroup section */

/* Begin PBXNativeTarget section */
		CFB7BB961A713BC000535476 /* Student */ = {
			isa = PBXNativeTarget;
			buildConfigurationList = CFB7BBBA1A713BC100535476 /* Build configuration list for PBXNativeTarget "Student" */;
			buildPhases = (
				CFB7BB931A713BC000535476 /* Sources */,
				CFB7BB941A713BC000535476 /* Frameworks */,
				CFB7BB951A713BC000535476 /* Resources */,
			);
			buildRules = (
			);
			dependencies = (
			);
			name = Student;
			productName = Student;
			productReference = CFB7BB971A713BC000535476 /* Student.app */;
			productType = "com.apple.product-type.application";
		};
		CFB7BBAF1A713BC100535476 /* StudentTests */ = {
			isa = PBXNativeTarget;
			buildConfigurationList = CFB7BBBD1A713BC100535476 /* Build configuration list for PBXNativeTarget "StudentTests" */;
			buildPhases = (
				CFB7BBAC1A713BC100535476 /* Sources */,
				CFB7BBAD1A713BC100535476 /* Frameworks */,
				CFB7BBAE1A713BC100535476 /* Resources */,
			);
			buildRules = (
			);
			dependencies = (
				CFB7BBB21A713BC100535476 /* PBXTargetDependency */,
			);
			name = StudentTests;
			productName = StudentTests;
			productReference = CFB7BBB01A713BC100535476 /* StudentTests.xctest */;
			productType = "com.apple.product-type.bundle.unit-test";
		};
/* End PBXNativeTarget section */

/* Begin PBXProject section */
		CFB7BB8F1A713BC000535476 /* Project object */ = {
			isa = PBXProject;
			attributes = {
				LastUpgradeCheck = 0610;
				ORGANIZATIONNAME = "韩亚周";
				TargetAttributes = {
					CFB7BB961A713BC000535476 = {
						CreatedOnToolsVersion = 6.1;
					};
					CFB7BBAF1A713BC100535476 = {
						CreatedOnToolsVersion = 6.1;
						TestTargetID = CFB7BB961A713BC000535476;
					};
				};
			};
			buildConfigurationList = CFB7BB921A713BC000535476 /* Build configuration list for PBXProject "Student" */;
			compatibilityVersion = "Xcode 3.2";
			developmentRegion = English;
			hasScannedForEncodings = 0;
			knownRegions = (
				en,
				Base,
			);
			mainGroup = CFB7BB8E1A713BC000535476;
			productRefGroup = CFB7BB981A713BC000535476 /* Products */;
			projectDirPath = "";
			projectRoot = "";
			targets = (
				CFB7BB961A713BC000535476 /* Student */,
				CFB7BBAF1A713BC100535476 /* StudentTests */,
			);
		};
/* End PBXProject section */

/* Begin PBXResourcesBuildPhase section */
		CFB7BB951A713BC000535476 /* Resources */ = {
			isa = PBXResourcesBuildPhase;
			buildActionMask = 2147483647;
			files = (
				CFB7BBAB1A713BC100535476 /* LaunchScreen.xib in Resources */,
				CFB7BBA81A713BC100535476 /* Images.xcassets in Resources */,
			);
			runOnlyForDeploymentPostprocessing = 0;
		};
		CFB7BBAE1A713BC100535476 /* Resources */ = {
			isa = PBXResourcesBuildPhase;
			buildActionMask = 2147483647;
			files = (
			);
			runOnlyForDeploymentPostprocessing = 0;
		};
/* End PBXResourcesBuildPhase section */

/* Begin PBXSourcesBuildPhase section */
		CFB7BB931A713BC000535476 /* Sources */ = {
			isa = PBXSourcesBuildPhase;
			buildActionMask = 2147483647;
			files = (
				CFB7BBA31A713BC100535476 /* ViewController.m in Sources */,
				CFB7BBA01A713BC000535476 /* AppDelegate.m in Sources */,
				CFB7BB9D1A713BC000535476 /* main.m in Sources */,
			);
			runOnlyForDeploymentPostprocessing = 0;
		};
		CFB7BBAC1A713BC100535476 /* Sources */ = {
			isa = PBXSourcesBuildPhase;
			buildActionMask = 2147483647;
			files = (
				CFB7BBB71A713BC100535476 /* StudentTests.m in Sources */,
			);
			runOnlyForDeploymentPostprocessing = 0;
		};
/* End PBXSourcesBuildPhase section */

/* Begin PBXTargetDependency section */
		CFB7BBB21A713BC100535476 /* PBXTargetDependency */ = {
			isa = PBXTargetDependency;
			target = CFB7BB961A713BC000535476 /* Student */;
			targetProxy = CFB7BBB11A713BC100535476 /* PBXContainerItemProxy */;
		};
/* End PBXTargetDependency section */

/* Begin PBXVariantGroup section */
		CFB7BBA91A713BC100535476 /* LaunchScreen.xib */ = {
			isa = PBXVariantGroup;
			children = (
				CFB7BBAA1A713BC100535476 /* Base */,
			);
			name = LaunchScreen.xib;
			sourceTree = "<group>";
		};
/* End PBXVariantGroup section */

/* Begin XCBuildConfiguration section */
		CFB7BBB81A713BC100535476 /* Debug */ = {
			isa = XCBuildConfiguration;
			buildSettings = {
				ALWAYS_SEARCH_USER_PATHS = NO;
				CLANG_CXX_LANGUAGE_STANDARD = "gnu++0x";
				CLANG_CXX_LIBRARY = "libc++";
				CLANG_ENABLE_MODULES = YES;
				CLANG_ENABLE_OBJC_ARC = YES;
				CLANG_WARN_BOOL_CONVERSION = YES;
				CLANG_WARN_CONSTANT_CONVERSION = YES;
				CLANG_WARN_DIRECT_OBJC_ISA_USAGE = YES_ERROR;
				CLANG_WARN_EMPTY_BODY = YES;
				CLANG_WARN_ENUM_CONVERSION = YES;
				CLANG_WARN_INT_CONVERSION = YES;
				CLANG_WARN_OBJC_ROOT_CLASS = YES_ERROR;
				CLANG_WARN_UNREACHABLE_CODE = YES;
				CLANG_WARN__DUPLICATE_METHOD_MATCH = YES;
				"CODE_SIGN_IDENTITY[sdk=iphoneos*]" = "iPhone Developer";
				COPY_PHASE_STRIP = NO;
				ENABLE_STRICT_OBJC_MSGSEND = YES;
				GCC_C_LANGUAGE_STANDARD = gnu99;
				GCC_DYNAMIC_NO_PIC = NO;
				GCC_OPTIMIZATION_LEVEL = 0;
				GCC_PREPROCESSOR_DEFINITIONS = (
					"DEBUG=1",
					"$(inherited)",
				);
				GCC_SYMBOLS_PRIVATE_EXTERN = NO;
				GCC_WARN_64_TO_32_BIT_CONVERSION = YES;
				GCC_WARN_ABOUT_RETURN_TYPE = YES_ERROR;
				GCC_WARN_UNDECLARED_SELECTOR = YES;
				GCC_WARN_UNINITIALIZED_AUTOS = YES_AGGRESSIVE;
				GCC_WARN_UNUSED_FUNCTION = YES;
				GCC_WARN_UNUSED_VARIABLE = YES;
				IPHONEOS_DEPLOYMENT_TARGET = 8.1;
				MTL_ENABLE_DEBUG_INFO = YES;
				ONLY_ACTIVE_ARCH = YES;
				SDKROOT = iphoneos;
			};
			name = Debug;
		};
		CFB7BBB91A713BC100535476 /* Release */ = {
			isa = XCBuildConfiguration;
			buildSettings = {
				ALWAYS_SEARCH_USER_PATHS = NO;
				CLANG_CXX_LANGUAGE_STANDARD = "gnu++0x";
				CLANG_CXX_LIBRARY = "libc++";
				CLANG_ENABLE_MODULES = YES;
				CLANG_ENABLE_OBJC_ARC = YES;
				CLANG_WARN_BOOL_CONVERSION = YES;
				CLANG_WARN_CONSTANT_CONVERSION = YES;
				CLANG_WARN_DIRECT_OBJC_ISA_USAGE = YES_ERROR;
				CLANG_WARN_EMPTY_BODY = YES;
				CLANG_WARN_ENUM_CONVERSION = YES;
				CLANG_WARN_INT_CONVERSION = YES;
				CLANG_WARN_OBJC_ROOT_CLASS = YES_ERROR;
				CLANG_WARN_UNREACHABLE_CODE = YES;
				CLANG_WARN__DUPLICATE_METHOD_MATCH = YES;
				"CODE_SIGN_IDENTITY[sdk=iphoneos*]" = "iPhone Developer";
				COPY_PHASE_STRIP = YES;
				ENABLE_NS_ASSERTIONS = NO;
				ENABLE_STRICT_OBJC_MSGSEND = YES;
				GCC_C_LANGUAGE_STANDARD = gnu99;
				GCC_WARN_64_TO_32_BIT_CONVERSION = YES;
				GCC_WARN_ABOUT_RETURN_TYPE = YES_ERROR;
				GCC_WARN_UNDECLARED_SELECTOR = YES;
				GCC_WARN_UNINITIALIZED_AUTOS = YES_AGGRESSIVE;
				GCC_WARN_UNUSED_FUNCTION = YES;
				GCC_WARN_UNUSED_VARIABLE = YES;
				IPHONEOS_DEPLOYMENT_TARGET = 8.1;
				MTL_ENABLE_DEBUG_INFO = NO;
				SDKROOT = iphoneos;
				VALIDATE_PRODUCT = YES;
			};
			name = Release;
		};
		CFB7BBBB1A713BC100535476 /* Debug */ = {
			isa = XCBuildConfiguration;
			buildSettings = {
				ASSETCATALOG_COMPILER_APPICON_NAME = AppIcon;
				INFOPLIST_FILE = Student/Info.plist;
				IPHONEOS_DEPLOYMENT_TARGET = 7.0;
				LD_RUNPATH_SEARCH_PATHS = "$(inherited) @executable_path/Frameworks";
				PRODUCT_NAME = "$(TARGET_NAME)";
			};
			name = Debug;
		};
		CFB7BBBC1A713BC100535476 /* Release */ = {
			isa = XCBuildConfiguration;
			buildSettings = {
				ASSETCATALOG_COMPILER_APPICON_NAME = AppIcon;
				INFOPLIST_FILE = Student/Info.plist;
				IPHONEOS_DEPLOYMENT_TARGET = 7.0;
				LD_RUNPATH_SEARCH_PATHS = "$(inherited) @executable_path/Frameworks";
				PRODUCT_NAME = "$(TARGET_NAME)";
			};
			name = Release;
		};
		CFB7BBBE1A713BC100535476 /* Debug */ = {
			isa = XCBuildConfiguration;
			buildSettings = {
				BUNDLE_LOADER = "$(TEST_HOST)";
				FRAMEWORK_SEARCH_PATHS = (
					"$(SDKROOT)/Developer/Library/Frameworks",
					"$(inherited)",
				);
				GCC_PREPROCESSOR_DEFINITIONS = (
					"DEBUG=1",
					"$(inherited)",
				);
				INFOPLIST_FILE = StudentTests/Info.plist;
				LD_RUNPATH_SEARCH_PATHS = "$(inherited) @executable_path/Frameworks @loader_path/Frameworks";
				PRODUCT_NAME = "$(TARGET_NAME)";
				TEST_HOST = "$(BUILT_PRODUCTS_DIR)/Student.app/Student";
			};
			name = Debug;
		};
		CFB7BBBF1A713BC100535476 /* Release */ = {
			isa = XCBuildConfiguration;
			buildSettings = {
				BUNDLE_LOADER = "$(TEST_HOST)";
				FRAMEWORK_SEARCH_PATHS = (
					"$(SDKROOT)/Developer/Library/Frameworks",
					"$(inherited)",
				);
				INFOPLIST_FILE = StudentTests/Info.plist;
				LD_RUNPATH_SEARCH_PATHS = "$(inherited) @executable_path/Frameworks @loader_path/Frameworks";
				PRODUCT_NAME = "$(TARGET_NAME)";
				TEST_HOST = "$(BUILT_PRODUCTS_DIR)/Student.app/Student";
			};
			name = Release;
		};
/* End XCBuildConfiguration section */

/* Begin XCConfigurationList section */
		CFB7BB921A713BC000535476 /* Build configuration list for PBXProject "Student" */ = {
			isa = XCConfigurationList;
			buildConfigurations = (
				CFB7BBB81A713BC100535476 /* Debug */,
				CFB7BBB91A713BC100535476 /* Release */,
			);
			defaultConfigurationIsVisible = 0;
			defaultConfigurationName = Release;
		};
		CFB7BBBA1A713BC100535476 /* Build configuration list for PBXNativeTarget "Student" */ = {
			isa = XCConfigurationList;
			buildConfigurations = (
				CFB7BBBB1A713BC100535476 /* Debug */,
				CFB7BBBC1A713BC100535476 /* Release */,
			);
			defaultConfigurationIsVisible = 0;
			defaultConfigurationName = Release;
		};
		CFB7BBBD1A713BC100535476 /* Build configuration list for PBXNativeTarget "StudentTests" */ = {
			isa = XCConfigurationList;
			buildConfigurations = (
				CFB7BBBE1A713BC100535476 /* Debug */,
				CFB7BBBF1A713BC100535476 /* Release */,
			);
			defaultConfigurationIsVisible = 0;
			defaultConfigurationName = Release;
		};
/* End XCConfigurationList section */
	};
	rootObject = CFB7BB8F1A713BC000535476 /* Project object */;
}
